
Microsoft Visual Studio Solution File, Format Version 12.00
# Visual Studio Version 18
VisualStudioVersion = 18.2.11415.280
MinimumVisualStudioVersion = 10.0.40219.1
Project("{2150E333-8FDC-42A3-9474-1A3956D46DE8}") = "Foundation Projects", "Foundation Projects", "{588B8AE4-0A65-4ADD-A0F1-5F608420F380}"
EndProject
Project("{9A19103F-16F7-4668-BE54-9A1E7A4F7556}") = "FoundationCommon", "FoundationCommon\FoundationCommon.csproj", "{794E82EF-349A-4D77-898B-F493DAD8B6CD}"
EndProject
Project("{9A19103F-16F7-4668-BE54-9A1E7A4F7556}") = "Foundation", "FoundationCore\Foundation.csproj", "{1592CF3C-8C3C-43E5-AD1C-323E11FCEBE7}"
EndProject
Project("{2150E333-8FDC-42A3-9474-1A3956D46DE8}") = "Database Generators", "Database Generators", "{34736B3C-2F68-4D5B-A861-CB7841CC2D33}"
EndProject
Project("{9A19103F-16F7-4668-BE54-9A1E7A4F7556}") = "SecurityDatabaseGenerator", "DatabaseGenerators\SecurityDatabaseGenerator\SecurityDatabaseGenerator.csproj", "{A2E42FBD-E194-43C8-943B-83A451F79A74}"
EndProject
Project("{9A19103F-16F7-4668-BE54-9A1E7A4F7556}") = "AuditorDatabaseGenerator", "DatabaseGenerators\AuditorDatabaseGenerator\AuditorDatabaseGenerator.csproj", "{9FB5B09F-CCD7-4100-9281-72019A436F4C}"
EndProject
Project("{2150E333-8FDC-42A3-9474-1A3956D46DE8}") = "Solution Items", "Solution Items", "{280130EB-A24A-47F9-9AC6-24D7AB4A8382}"
	ProjectSection(SolutionItems) = preProject
		.editorconfig = .editorconfig
	EndProjectSection
EndProject
Project("{9A19103F-16F7-4668-BE54-9A1E7A4F7556}") = "CodeGenerationCommon", "CodeGenerationCommon\CodeGenerationCommon.csproj", "{2B3FD36D-7018-4C0E-86B8-9B1A0E2FDEAB}"
EndProject
Project("{2150E333-8FDC-42A3-9474-1A3956D46DE8}") = "Code Generation", "Code Generation", "{FD4178C7-EF21-4AB7-88C0-FA056CA736A1}"
EndProject
Project("{9A19103F-16F7-4668-BE54-9A1E7A4F7556}") = "CodeGenerationCore", "CodeGenerationCore\CodeGenerationCore.csproj", "{C9200A82-18C6-45BC-833A-4C11F211C7D5}"
EndProject
Project("{9A19103F-16F7-4668-BE54-9A1E7A4F7556}") = "HangFireDatabaseGenerator", "DatabaseGenerators\HangFireDatabaseGenerator\HangFireDatabaseGenerator.csproj", "{9CE430A9-546C-414A-8F32-2C3DB859A20C}"
EndProject
Project("{FAE04EC0-301F-11D3-BF4B-00C04F79EFBC}") = "Foundation.Web", "FoundationCore.Web\Foundation.Web.csproj", "{1BE9055D-C4D7-470E-BA58-34CF94A81CB2}"
EndProject
Project("{2150E333-8FDC-42A3-9474-1A3956D46DE8}") = "Libraries", "Libraries", "{2A337194-9B49-45D1-AF1E-3EE7E96E3DDB}"
	ProjectSection(SolutionItems) = preProject
		DatabaseGenerators\TelemetryDatabaseGenerator\TelemetryDatabaseGenerator.cs = DatabaseGenerators\TelemetryDatabaseGenerator\TelemetryDatabaseGenerator.cs
	EndProjectSection
EndProject
Project("{2150E333-8FDC-42A3-9474-1A3956D46DE8}") = "Admin", "Admin", "{46CC22F7-E000-498C-AABE-DD80911BCAB5}"
EndProject
Project("{54A90642-561A-4BB1-A94E-469ADEE60C69}") = "Foundation.Client", "Foundation\Foundation.Client\Foundation.Client.esproj", "{489C606B-81BD-CEEC-579B-839FEFB45559}"
EndProject
Project("{FAE04EC0-301F-11D3-BF4B-00C04F79EFBC}") = "Foundation.Server", "Foundation\Foundation.Server\Foundation.Server.csproj", "{6024D085-B019-FE82-84CE-4118B8032038}"
EndProject
Project("{FAE04EC0-301F-11D3-BF4B-00C04F79EFBC}") = "FoundationTools", "FoundationCoreTools\FoundationTools.csproj", "{31A25911-ED7D-C151-5A06-DA374935BCEA}"
EndProject
Project("{2150E333-8FDC-42A3-9474-1A3956D46DE8}") = "Scheduler Projects", "Scheduler Projects", "{EB29D575-8E81-4EFA-815A-0EF90A290E4A}"
EndProject
Project("{FAE04EC0-301F-11D3-BF4B-00C04F79EFBC}") = "SchedulerDatabaseGenerator", "SchedulerDatabaseGenerator\SchedulerDatabaseGenerator.csproj", "{DB91A499-933A-5733-84F8-D7FCF2B3E94B}"
EndProject
Project("{FAE04EC0-301F-11D3-BF4B-00C04F79EFBC}") = "SchedulerTools", "SchedulerTools\SchedulerTools.csproj", "{14BAE193-665F-8974-18B9-9670E04BE371}"
EndProject
Project("{FAE04EC0-301F-11D3-BF4B-00C04F79EFBC}") = "SchedulerDatabase", "SchedulerDatabase\SchedulerDatabase.csproj", "{9A7D5E03-EC39-CA4A-7EAC-8306350A5871}"
EndProject
Project("{FAE04EC0-301F-11D3-BF4B-00C04F79EFBC}") = "Scheduler.Server", "Scheduler\Scheduler.Server\Scheduler.Server.csproj", "{11023117-A037-FD4F-2819-1BEC9A8BCDA3}"
EndProject
Project("{54A90642-561A-4BB1-A94E-469ADEE60C69}") = "Scheduler.Client", "Scheduler\Scheduler.Client\Scheduler.Client.esproj", "{36FB74FE-D204-2083-BD77-99B922ACF033}"
EndProject
Project("{FAE04EC0-301F-11D3-BF4B-00C04F79EFBC}") = "SchedulerServices", "SchedulerServices\SchedulerServices.csproj", "{2B0F6017-F070-4C86-9640-DAD5D346E91E}"
EndProject
Project("{FAE04EC0-301F-11D3-BF4B-00C04F79EFBC}") = "Scheduler.Worker", "Scheduler.Worker\Scheduler.Worker.csproj", "{63510401-E957-49E5-A8E9-927DCBD7F5CE}"
EndProject
Project("{FAE04EC0-301F-11D3-BF4B-00C04F79EFBC}") = "TelemetryDatabaseGenerator", "DatabaseGenerators\TelemetryDatabaseGenerator\TelemetryDatabaseGenerator.csproj", "{13AADC88-4397-A29F-8B14-03DEC0AFB1C6}"
EndProject
Project("{FAE04EC0-301F-11D3-BF4B-00C04F79EFBC}") = "Foundation.Telemetry", "Foundation.Telemetry\Foundation.Telemetry.csproj", "{57A8B5A6-B0FD-479F-AC1D-4AE2B60E27E7}"
EndProject
Project("{2150E333-8FDC-42A3-9474-1A3956D46DE8}") = "Alerting", "Alerting", "{5B067DEB-1FDE-4A3C-B19D-74F40DCBCB8B}"
EndProject
Project("{FAE04EC0-301F-11D3-BF4B-00C04F79EFBC}") = "AlertingDatabase", "AlertingDatabase\AlertingDatabase.csproj", "{5047B084-5D38-04E4-E59E-DA396FC2FEC9}"
EndProject
Project("{FAE04EC0-301F-11D3-BF4B-00C04F79EFBC}") = "AlertingTools", "AlertingTools\AlertingTools.csproj", "{43029305-0F11-2887-86F1-9402BC5EF6A6}"
EndProject
Project("{FAE04EC0-301F-11D3-BF4B-00C04F79EFBC}") = "AlertingDatabaseGenerator", "DatabaseGenerators\AlertingDatabaseGenerator\AlertingDatabaseGenerator.csproj", "{3EAC4D90-7924-0DB8-D9E5-A4915D30E0E1}"
EndProject
Project("{FAE04EC0-301F-11D3-BF4B-00C04F79EFBC}") = "Alerting.Server", "Alerting\Alerting.Server\Alerting.Server.csproj", "{E6E4111B-E2FB-DDCB-FC40-92721D7E6960}"
EndProject
Project("{54A90642-561A-4BB1-A94E-469ADEE60C69}") = "Alerting.Client", "Alerting\Alerting.Client\Alerting.Client.esproj", "{2AB7DCBD-EA59-877A-74D6-7D889305C259}"
EndProject
Project("{FAE04EC0-301F-11D3-BF4B-00C04F79EFBC}") = "BmcDatabaseGenerator", "BmcDatabaseGenerator\BmcDatabaseGenerator.csproj", "{9202B7DB-0CFF-48BB-9596-380B9AD1DD2F}"
EndProject
Project("{2150E333-8FDC-42A3-9474-1A3956D46DE8}") = "BMC Projects", "BMC Projects", "{DE252BAE-87B4-BA70-9EE8-0F878DF1CFFE}"
EndProject
Project("{FAE04EC0-301F-11D3-BF4B-00C04F79EFBC}") = "BmcDatabase", "BmcDatabase\BmcDatabase.csproj", "{D05B70DE-2530-4A2E-8F83-ACEF7241517F}"
EndProject
Project("{FAE04EC0-301F-11D3-BF4B-00C04F79EFBC}") = "BmcTools", "BmcTools\BmcTools.csproj", "{005E2CA9-82FA-4A90-A2CE-A5220ADD78F1}"
EndProject
Project("{FAE04EC0-301F-11D3-BF4B-00C04F79EFBC}") = "BMC.Physics", "BMC.Physics\BMC.Physics.csproj", "{F3701B87-2B91-48FA-A1E5-0208267781A1}"
EndProject
Project("{FAE04EC0-301F-11D3-BF4B-00C04F79EFBC}") = "BMC.Server", "BMC\BMC.Server\BMC.Server.csproj", "{E711279C-1BA5-497C-95F4-55957AC180F3}"
EndProject
Project("{54A90642-561A-4BB1-A94E-469ADEE60C69}") = "BMC.Client", "BMC\BMC.Client\BMC.Client.esproj", "{618412D7-9F8F-4F39-80CD-DC0107FBF31C}"
EndProject
Project("{FAE04EC0-301F-11D3-BF4B-00C04F79EFBC}") = "BMC.LDraw", "BMC.LDraw\BMC.LDraw.csproj", "{DE12C069-26CA-4367-BF5D-9C5DDD899C42}"
EndProject
Project("{FAE04EC0-301F-11D3-BF4B-00C04F79EFBC}") = "BMC.LDraw.Import", "BMC.LDraw.Import\BMC.LDraw.Import.csproj", "{C730C25C-055D-4699-AE89-79A7896B3431}"
EndProject
Project("{FAE04EC0-301F-11D3-BF4B-00C04F79EFBC}") = "BMC.Rebrickable.Import", "BMC.Rebrickable.Import\BMC.Rebrickable.Import.csproj", "{988A40FB-E221-4A46-B259-76D8144AD833}"
EndProject
Project("{2150E333-8FDC-42A3-9474-1A3956D46DE8}") = "VolunteerHub", "VolunteerHub", "{0A19924D-C216-53F2-1AB4-036A9BE387AD}"
EndProject
Project("{54A90642-561A-4BB1-A94E-469ADEE60C69}") = "VolunteerHub.Client", "VolunteerHub\VolunteerHub.Client\VolunteerHub.Client.esproj", "{7A98C2D0-7720-43CA-AAAC-325683DD387F}"
EndProject
Global
	GlobalSection(SolutionConfigurationPlatforms) = preSolution
		Debug|Any CPU = Debug|Any CPU
		Debug|x64 = Debug|x64
		Debug|x86 = Debug|x86
		Release|Any CPU = Release|Any CPU
		Release|x64 = Release|x64
		Release|x86 = Release|x86
	EndGlobalSection
	GlobalSection(ProjectConfigurationPlatforms) = postSolution
		{794E82EF-349A-4D77-898B-F493DAD8B6CD}.Debug|Any CPU.ActiveCfg = Debug|Any CPU
		{794E82EF-349A-4D77-898B-F493DAD8B6CD}.Debug|Any CPU.Build.0 = Debug|Any CPU
		{794E82EF-349A-4D77-898B-F493DAD8B6CD}.Debug|x64.ActiveCfg = Debug|Any CPU
		{794E82EF-349A-4D77-898B-F493DAD8B6CD}.Debug|x64.Build.0 = Debug|Any CPU
		{794E82EF-349A-4D77-898B-F493DAD8B6CD}.Debug|x86.ActiveCfg = Debug|Any CPU
		{794E82EF-349A-4D77-898B-F493DAD8B6CD}.Debug|x86.Build.0 = Debug|Any CPU
		{794E82EF-349A-4D77-898B-F493DAD8B6CD}.Release|Any CPU.ActiveCfg = Release|Any CPU
		{794E82EF-349A-4D77-898B-F493DAD8B6CD}.Release|Any CPU.Build.0 = Release|Any CPU
		{794E82EF-349A-4D77-898B-F493DAD8B6CD}.Release|x64.ActiveCfg = Release|Any CPU
		{794E82EF-349A-4D77-898B-F493DAD8B6CD}.Release|x64.Build.0 = Release|Any CPU
		{794E82EF-349A-4D77-898B-F493DAD8B6CD}.Release|x86.ActiveCfg = Release|Any CPU
		{794E82EF-349A-4D77-898B-F493DAD8B6CD}.Release|x86.Build.0 = Release|Any CPU
		{1592CF3C-8C3C-43E5-AD1C-323E11FCEBE7}.Debug|Any CPU.ActiveCfg = Debug|Any CPU
		{1592CF3C-8C3C-43E5-AD1C-323E11FCEBE7}.Debug|Any CPU.Build.0 = Debug|Any CPU
		{1592CF3C-8C3C-43E5-AD1C-323E11FCEBE7}.Debug|x64.ActiveCfg = Debug|Any CPU
		{1592CF3C-8C3C-43E5-AD1C-323E11FCEBE7}.Debug|x64.Build.0 = Debug|Any CPU
		{1592CF3C-8C3C-43E5-AD1C-323E11FCEBE7}.Debug|x86.ActiveCfg = Debug|Any CPU
		{1592CF3C-8C3C-43E5-AD1C-323E11FCEBE7}.Debug|x86.Build.0 = Debug|Any CPU
		{1592CF3C-8C3C-43E5-AD1C-323E11FCEBE7}.Release|Any CPU.ActiveCfg = Release|Any CPU
		{1592CF3C-8C3C-43E5-AD1C-323E11FCEBE7}.Release|Any CPU.Build.0 = Release|Any CPU
		{1592CF3C-8C3C-43E5-AD1C-323E11FCEBE7}.Release|x64.ActiveCfg = Release|Any CPU
		{1592CF3C-8C3C-43E5-AD1C-323E11FCEBE7}.Release|x64.Build.0 = Release|Any CPU
		{1592CF3C-8C3C-43E5-AD1C-323E11FCEBE7}.Release|x86.ActiveCfg = Release|Any CPU
		{1592CF3C-8C3C-43E5-AD1C-323E11FCEBE7}.Release|x86.Build.0 = Release|Any CPU
		{A2E42FBD-E194-43C8-943B-83A451F79A74}.Debug|Any CPU.ActiveCfg = Debug|Any CPU
		{A2E42FBD-E194-43C8-943B-83A451F79A74}.Debug|Any CPU.Build.0 = Debug|Any CPU
		{A2E42FBD-E194-43C8-943B-83A451F79A74}.Debug|x64.ActiveCfg = Debug|Any CPU
		{A2E42FBD-E194-43C8-943B-83A451F79A74}.Debug|x64.Build.0 = Debug|Any CPU
		{A2E42FBD-E194-43C8-943B-83A451F79A74}.Debug|x86.ActiveCfg = Debug|Any CPU
		{A2E42FBD-E194-43C8-943B-83A451F79A74}.Debug|x86.Build.0 = Debug|Any CPU
		{A2E42FBD-E194-43C8-943B-83A451F79A74}.Release|Any CPU.ActiveCfg = Release|Any CPU
		{A2E42FBD-E194-43C8-943B-83A451F79A74}.Release|Any CPU.Build.0 = Release|Any CPU
		{A2E42FBD-E194-43C8-943B-83A451F79A74}.Release|x64.ActiveCfg = Release|Any CPU
		{A2E42FBD-E194-43C8-943B-83A451F79A74}.Release|x64.Build.0 = Release|Any CPU
		{A2E42FBD-E194-43C8-943B-83A451F79A74}.Release|x86.ActiveCfg = Release|Any CPU
		{A2E42FBD-E194-43C8-943B-83A451F79A74}.Release|x86.Build.0 = Release|Any CPU
		{9FB5B09F-CCD7-4100-9281-72019A436F4C}.Debug|Any CPU.ActiveCfg = Debug|Any CPU
		{9FB5B09F-CCD7-4100-9281-72019A436F4C}.Debug|Any CPU.Build.0 = Debug|Any CPU
		{9FB5B09F-CCD7-4100-9281-72019A436F4C}.Debug|x64.ActiveCfg = Debug|Any CPU
		{9FB5B09F-CCD7-4100-9281-72019A436F4C}.Debug|x64.Build.0 = Debug|Any CPU
		{9FB5B09F-CCD7-4100-9281-72019A436F4C}.Debug|x86.ActiveCfg = Debug|Any CPU
		{9FB5B09F-CCD7-4100-9281-72019A436F4C}.Debug|x86.Build.0 = Debug|Any CPU
		{9FB5B09F-CCD7-4100-9281-72019A436F4C}.Release|Any CPU.ActiveCfg = Release|Any CPU
		{9FB5B09F-CCD7-4100-9281-72019A436F4C}.Release|Any CPU.Build.0 = Release|Any CPU
		{9FB5B09F-CCD7-4100-9281-72019A436F4C}.Release|x64.ActiveCfg = Release|Any CPU
		{9FB5B09F-CCD7-4100-9281-72019A436F4C}.Release|x64.Build.0 = Release|Any CPU
		{9FB5B09F-CCD7-4100-9281-72019A436F4C}.Release|x86.ActiveCfg = Release|Any CPU
		{9FB5B09F-CCD7-4100-9281-72019A436F4C}.Release|x86.Build.0 = Release|Any CPU
		{2B3FD36D-7018-4C0E-86B8-9B1A0E2FDEAB}.Debug|Any CPU.ActiveCfg = Debug|Any CPU
		{2B3FD36D-7018-4C0E-86B8-9B1A0E2FDEAB}.Debug|Any CPU.Build.0 = Debug|Any CPU
		{2B3FD36D-7018-4C0E-86B8-9B1A0E2FDEAB}.Debug|x64.ActiveCfg = Debug|Any CPU
		{2B3FD36D-7018-4C0E-86B8-9B1A0E2FDEAB}.Debug|x64.Build.0 = Debug|Any CPU
		{2B3FD36D-7018-4C0E-86B8-9B1A0E2FDEAB}.Debug|x86.ActiveCfg = Debug|Any CPU
		{2B3FD36D-7018-4C0E-86B8-9B1A0E2FDEAB}.Debug|x86.Build.0 = Debug|Any CPU
		{2B3FD36D-7018-4C0E-86B8-9B1A0E2FDEAB}.Release|Any CPU.ActiveCfg = Release|Any CPU
		{2B3FD36D-7018-4C0E-86B8-9B1A0E2FDEAB}.Release|Any CPU.Build.0 = Release|Any CPU
		{2B3FD36D-7018-4C0E-86B8-9B1A0E2FDEAB}.Release|x64.ActiveCfg = Release|Any CPU
		{2B3FD36D-7018-4C0E-86B8-9B1A0E2FDEAB}.Release|x64.Build.0 = Release|Any CPU
		{2B3FD36D-7018-4C0E-86B8-9B1A0E2FDEAB}.Release|x86.ActiveCfg = Release|Any CPU
		{2B3FD36D-7018-4C0E-86B8-9B1A0E2FDEAB}.Release|x86.Build.0 = Release|Any CPU
		{C9200A82-18C6-45BC-833A-4C11F211C7D5}.Debug|Any CPU.ActiveCfg = Debug|Any CPU
		{C9200A82-18C6-45BC-833A-4C11F211C7D5}.Debug|Any CPU.Build.0 = Debug|Any CPU
		{C9200A82-18C6-45BC-833A-4C11F211C7D5}.Debug|x64.ActiveCfg = Debug|Any CPU
		{C9200A82-18C6-45BC-833A-4C11F211C7D5}.Debug|x64.Build.0 = Debug|Any CPU
		{C9200A82-18C6-45BC-833A-4C11F211C7D5}.Debug|x86.ActiveCfg = Debug|Any CPU
		{C9200A82-18C6-45BC-833A-4C11F211C7D5}.Debug|x86.Build.0 = Debug|Any CPU
		{C9200A82-18C6-45BC-833A-4C11F211C7D5}.Release|Any CPU.ActiveCfg = Release|Any CPU
		{C9200A82-18C6-45BC-833A-4C11F211C7D5}.Release|Any CPU.Build.0 = Release|Any CPU
		{C9200A82-18C6-45BC-833A-4C11F211C7D5}.Release|x64.ActiveCfg = Release|Any CPU
		{C9200A82-18C6-45BC-833A-4C11F211C7D5}.Release|x64.Build.0 = Release|Any CPU
		{C9200A82-18C6-45BC-833A-4C11F211C7D5}.Release|x86.ActiveCfg = Release|Any CPU
		{C9200A82-18C6-45BC-833A-4C11F211C7D5}.Release|x86.Build.0 = Release|Any CPU
		{9CE430A9-546C-414A-8F32-2C3DB859A20C}.Debug|Any CPU.ActiveCfg = Debug|Any CPU
		{9CE430A9-546C-414A-8F32-2C3DB859A20C}.Debug|Any CPU.Build.0 = Debug|Any CPU
		{9CE430A9-546C-414A-8F32-2C3DB859A20C}.Debug|x64.ActiveCfg = Debug|Any CPU
		{9CE430A9-546C-414A-8F32-2C3DB859A20C}.Debug|x64.Build.0 = Debug|Any CPU
		{9CE430A9-546C-414A-8F32-2C3DB859A20C}.Debug|x86.ActiveCfg = Debug|Any CPU
		{9CE430A9-546C-414A-8F32-2C3DB859A20C}.Debug|x86.Build.0 = Debug|Any CPU
		{9CE430A9-546C-414A-8F32-2C3DB859A20C}.Release|Any CPU.ActiveCfg = Release|Any CPU
		{9CE430A9-546C-414A-8F32-2C3DB859A20C}.Release|Any CPU.Build.0 = Release|Any CPU
		{9CE430A9-546C-414A-8F32-2C3DB859A20C}.Release|x64.ActiveCfg = Release|Any CPU
		{9CE430A9-546C-414A-8F32-2C3DB859A20C}.Release|x64.Build.0 = Release|Any CPU
		{9CE430A9-546C-414A-8F32-2C3DB859A20C}.Release|x86.ActiveCfg = Release|Any CPU
		{9CE430A9-546C-414A-8F32-2C3DB859A20C}.Release|x86.Build.0 = Release|Any CPU
		{1BE9055D-C4D7-470E-BA58-34CF94A81CB2}.Debug|Any CPU.ActiveCfg = Debug|Any CPU
		{1BE9055D-C4D7-470E-BA58-34CF94A81CB2}.Debug|Any CPU.Build.0 = Debug|Any CPU
		{1BE9055D-C4D7-470E-BA58-34CF94A81CB2}.Debug|x64.ActiveCfg = Debug|Any CPU
		{1BE9055D-C4D7-470E-BA58-34CF94A81CB2}.Debug|x64.Build.0 = Debug|Any CPU
		{1BE9055D-C4D7-470E-BA58-34CF94A81CB2}.Debug|x86.ActiveCfg = Debug|Any CPU
		{1BE9055D-C4D7-470E-BA58-34CF94A81CB2}.Debug|x86.Build.0 = Debug|Any CPU
		{1BE9055D-C4D7-470E-BA58-34CF94A81CB2}.Release|Any CPU.ActiveCfg = Release|Any CPU
		{1BE9055D-C4D7-470E-BA58-34CF94A81CB2}.Release|Any CPU.Build.0 = Release|Any CPU
		{1BE9055D-C4D7-470E-BA58-34CF94A81CB2}.Release|x64.ActiveCfg = Release|Any CPU
		{1BE9055D-C4D7-470E-BA58-34CF94A81CB2}.Release|x64.Build.0 = Release|Any CPU
		{1BE9055D-C4D7-470E-BA58-34CF94A81CB2}.Release|x86.ActiveCfg = Release|Any CPU
		{1BE9055D-C4D7-470E-BA58-34CF94A81CB2}.Release|x86.Build.0 = Release|Any CPU
		{489C606B-81BD-CEEC-579B-839FEFB45559}.Debug|Any CPU.ActiveCfg = Debug|Any CPU
		{489C606B-81BD-CEEC-579B-839FEFB45559}.Debug|Any CPU.Build.0 = Debug|Any CPU
		{489C606B-81BD-CEEC-579B-839FEFB45559}.Debug|Any CPU.Deploy.0 = Debug|Any CPU
		{489C606B-81BD-CEEC-579B-839FEFB45559}.Debug|x64.ActiveCfg = Debug|Any CPU
		{489C606B-81BD-CEEC-579B-839FEFB45559}.Debug|x64.Build.0 = Debug|Any CPU
		{489C606B-81BD-CEEC-579B-839FEFB45559}.Debug|x64.Deploy.0 = Debug|Any CPU
		{489C606B-81BD-CEEC-579B-839FEFB45559}.Debug|x86.ActiveCfg = Debug|Any CPU
		{489C606B-81BD-CEEC-579B-839FEFB45559}.Debug|x86.Build.0 = Debug|Any CPU
		{489C606B-81BD-CEEC-579B-839FEFB45559}.Debug|x86.Deploy.0 = Debug|Any CPU
		{489C606B-81BD-CEEC-579B-839FEFB45559}.Release|Any CPU.ActiveCfg = Release|Any CPU
		{489C606B-81BD-CEEC-579B-839FEFB45559}.Release|Any CPU.Build.0 = Release|Any CPU
		{489C606B-81BD-CEEC-579B-839FEFB45559}.Release|Any CPU.Deploy.0 = Release|Any CPU
		{489C606B-81BD-CEEC-579B-839FEFB45559}.Release|x64.ActiveCfg = Release|Any CPU
		{489C606B-81BD-CEEC-579B-839FEFB45559}.Release|x64.Build.0 = Release|Any CPU
		{489C606B-81BD-CEEC-579B-839FEFB45559}.Release|x64.Deploy.0 = Release|Any CPU
		{489C606B-81BD-CEEC-579B-839FEFB45559}.Release|x86.ActiveCfg = Release|Any CPU
		{489C606B-81BD-CEEC-579B-839FEFB45559}.Release|x86.Build.0 = Release|Any CPU
		{489C606B-81BD-CEEC-579B-839FEFB45559}.Release|x86.Deploy.0 = Release|Any CPU
		{6024D085-B019-FE82-84CE-4118B8032038}.Debug|Any CPU.ActiveCfg = Debug|Any CPU
		{6024D085-B019-FE82-84CE-4118B8032038}.Debug|Any CPU.Build.0 = Debug|Any CPU
		{6024D085-B019-FE82-84CE-4118B8032038}.Debug|x64.ActiveCfg = Debug|Any CPU
		{6024D085-B019-FE82-84CE-4118B8032038}.Debug|x64.Build.0 = Debug|Any CPU
		{6024D085-B019-FE82-84CE-4118B8032038}.Debug|x86.ActiveCfg = Debug|Any CPU
		{6024D085-B019-FE82-84CE-4118B8032038}.Debug|x86.Build.0 = Debug|Any CPU
		{6024D085-B019-FE82-84CE-4118B8032038}.Release|Any CPU.ActiveCfg = Release|Any CPU
		{6024D085-B019-FE82-84CE-4118B8032038}.Release|Any CPU.Build.0 = Release|Any CPU
		{6024D085-B019-FE82-84CE-4118B8032038}.Release|x64.ActiveCfg = Release|Any CPU
		{6024D085-B019-FE82-84CE-4118B8032038}.Release|x64.Build.0 = Release|Any CPU
		{6024D085-B019-FE82-84CE-4118B8032038}.Release|x86.ActiveCfg = Release|Any CPU
		{6024D085-B019-FE82-84CE-4118B8032038}.Release|x86.Build.0 = Release|Any CPU
		{31A25911-ED7D-C151-5A06-DA374935BCEA}.Debug|Any CPU.ActiveCfg = Debug|Any CPU
		{31A25911-ED7D-C151-5A06-DA374935BCEA}.Debug|Any CPU.Build.0 = Debug|Any CPU
		{31A25911-ED7D-C151-5A06-DA374935BCEA}.Debug|x64.ActiveCfg = Debug|Any CPU
		{31A25911-ED7D-C151-5A06-DA374935BCEA}.Debug|x64.Build.0 = Debug|Any CPU
		{31A25911-ED7D-C151-5A06-DA374935BCEA}.Debug|x86.ActiveCfg = Debug|Any CPU
		{31A25911-ED7D-C151-5A06-DA374935BCEA}.Debug|x86.Build.0 = Debug|Any CPU
		{31A25911-ED7D-C151-5A06-DA374935BCEA}.Release|Any CPU.ActiveCfg = Release|Any CPU
		{31A25911-ED7D-C151-5A06-DA374935BCEA}.Release|Any CPU.Build.0 = Release|Any CPU
		{31A25911-ED7D-C151-5A06-DA374935BCEA}.Release|x64.ActiveCfg = Release|Any CPU
		{31A25911-ED7D-C151-5A06-DA374935BCEA}.Release|x64.Build.0 = Release|Any CPU
		{31A25911-ED7D-C151-5A06-DA374935BCEA}.Release|x86.ActiveCfg = Release|Any CPU
		{31A25911-ED7D-C151-5A06-DA374935BCEA}.Release|x86.Build.0 = Release|Any CPU
		{DB91A499-933A-5733-84F8-D7FCF2B3E94B}.Debug|Any CPU.ActiveCfg = Debug|Any CPU
		{DB91A499-933A-5733-84F8-D7FCF2B3E94B}.Debug|Any CPU.Build.0 = Debug|Any CPU
		{DB91A499-933A-5733-84F8-D7FCF2B3E94B}.Debug|x64.ActiveCfg = Debug|Any CPU
		{DB91A499-933A-5733-84F8-D7FCF2B3E94B}.Debug|x64.Build.0 = Debug|Any CPU
		{DB91A499-933A-5733-84F8-D7FCF2B3E94B}.Debug|x86.ActiveCfg = Debug|Any CPU
		{DB91A499-933A-5733-84F8-D7FCF2B3E94B}.Debug|x86.Build.0 = Debug|Any CPU
		{DB91A499-933A-5733-84F8-D7FCF2B3E94B}.Release|Any CPU.ActiveCfg = Release|Any CPU
		{DB91A499-933A-5733-84F8-D7FCF2B3E94B}.Release|Any CPU.Build.0 = Release|Any CPU
		{DB91A499-933A-5733-84F8-D7FCF2B3E94B}.Release|x64.ActiveCfg = Release|Any CPU
		{DB91A499-933A-5733-84F8-D7FCF2B3E94B}.Release|x64.Build.0 = Release|Any CPU
		{DB91A499-933A-5733-84F8-D7FCF2B3E94B}.Release|x86.ActiveCfg = Release|Any CPU
		{DB91A499-933A-5733-84F8-D7FCF2B3E94B}.Release|x86.Build.0 = Release|Any CPU
		{14BAE193-665F-8974-18B9-9670E04BE371}.Debug|Any CPU.ActiveCfg = Debug|Any CPU
		{14BAE193-665F-8974-18B9-9670E04BE371}.Debug|Any CPU.Build.0 = Debug|Any CPU
		{14BAE193-665F-8974-18B9-9670E04BE371}.Debug|x64.ActiveCfg = Debug|Any CPU
		{14BAE193-665F-8974-18B9-9670E04BE371}.Debug|x64.Build.0 = Debug|Any CPU
		{14BAE193-665F-8974-18B9-9670E04BE371}.Debug|x86.ActiveCfg = Debug|Any CPU
		{14BAE193-665F-8974-18B9-9670E04BE371}.Debug|x86.Build.0 = Debug|Any CPU
		{14BAE193-665F-8974-18B9-9670E04BE371}.Release|Any CPU.ActiveCfg = Release|Any CPU
		{14BAE193-665F-8974-18B9-9670E04BE371}.Release|Any CPU.Build.0 = Release|Any CPU
		{14BAE193-665F-8974-18B9-9670E04BE371}.Release|x64.ActiveCfg = Release|Any CPU
		{14BAE193-665F-8974-18B9-9670E04BE371}.Release|x64.Build.0 = Release|Any CPU
		{14BAE193-665F-8974-18B9-9670E04BE371}.Release|x86.ActiveCfg = Release|Any CPU
		{14BAE193-665F-8974-18B9-9670E04BE371}.Release|x86.Build.0 = Release|Any CPU
		{9A7D5E03-EC39-CA4A-7EAC-8306350A5871}.Debug|Any CPU.ActiveCfg = Debug|Any CPU
		{9A7D5E03-EC39-CA4A-7EAC-8306350A5871}.Debug|Any CPU.Build.0 = Debug|Any CPU
		{9A7D5E03-EC39-CA4A-7EAC-8306350A5871}.Debug|x64.ActiveCfg = Debug|Any CPU
		{9A7D5E03-EC39-CA4A-7EAC-8306350A5871}.Debug|x64.Build.0 = Debug|Any CPU
		{9A7D5E03-EC39-CA4A-7EAC-8306350A5871}.Debug|x86.ActiveCfg = Debug|Any CPU
		{9A7D5E03-EC39-CA4A-7EAC-8306350A5871}.Debug|x86.Build.0 = Debug|Any CPU
		{9A7D5E03-EC39-CA4A-7EAC-8306350A5871}.Release|Any CPU.ActiveCfg = Release|Any CPU
		{9A7D5E03-EC39-CA4A-7EAC-8306350A5871}.Release|Any CPU.Build.0 = Release|Any CPU
		{9A7D5E03-EC39-CA4A-7EAC-8306350A5871}.Release|x64.ActiveCfg = Release|Any CPU
		{9A7D5E03-EC39-CA4A-7EAC-8306350A5871}.Release|x64.Build.0 = Release|Any CPU
		{9A7D5E03-EC39-CA4A-7EAC-8306350A5871}.Release|x86.ActiveCfg = Release|Any CPU
		{9A7D5E03-EC39-CA4A-7EAC-8306350A5871}.Release|x86.Build.0 = Release|Any CPU
		{11023117-A037-FD4F-2819-1BEC9A8BCDA3}.Debug|Any CPU.ActiveCfg = Debug|Any CPU
		{11023117-A037-FD4F-2819-1BEC9A8BCDA3}.Debug|Any CPU.Build.0 = Debug|Any CPU
		{11023117-A037-FD4F-2819-1BEC9A8BCDA3}.Debug|x64.ActiveCfg = Debug|Any CPU
		{11023117-A037-FD4F-2819-1BEC9A8BCDA3}.Debug|x64.Build.0 = Debug|Any CPU
		{11023117-A037-FD4F-2819-1BEC9A8BCDA3}.Debug|x86.ActiveCfg = Debug|Any CPU
		{11023117-A037-FD4F-2819-1BEC9A8BCDA3}.Debug|x86.Build.0 = Debug|Any CPU
		{11023117-A037-FD4F-2819-1BEC9A8BCDA3}.Release|Any CPU.ActiveCfg = Release|Any CPU
		{11023117-A037-FD4F-2819-1BEC9A8BCDA3}.Release|Any CPU.Build.0 = Release|Any CPU
		{11023117-A037-FD4F-2819-1BEC9A8BCDA3}.Release|x64.ActiveCfg = Release|Any CPU
		{11023117-A037-FD4F-2819-1BEC9A8BCDA3}.Release|x64.Build.0 = Release|Any CPU
		{11023117-A037-FD4F-2819-1BEC9A8BCDA3}.Release|x86.ActiveCfg = Release|Any CPU
		{11023117-A037-FD4F-2819-1BEC9A8BCDA3}.Release|x86.Build.0 = Release|Any CPU
		{36FB74FE-D204-2083-BD77-99B922ACF033}.Debug|Any CPU.ActiveCfg = Debug|Any CPU
		{36FB74FE-D204-2083-BD77-99B922ACF033}.Debug|Any CPU.Build.0 = Debug|Any CPU
		{36FB74FE-D204-2083-BD77-99B922ACF033}.Debug|Any CPU.Deploy.0 = Debug|Any CPU
		{36FB74FE-D204-2083-BD77-99B922ACF033}.Debug|x64.ActiveCfg = Debug|Any CPU
		{36FB74FE-D204-2083-BD77-99B922ACF033}.Debug|x64.Build.0 = Debug|Any CPU
		{36FB74FE-D204-2083-BD77-99B922ACF033}.Debug|x64.Deploy.0 = Debug|Any CPU
		{36FB74FE-D204-2083-BD77-99B922ACF033}.Debug|x86.ActiveCfg = Debug|Any CPU
		{36FB74FE-D204-2083-BD77-99B922ACF033}.Debug|x86.Build.0 = Debug|Any CPU
		{36FB74FE-D204-2083-BD77-99B922ACF033}.Debug|x86.Deploy.0 = Debug|Any CPU
		{36FB74FE-D204-2083-BD77-99B922ACF033}.Release|Any CPU.ActiveCfg = Release|Any CPU
		{36FB74FE-D204-2083-BD77-99B922ACF033}.Release|Any CPU.Build.0 = Release|Any CPU
		{36FB74FE-D204-2083-BD77-99B922ACF033}.Release|Any CPU.Deploy.0 = Release|Any CPU
		{36FB74FE-D204-2083-BD77-99B922ACF033}.Release|x64.ActiveCfg = Release|Any CPU
		{36FB74FE-D204-2083-BD77-99B922ACF033}.Release|x64.Build.0 = Release|Any CPU
		{36FB74FE-D204-2083-BD77-99B922ACF033}.Release|x64.Deploy.0 = Release|Any CPU
		{36FB74FE-D204-2083-BD77-99B922ACF033}.Release|x86.ActiveCfg = Release|Any CPU
		{36FB74FE-D204-2083-BD77-99B922ACF033}.Release|x86.Build.0 = Release|Any CPU
		{36FB74FE-D204-2083-BD77-99B922ACF033}.Release|x86.Deploy.0 = Release|Any CPU
		{2B0F6017-F070-4C86-9640-DAD5D346E91E}.Debug|Any CPU.ActiveCfg = Debug|Any CPU
		{2B0F6017-F070-4C86-9640-DAD5D346E91E}.Debug|Any CPU.Build.0 = Debug|Any CPU
		{2B0F6017-F070-4C86-9640-DAD5D346E91E}.Debug|x64.ActiveCfg = Debug|Any CPU
		{2B0F6017-F070-4C86-9640-DAD5D346E91E}.Debug|x64.Build.0 = Debug|Any CPU
		{2B0F6017-F070-4C86-9640-DAD5D346E91E}.Debug|x86.ActiveCfg = Debug|Any CPU
		{2B0F6017-F070-4C86-9640-DAD5D346E91E}.Debug|x86.Build.0 = Debug|Any CPU
		{2B0F6017-F070-4C86-9640-DAD5D346E91E}.Release|Any CPU.ActiveCfg = Release|Any CPU
		{2B0F6017-F070-4C86-9640-DAD5D346E91E}.Release|Any CPU.Build.0 = Release|Any CPU
		{2B0F6017-F070-4C86-9640-DAD5D346E91E}.Release|x64.ActiveCfg = Release|Any CPU
		{2B0F6017-F070-4C86-9640-DAD5D346E91E}.Release|x64.Build.0 = Release|Any CPU
		{2B0F6017-F070-4C86-9640-DAD5D346E91E}.Release|x86.ActiveCfg = Release|Any CPU
		{2B0F6017-F070-4C86-9640-DAD5D346E91E}.Release|x86.Build.0 = Release|Any CPU
		{63510401-E957-49E5-A8E9-927DCBD7F5CE}.Debug|Any CPU.ActiveCfg = Debug|Any CPU
		{63510401-E957-49E5-A8E9-927DCBD7F5CE}.Debug|Any CPU.Build.0 = Debug|Any CPU
		{63510401-E957-49E5-A8E9-927DCBD7F5CE}.Debug|x64.ActiveCfg = Debug|Any CPU
		{63510401-E957-49E5-A8E9-927DCBD7F5CE}.Debug|x64.Build.0 = Debug|Any CPU
		{63510401-E957-49E5-A8E9-927DCBD7F5CE}.Debug|x86.ActiveCfg = Debug|Any CPU
		{63510401-E957-49E5-A8E9-927DCBD7F5CE}.Debug|x86.Build.0 = Debug|Any CPU
		{63510401-E957-49E5-A8E9-927DCBD7F5CE}.Release|Any CPU.ActiveCfg = Release|Any CPU
		{63510401-E957-49E5-A8E9-927DCBD7F5CE}.Release|Any CPU.Build.0 = Release|Any CPU
		{63510401-E957-49E5-A8E9-927DCBD7F5CE}.Release|x64.ActiveCfg = Release|Any CPU
		{63510401-E957-49E5-A8E9-927DCBD7F5CE}.Release|x64.Build.0 = Release|Any CPU
		{63510401-E957-49E5-A8E9-927DCBD7F5CE}.Release|x86.ActiveCfg = Release|Any CPU
		{63510401-E957-49E5-A8E9-927DCBD7F5CE}.Release|x86.Build.0 = Release|Any CPU
		{13AADC88-4397-A29F-8B14-03DEC0AFB1C6}.Debug|Any CPU.ActiveCfg = Debug|Any CPU
		{13AADC88-4397-A29F-8B14-03DEC0AFB1C6}.Debug|Any CPU.Build.0 = Debug|Any CPU
		{13AADC88-4397-A29F-8B14-03DEC0AFB1C6}.Debug|x64.ActiveCfg = Debug|Any CPU
		{13AADC88-4397-A29F-8B14-03DEC0AFB1C6}.Debug|x64.Build.0 = Debug|Any CPU
		{13AADC88-4397-A29F-8B14-03DEC0AFB1C6}.Debug|x86.ActiveCfg = Debug|Any CPU
		{13AADC88-4397-A29F-8B14-03DEC0AFB1C6}.Debug|x86.Build.0 = Debug|Any CPU
		{13AADC88-4397-A29F-8B14-03DEC0AFB1C6}.Release|Any CPU.ActiveCfg = Release|Any CPU
		{13AADC88-4397-A29F-8B14-03DEC0AFB1C6}.Release|Any CPU.Build.0 = Release|Any CPU
		{13AADC88-4397-A29F-8B14-03DEC0AFB1C6}.Release|x64.ActiveCfg = Release|Any CPU
		{13AADC88-4397-A29F-8B14-03DEC0AFB1C6}.Release|x64.Build.0 = Release|Any CPU
		{13AADC88-4397-A29F-8B14-03DEC0AFB1C6}.Release|x86.ActiveCfg = Release|Any CPU
		{13AADC88-4397-A29F-8B14-03DEC0AFB1C6}.Release|x86.Build.0 = Release|Any CPU
		{57A8B5A6-B0FD-479F-AC1D-4AE2B60E27E7}.Debug|Any CPU.ActiveCfg = Debug|Any CPU
		{57A8B5A6-B0FD-479F-AC1D-4AE2B60E27E7}.Debug|Any CPU.Build.0 = Debug|Any CPU
		{57A8B5A6-B0FD-479F-AC1D-4AE2B60E27E7}.Debug|x64.ActiveCfg = Debug|Any CPU
		{57A8B5A6-B0FD-479F-AC1D-4AE2B60E27E7}.Debug|x64.Build.0 = Debug|Any CPU
		{57A8B5A6-B0FD-479F-AC1D-4AE2B60E27E7}.Debug|x86.ActiveCfg = Debug|Any CPU
		{57A8B5A6-B0FD-479F-AC1D-4AE2B60E27E7}.Debug|x86.Build.0 = Debug|Any CPU
		{57A8B5A6-B0FD-479F-AC1D-4AE2B60E27E7}.Release|Any CPU.ActiveCfg = Release|Any CPU
		{57A8B5A6-B0FD-479F-AC1D-4AE2B60E27E7}.Release|Any CPU.Build.0 = Release|Any CPU
		{57A8B5A6-B0FD-479F-AC1D-4AE2B60E27E7}.Release|x64.ActiveCfg = Release|Any CPU
		{57A8B5A6-B0FD-479F-AC1D-4AE2B60E27E7}.Release|x64.Build.0 = Release|Any CPU
		{57A8B5A6-B0FD-479F-AC1D-4AE2B60E27E7}.Release|x86.ActiveCfg = Release|Any CPU
		{57A8B5A6-B0FD-479F-AC1D-4AE2B60E27E7}.Release|x86.Build.0 = Release|Any CPU
		{5047B084-5D38-04E4-E59E-DA396FC2FEC9}.Debug|Any CPU.ActiveCfg = Debug|Any CPU
		{5047B084-5D38-04E4-E59E-DA396FC2FEC9}.Debug|Any CPU.Build.0 = Debug|Any CPU
		{5047B084-5D38-04E4-E59E-DA396FC2FEC9}.Debug|x64.ActiveCfg = Debug|Any CPU
		{5047B084-5D38-04E4-E59E-DA396FC2FEC9}.Debug|x64.Build.0 = Debug|Any CPU
		{5047B084-5D38-04E4-E59E-DA396FC2FEC9}.Debug|x86.ActiveCfg = Debug|Any CPU
		{5047B084-5D38-04E4-E59E-DA396FC2FEC9}.Debug|x86.Build.0 = Debug|Any CPU
		{5047B084-5D38-04E4-E59E-DA396FC2FEC9}.Release|Any CPU.ActiveCfg = Release|Any CPU
		{5047B084-5D38-04E4-E59E-DA396FC2FEC9}.Release|Any CPU.Build.0 = Release|Any CPU
		{5047B084-5D38-04E4-E59E-DA396FC2FEC9}.Release|x64.ActiveCfg = Release|Any CPU
		{5047B084-5D38-04E4-E59E-DA396FC2FEC9}.Release|x64.Build.0 = Release|Any CPU
		{5047B084-5D38-04E4-E59E-DA396FC2FEC9}.Release|x86.ActiveCfg = Release|Any CPU
		{5047B084-5D38-04E4-E59E-DA396FC2FEC9}.Release|x86.Build.0 = Release|Any CPU
		{43029305-0F11-2887-86F1-9402BC5EF6A6}.Debug|Any CPU.ActiveCfg = Debug|Any CPU
		{43029305-0F11-2887-86F1-9402BC5EF6A6}.Debug|Any CPU.Build.0 = Debug|Any CPU
		{43029305-0F11-2887-86F1-9402BC5EF6A6}.Debug|x64.ActiveCfg = Debug|Any CPU
		{43029305-0F11-2887-86F1-9402BC5EF6A6}.Debug|x64.Build.0 = Debug|Any CPU
		{43029305-0F11-2887-86F1-9402BC5EF6A6}.Debug|x86.ActiveCfg = Debug|Any CPU
		{43029305-0F11-2887-86F1-9402BC5EF6A6}.Debug|x86.Build.0 = Debug|Any CPU
		{43029305-0F11-2887-86F1-9402BC5EF6A6}.Release|Any CPU.ActiveCfg = Release|Any CPU
		{43029305-0F11-2887-86F1-9402BC5EF6A6}.Release|Any CPU.Build.0 = Release|Any CPU
		{43029305-0F11-2887-86F1-9402BC5EF6A6}.Release|x64.ActiveCfg = Release|Any CPU
		{43029305-0F11-2887-86F1-9402BC5EF6A6}.Release|x64.Build.0 = Release|Any CPU
		{43029305-0F11-2887-86F1-9402BC5EF6A6}.Release|x86.ActiveCfg = Release|Any CPU
		{43029305-0F11-2887-86F1-9402BC5EF6A6}.Release|x86.Build.0 = Release|Any CPU
		{3EAC4D90-7924-0DB8-D9E5-A4915D30E0E1}.Debug|Any CPU.ActiveCfg = Debug|Any CPU
		{3EAC4D90-7924-0DB8-D9E5-A4915D30E0E1}.Debug|Any CPU.Build.0 = Debug|Any CPU
		{3EAC4D90-7924-0DB8-D9E5-A4915D30E0E1}.Debug|x64.ActiveCfg = Debug|Any CPU
		{3EAC4D90-7924-0DB8-D9E5-A4915D30E0E1}.Debug|x64.Build.0 = Debug|Any CPU
		{3EAC4D90-7924-0DB8-D9E5-A4915D30E0E1}.Debug|x86.ActiveCfg = Debug|Any CPU
		{3EAC4D90-7924-0DB8-D9E5-A4915D30E0E1}.Debug|x86.Build.0 = Debug|Any CPU
		{3EAC4D90-7924-0DB8-D9E5-A4915D30E0E1}.Release|Any CPU.ActiveCfg = Release|Any CPU
		{3EAC4D90-7924-0DB8-D9E5-A4915D30E0E1}.Release|Any CPU.Build.0 = Release|Any CPU
		{3EAC4D90-7924-0DB8-D9E5-A4915D30E0E1}.Release|x64.ActiveCfg = Release|Any CPU
		{3EAC4D90-7924-0DB8-D9E5-A4915D30E0E1}.Release|x64.Build.0 = Release|Any CPU
		{3EAC4D90-7924-0DB8-D9E5-A4915D30E0E1}.Release|x86.ActiveCfg = Release|Any CPU
		{3EAC4D90-7924-0DB8-D9E5-A4915D30E0E1}.Release|x86.Build.0 = Release|Any CPU
		{E6E4111B-E2FB-DDCB-FC40-92721D7E6960}.Debug|Any CPU.ActiveCfg = Debug|Any CPU
		{E6E4111B-E2FB-DDCB-FC40-92721D7E6960}.Debug|Any CPU.Build.0 = Debug|Any CPU
		{E6E4111B-E2FB-DDCB-FC40-92721D7E6960}.Debug|x64.ActiveCfg = Debug|Any CPU
		{E6E4111B-E2FB-DDCB-FC40-92721D7E6960}.Debug|x64.Build.0 = Debug|Any CPU
		{E6E4111B-E2FB-DDCB-FC40-92721D7E6960}.Debug|x86.ActiveCfg = Debug|Any CPU
		{E6E4111B-E2FB-DDCB-FC40-92721D7E6960}.Debug|x86.Build.0 = Debug|Any CPU
		{E6E4111B-E2FB-DDCB-FC40-92721D7E6960}.Release|Any CPU.ActiveCfg = Release|Any CPU
		{E6E4111B-E2FB-DDCB-FC40-92721D7E6960}.Release|Any CPU.Build.0 = Release|Any CPU
		{E6E4111B-E2FB-DDCB-FC40-92721D7E6960}.Release|x64.ActiveCfg = Release|Any CPU
		{E6E4111B-E2FB-DDCB-FC40-92721D7E6960}.Release|x64.Build.0 = Release|Any CPU
		{E6E4111B-E2FB-DDCB-FC40-92721D7E6960}.Release|x86.ActiveCfg = Release|Any CPU
		{E6E4111B-E2FB-DDCB-FC40-92721D7E6960}.Release|x86.Build.0 = Release|Any CPU
		{2AB7DCBD-EA59-877A-74D6-7D889305C259}.Debug|Any CPU.ActiveCfg = Debug|Any CPU
		{2AB7DCBD-EA59-877A-74D6-7D889305C259}.Debug|Any CPU.Build.0 = Debug|Any CPU
		{2AB7DCBD-EA59-877A-74D6-7D889305C259}.Debug|Any CPU.Deploy.0 = Debug|Any CPU
		{2AB7DCBD-EA59-877A-74D6-7D889305C259}.Debug|x64.ActiveCfg = Debug|Any CPU
		{2AB7DCBD-EA59-877A-74D6-7D889305C259}.Debug|x64.Build.0 = Debug|Any CPU
		{2AB7DCBD-EA59-877A-74D6-7D889305C259}.Debug|x64.Deploy.0 = Debug|Any CPU
		{2AB7DCBD-EA59-877A-74D6-7D889305C259}.Debug|x86.ActiveCfg = Debug|Any CPU
		{2AB7DCBD-EA59-877A-74D6-7D889305C259}.Debug|x86.Build.0 = Debug|Any CPU
		{2AB7DCBD-EA59-877A-74D6-7D889305C259}.Debug|x86.Deploy.0 = Debug|Any CPU
		{2AB7DCBD-EA59-877A-74D6-7D889305C259}.Release|Any CPU.ActiveCfg = Release|Any CPU
		{2AB7DCBD-EA59-877A-74D6-7D889305C259}.Release|Any CPU.Build.0 = Release|Any CPU
		{2AB7DCBD-EA59-877A-74D6-7D889305C259}.Release|Any CPU.Deploy.0 = Release|Any CPU
		{2AB7DCBD-EA59-877A-74D6-7D889305C259}.Release|x64.ActiveCfg = Release|Any CPU
		{2AB7DCBD-EA59-877A-74D6-7D889305C259}.Release|x64.Build.0 = Release|Any CPU
		{2AB7DCBD-EA59-877A-74D6-7D889305C259}.Release|x64.Deploy.0 = Release|Any CPU
		{2AB7DCBD-EA59-877A-74D6-7D889305C259}.Release|x86.ActiveCfg = Release|Any CPU
		{2AB7DCBD-EA59-877A-74D6-7D889305C259}.Release|x86.Build.0 = Release|Any CPU
		{2AB7DCBD-EA59-877A-74D6-7D889305C259}.Release|x86.Deploy.0 = Release|Any CPU
		{9202B7DB-0CFF-48BB-9596-380B9AD1DD2F}.Debug|Any CPU.ActiveCfg = Debug|Any CPU
		{9202B7DB-0CFF-48BB-9596-380B9AD1DD2F}.Debug|Any CPU.Build.0 = Debug|Any CPU
		{9202B7DB-0CFF-48BB-9596-380B9AD1DD2F}.Debug|x64.ActiveCfg = Debug|Any CPU
		{9202B7DB-0CFF-48BB-9596-380B9AD1DD2F}.Debug|x64.Build.0 = Debug|Any CPU
		{9202B7DB-0CFF-48BB-9596-380B9AD1DD2F}.Debug|x86.ActiveCfg = Debug|Any CPU
		{9202B7DB-0CFF-48BB-9596-380B9AD1DD2F}.Debug|x86.Build.0 = Debug|Any CPU
		{9202B7DB-0CFF-48BB-9596-380B9AD1DD2F}.Release|Any CPU.ActiveCfg = Release|Any CPU
		{9202B7DB-0CFF-48BB-9596-380B9AD1DD2F}.Release|Any CPU.Build.0 = Release|Any CPU
		{9202B7DB-0CFF-48BB-9596-380B9AD1DD2F}.Release|x64.ActiveCfg = Release|Any CPU
		{9202B7DB-0CFF-48BB-9596-380B9AD1DD2F}.Release|x64.Build.0 = Release|Any CPU
		{9202B7DB-0CFF-48BB-9596-380B9AD1DD2F}.Release|x86.ActiveCfg = Release|Any CPU
		{9202B7DB-0CFF-48BB-9596-380B9AD1DD2F}.Release|x86.Build.0 = Release|Any CPU
		{D05B70DE-2530-4A2E-8F83-ACEF7241517F}.Debug|Any CPU.ActiveCfg = Debug|Any CPU
		{D05B70DE-2530-4A2E-8F83-ACEF7241517F}.Debug|Any CPU.Build.0 = Debug|Any CPU
		{D05B70DE-2530-4A2E-8F83-ACEF7241517F}.Debug|x64.ActiveCfg = Debug|Any CPU
		{D05B70DE-2530-4A2E-8F83-ACEF7241517F}.Debug|x64.Build.0 = Debug|Any CPU
		{D05B70DE-2530-4A2E-8F83-ACEF7241517F}.Debug|x86.ActiveCfg = Debug|Any CPU
		{D05B70DE-2530-4A2E-8F83-ACEF7241517F}.Debug|x86.Build.0 = Debug|Any CPU
		{D05B70DE-2530-4A2E-8F83-ACEF7241517F}.Release|Any CPU.ActiveCfg = Release|Any CPU
		{D05B70DE-2530-4A2E-8F83-ACEF7241517F}.Release|Any CPU.Build.0 = Release|Any CPU
		{D05B70DE-2530-4A2E-8F83-ACEF7241517F}.Release|x64.ActiveCfg = Release|Any CPU
		{D05B70DE-2530-4A2E-8F83-ACEF7241517F}.Release|x64.Build.0 = Release|Any CPU
		{D05B70DE-2530-4A2E-8F83-ACEF7241517F}.Release|x86.ActiveCfg = Release|Any CPU
		{D05B70DE-2530-4A2E-8F83-ACEF7241517F}.Release|x86.Build.0 = Release|Any CPU
		{005E2CA9-82FA-4A90-A2CE-A5220ADD78F1}.Debug|Any CPU.ActiveCfg = Debug|Any CPU
		{005E2CA9-82FA-4A90-A2CE-A5220ADD78F1}.Debug|Any CPU.Build.0 = Debug|Any CPU
		{005E2CA9-82FA-4A90-A2CE-A5220ADD78F1}.Debug|x64.ActiveCfg = Debug|Any CPU
		{005E2CA9-82FA-4A90-A2CE-A5220ADD78F1}.Debug|x64.Build.0 = Debug|Any CPU
		{005E2CA9-82FA-4A90-A2CE-A5220ADD78F1}.Debug|x86.ActiveCfg = Debug|Any CPU
		{005E2CA9-82FA-4A90-A2CE-A5220ADD78F1}.Debug|x86.Build.0 = Debug|Any CPU
		{005E2CA9-82FA-4A90-A2CE-A5220ADD78F1}.Release|Any CPU.ActiveCfg = Release|Any CPU
		{005E2CA9-82FA-4A90-A2CE-A5220ADD78F1}.Release|Any CPU.Build.0 = Release|Any CPU
		{005E2CA9-82FA-4A90-A2CE-A5220ADD78F1}.Release|x64.ActiveCfg = Release|Any CPU
		{005E2CA9-82FA-4A90-A2CE-A5220ADD78F1}.Release|x64.Build.0 = Release|Any CPU
		{005E2CA9-82FA-4A90-A2CE-A5220ADD78F1}.Release|x86.ActiveCfg = Release|Any CPU
		{005E2CA9-82FA-4A90-A2CE-A5220ADD78F1}.Release|x86.Build.0 = Release|Any CPU
		{F3701B87-2B91-48FA-A1E5-0208267781A1}.Debug|Any CPU.ActiveCfg = Debug|Any CPU
		{F3701B87-2B91-48FA-A1E5-0208267781A1}.Debug|Any CPU.Build.0 = Debug|Any CPU
		{F3701B87-2B91-48FA-A1E5-0208267781A1}.Debug|x64.ActiveCfg = Debug|Any CPU
		{F3701B87-2B91-48FA-A1E5-0208267781A1}.Debug|x64.Build.0 = Debug|Any CPU
		{F3701B87-2B91-48FA-A1E5-0208267781A1}.Debug|x86.ActiveCfg = Debug|Any CPU
		{F3701B87-2B91-48FA-A1E5-0208267781A1}.Debug|x86.Build.0 = Debug|Any CPU
		{F3701B87-2B91-48FA-A1E5-0208267781A1}.Release|Any CPU.ActiveCfg = Release|Any CPU
		{F3701B87-2B91-48FA-A1E5-0208267781A1}.Release|Any CPU.Build.0 = Release|Any CPU
		{F3701B87-2B91-48FA-A1E5-0208267781A1}.Release|x64.ActiveCfg = Release|Any CPU
		{F3701B87-2B91-48FA-A1E5-0208267781A1}.Release|x64.Build.0 = Release|Any CPU
		{F3701B87-2B91-48FA-A1E5-0208267781A1}.Release|x86.ActiveCfg = Release|Any CPU
		{F3701B87-2B91-48FA-A1E5-0208267781A1}.Release|x86.Build.0 = Release|Any CPU
		{E711279C-1BA5-497C-95F4-55957AC180F3}.Debug|Any CPU.ActiveCfg = Debug|Any CPU
		{E711279C-1BA5-497C-95F4-55957AC180F3}.Debug|Any CPU.Build.0 = Debug|Any CPU
		{E711279C-1BA5-497C-95F4-55957AC180F3}.Debug|x64.ActiveCfg = Debug|Any CPU
		{E711279C-1BA5-497C-95F4-55957AC180F3}.Debug|x64.Build.0 = Debug|Any CPU
		{E711279C-1BA5-497C-95F4-55957AC180F3}.Debug|x86.ActiveCfg = Debug|Any CPU
		{E711279C-1BA5-497C-95F4-55957AC180F3}.Debug|x86.Build.0 = Debug|Any CPU
		{E711279C-1BA5-497C-95F4-55957AC180F3}.Release|Any CPU.ActiveCfg = Release|Any CPU
		{E711279C-1BA5-497C-95F4-55957AC180F3}.Release|Any CPU.Build.0 = Release|Any CPU
		{E711279C-1BA5-497C-95F4-55957AC180F3}.Release|x64.ActiveCfg = Release|Any CPU
		{E711279C-1BA5-497C-95F4-55957AC180F3}.Release|x64.Build.0 = Release|Any CPU
		{E711279C-1BA5-497C-95F4-55957AC180F3}.Release|x86.ActiveCfg = Release|Any CPU
		{E711279C-1BA5-497C-95F4-55957AC180F3}.Release|x86.Build.0 = Release|Any CPU
		{618412D7-9F8F-4F39-80CD-DC0107FBF31C}.Debug|Any CPU.ActiveCfg = Debug|Any CPU
		{618412D7-9F8F-4F39-80CD-DC0107FBF31C}.Debug|x64.ActiveCfg = Debug|Any CPU
		{618412D7-9F8F-4F39-80CD-DC0107FBF31C}.Debug|x86.ActiveCfg = Debug|Any CPU
		{618412D7-9F8F-4F39-80CD-DC0107FBF31C}.Release|Any CPU.ActiveCfg = Release|Any CPU
		{618412D7-9F8F-4F39-80CD-DC0107FBF31C}.Release|x64.ActiveCfg = Release|Any CPU
		{618412D7-9F8F-4F39-80CD-DC0107FBF31C}.Release|x86.ActiveCfg = Release|Any CPU
		{DE12C069-26CA-4367-BF5D-9C5DDD899C42}.Debug|Any CPU.ActiveCfg = Debug|Any CPU
		{DE12C069-26CA-4367-BF5D-9C5DDD899C42}.Debug|Any CPU.Build.0 = Debug|Any CPU
		{DE12C069-26CA-4367-BF5D-9C5DDD899C42}.Debug|x64.ActiveCfg = Debug|Any CPU
		{DE12C069-26CA-4367-BF5D-9C5DDD899C42}.Debug|x64.Build.0 = Debug|Any CPU
		{DE12C069-26CA-4367-BF5D-9C5DDD899C42}.Debug|x86.ActiveCfg = Debug|Any CPU
		{DE12C069-26CA-4367-BF5D-9C5DDD899C42}.Debug|x86.Build.0 = Debug|Any CPU
		{DE12C069-26CA-4367-BF5D-9C5DDD899C42}.Release|Any CPU.ActiveCfg = Release|Any CPU
		{DE12C069-26CA-4367-BF5D-9C5DDD899C42}.Release|Any CPU.Build.0 = Release|Any CPU
		{DE12C069-26CA-4367-BF5D-9C5DDD899C42}.Release|x64.ActiveCfg = Release|Any CPU
		{DE12C069-26CA-4367-BF5D-9C5DDD899C42}.Release|x64.Build.0 = Release|Any CPU
		{DE12C069-26CA-4367-BF5D-9C5DDD899C42}.Release|x86.ActiveCfg = Release|Any CPU
		{DE12C069-26CA-4367-BF5D-9C5DDD899C42}.Release|x86.Build.0 = Release|Any CPU
		{C730C25C-055D-4699-AE89-79A7896B3431}.Debug|Any CPU.ActiveCfg = Debug|Any CPU
		{C730C25C-055D-4699-AE89-79A7896B3431}.Debug|Any CPU.Build.0 = Debug|Any CPU
		{C730C25C-055D-4699-AE89-79A7896B3431}.Debug|x64.ActiveCfg = Debug|Any CPU
		{C730C25C-055D-4699-AE89-79A7896B3431}.Debug|x64.Build.0 = Debug|Any CPU
		{C730C25C-055D-4699-AE89-79A7896B3431}.Debug|x86.ActiveCfg = Debug|Any CPU
		{C730C25C-055D-4699-AE89-79A7896B3431}.Debug|x86.Build.0 = Debug|Any CPU
		{C730C25C-055D-4699-AE89-79A7896B3431}.Release|Any CPU.ActiveCfg = Release|Any CPU
		{C730C25C-055D-4699-AE89-79A7896B3431}.Release|Any CPU.Build.0 = Release|Any CPU
		{C730C25C-055D-4699-AE89-79A7896B3431}.Release|x64.ActiveCfg = Release|Any CPU
		{C730C25C-055D-4699-AE89-79A7896B3431}.Release|x64.Build.0 = Release|Any CPU
		{C730C25C-055D-4699-AE89-79A7896B3431}.Release|x86.ActiveCfg = Release|Any CPU
		{C730C25C-055D-4699-AE89-79A7896B3431}.Release|x86.Build.0 = Release|Any CPU
		{988A40FB-E221-4A46-B259-76D8144AD833}.Debug|Any CPU.ActiveCfg = Debug|Any CPU
		{988A40FB-E221-4A46-B259-76D8144AD833}.Debug|Any CPU.Build.0 = Debug|Any CPU
		{988A40FB-E221-4A46-B259-76D8144AD833}.Debug|x64.ActiveCfg = Debug|Any CPU
		{988A40FB-E221-4A46-B259-76D8144AD833}.Debug|x64.Build.0 = Debug|Any CPU
		{988A40FB-E221-4A46-B259-76D8144AD833}.Debug|x86.ActiveCfg = Debug|Any CPU
		{988A40FB-E221-4A46-B259-76D8144AD833}.Debug|x86.Build.0 = Debug|Any CPU
		{988A40FB-E221-4A46-B259-76D8144AD833}.Release|Any CPU.ActiveCfg = Release|Any CPU
		{988A40FB-E221-4A46-B259-76D8144AD833}.Release|Any CPU.Build.0 = Release|Any CPU
		{988A40FB-E221-4A46-B259-76D8144AD833}.Release|x64.ActiveCfg = Release|Any CPU
		{988A40FB-E221-4A46-B259-76D8144AD833}.Release|x64.Build.0 = Release|Any CPU
		{988A40FB-E221-4A46-B259-76D8144AD833}.Release|x86.ActiveCfg = Release|Any CPU
		{988A40FB-E221-4A46-B259-76D8144AD833}.Release|x86.Build.0 = Release|Any CPU
		{7A98C2D0-7720-43CA-AAAC-325683DD387F}.Debug|Any CPU.ActiveCfg = Debug|Any CPU
		{7A98C2D0-7720-43CA-AAAC-325683DD387F}.Debug|x64.ActiveCfg = Debug|Any CPU
		{7A98C2D0-7720-43CA-AAAC-325683DD387F}.Debug|x86.ActiveCfg = Debug|Any CPU
		{7A98C2D0-7720-43CA-AAAC-325683DD387F}.Release|Any CPU.ActiveCfg = Release|Any CPU
		{7A98C2D0-7720-43CA-AAAC-325683DD387F}.Release|x64.ActiveCfg = Release|Any CPU
		{7A98C2D0-7720-43CA-AAAC-325683DD387F}.Release|x86.ActiveCfg = Release|Any CPU
	EndGlobalSection
	GlobalSection(SolutionProperties) = preSolution
		HideSolutionNode = FALSE
	EndGlobalSection
	GlobalSection(NestedProjects) = preSolution
		{794E82EF-349A-4D77-898B-F493DAD8B6CD} = {2A337194-9B49-45D1-AF1E-3EE7E96E3DDB}
		{1592CF3C-8C3C-43E5-AD1C-323E11FCEBE7} = {2A337194-9B49-45D1-AF1E-3EE7E96E3DDB}
		{34736B3C-2F68-4D5B-A861-CB7841CC2D33} = {588B8AE4-0A65-4ADD-A0F1-5F608420F380}
		{A2E42FBD-E194-43C8-943B-83A451F79A74} = {34736B3C-2F68-4D5B-A861-CB7841CC2D33}
		{9FB5B09F-CCD7-4100-9281-72019A436F4C} = {34736B3C-2F68-4D5B-A861-CB7841CC2D33}
		{2B3FD36D-7018-4C0E-86B8-9B1A0E2FDEAB} = {FD4178C7-EF21-4AB7-88C0-FA056CA736A1}
		{FD4178C7-EF21-4AB7-88C0-FA056CA736A1} = {588B8AE4-0A65-4ADD-A0F1-5F608420F380}
		{C9200A82-18C6-45BC-833A-4C11F211C7D5} = {FD4178C7-EF21-4AB7-88C0-FA056CA736A1}
		{9CE430A9-546C-414A-8F32-2C3DB859A20C} = {34736B3C-2F68-4D5B-A861-CB7841CC2D33}
		{1BE9055D-C4D7-470E-BA58-34CF94A81CB2} = {2A337194-9B49-45D1-AF1E-3EE7E96E3DDB}
		{2A337194-9B49-45D1-AF1E-3EE7E96E3DDB} = {588B8AE4-0A65-4ADD-A0F1-5F608420F380}
		{46CC22F7-E000-498C-AABE-DD80911BCAB5} = {588B8AE4-0A65-4ADD-A0F1-5F608420F380}
		{489C606B-81BD-CEEC-579B-839FEFB45559} = {46CC22F7-E000-498C-AABE-DD80911BCAB5}
		{6024D085-B019-FE82-84CE-4118B8032038} = {46CC22F7-E000-498C-AABE-DD80911BCAB5}
		{31A25911-ED7D-C151-5A06-DA374935BCEA} = {46CC22F7-E000-498C-AABE-DD80911BCAB5}
		{DB91A499-933A-5733-84F8-D7FCF2B3E94B} = {EB29D575-8E81-4EFA-815A-0EF90A290E4A}
		{14BAE193-665F-8974-18B9-9670E04BE371} = {EB29D575-8E81-4EFA-815A-0EF90A290E4A}
		{9A7D5E03-EC39-CA4A-7EAC-8306350A5871} = {EB29D575-8E81-4EFA-815A-0EF90A290E4A}
		{11023117-A037-FD4F-2819-1BEC9A8BCDA3} = {EB29D575-8E81-4EFA-815A-0EF90A290E4A}
		{36FB74FE-D204-2083-BD77-99B922ACF033} = {EB29D575-8E81-4EFA-815A-0EF90A290E4A}
		{2B0F6017-F070-4C86-9640-DAD5D346E91E} = {EB29D575-8E81-4EFA-815A-0EF90A290E4A}
		{63510401-E957-49E5-A8E9-927DCBD7F5CE} = {EB29D575-8E81-4EFA-815A-0EF90A290E4A}
		{13AADC88-4397-A29F-8B14-03DEC0AFB1C6} = {34736B3C-2F68-4D5B-A861-CB7841CC2D33}
		{57A8B5A6-B0FD-479F-AC1D-4AE2B60E27E7} = {2A337194-9B49-45D1-AF1E-3EE7E96E3DDB}
		{5B067DEB-1FDE-4A3C-B19D-74F40DCBCB8B} = {588B8AE4-0A65-4ADD-A0F1-5F608420F380}
		{5047B084-5D38-04E4-E59E-DA396FC2FEC9} = {5B067DEB-1FDE-4A3C-B19D-74F40DCBCB8B}
		{43029305-0F11-2887-86F1-9402BC5EF6A6} = {5B067DEB-1FDE-4A3C-B19D-74F40DCBCB8B}
		{3EAC4D90-7924-0DB8-D9E5-A4915D30E0E1} = {34736B3C-2F68-4D5B-A861-CB7841CC2D33}
		{E6E4111B-E2FB-DDCB-FC40-92721D7E6960} = {5B067DEB-1FDE-4A3C-B19D-74F40DCBCB8B}
		{2AB7DCBD-EA59-877A-74D6-7D889305C259} = {5B067DEB-1FDE-4A3C-B19D-74F40DCBCB8B}
		{9202B7DB-0CFF-48BB-9596-380B9AD1DD2F} = {DE252BAE-87B4-BA70-9EE8-0F878DF1CFFE}
		{D05B70DE-2530-4A2E-8F83-ACEF7241517F} = {DE252BAE-87B4-BA70-9EE8-0F878DF1CFFE}
		{005E2CA9-82FA-4A90-A2CE-A5220ADD78F1} = {DE252BAE-87B4-BA70-9EE8-0F878DF1CFFE}
		{F3701B87-2B91-48FA-A1E5-0208267781A1} = {DE252BAE-87B4-BA70-9EE8-0F878DF1CFFE}
		{E711279C-1BA5-497C-95F4-55957AC180F3} = {DE252BAE-87B4-BA70-9EE8-0F878DF1CFFE}
		{618412D7-9F8F-4F39-80CD-DC0107FBF31C} = {DE252BAE-87B4-BA70-9EE8-0F878DF1CFFE}
		{DE12C069-26CA-4367-BF5D-9C5DDD899C42} = {DE252BAE-87B4-BA70-9EE8-0F878DF1CFFE}
		{C730C25C-055D-4699-AE89-79A7896B3431} = {DE252BAE-87B4-BA70-9EE8-0F878DF1CFFE}
		{988A40FB-E221-4A46-B259-76D8144AD833} = {DE252BAE-87B4-BA70-9EE8-0F878DF1CFFE}
		{7A98C2D0-7720-43CA-AAAC-325683DD387F} = {0A19924D-C216-53F2-1AB4-036A9BE387AD}
	EndGlobalSection
	GlobalSection(ExtensibilityGlobals) = postSolution
		SolutionGuid = {64464076-9137-4F9B-A685-E1FC99778638}
	EndGlobalSection
EndGlobal
