
Microsoft Visual Studio Solution File, Format Version 12.00
# Visual Studio Version 18
VisualStudioVersion = 18.0.11222.15
MinimumVisualStudioVersion = 10.0.40219.1

Project("{2150E333-8FDC-42A3-9474-1A3956D46DE8}") = "Foundation Projects", "Foundation Projects", "{588B8AE4-0A65-4ADD-A0F1-5F608420F380}"
EndProject
Project("{9A19103F-16F7-4668-BE54-9A1E7A4F7556}") = "FoundationCommon", "FoundationCommon\FoundationCommon.csproj", "{794E82EF-349A-4D77-898B-F493DAD8B6CD}"
EndProject
Project("{9A19103F-16F7-4668-BE54-9A1E7A4F7556}") = "Foundation", "FoundationCore\Foundation.csproj", "{1592CF3C-8C3C-43E5-AD1C-323E11FCEBE7}"
EndProject
Project("{2150E333-8FDC-42A3-9474-1A3956D46DE8}") = "Database Generators", "Database Generators", "{34736B3C-2F68-4D5B-A861-CB7841CC2D33}"
EndProject
Project("{9A19103F-16F7-4668-BE54-9A1E7A4F7556}") = "SecurityDatabaseGenerator", "DatabaseGenerators\SecurityDatabaseGenerator\SecurityDatabaseGenerator.csproj", "{A2E42FBD-E194-43C8-943B-83A451F79A74}"
EndProject
Project("{9A19103F-16F7-4668-BE54-9A1E7A4F7556}") = "AuditorDatabaseGenerator", "DatabaseGenerators\AuditorDatabaseGenerator\AuditorDatabaseGenerator.csproj", "{9FB5B09F-CCD7-4100-9281-72019A436F4C}"
EndProject
Project("{2150E333-8FDC-42A3-9474-1A3956D46DE8}") = "Solution Items", "Solution Items", "{280130EB-A24A-47F9-9AC6-24D7AB4A8382}"
	ProjectSection(SolutionItems) = preProject
		.editorconfig = .editorconfig
	EndProjectSection
EndProject
Project("{9A19103F-16F7-4668-BE54-9A1E7A4F7556}") = "CodeGenerationCommon", "CodeGenerationCommon\CodeGenerationCommon.csproj", "{2B3FD36D-7018-4C0E-86B8-9B1A0E2FDEAB}"
EndProject
Project("{2150E333-8FDC-42A3-9474-1A3956D46DE8}") = "Code Generation", "Code Generation", "{FD4178C7-EF21-4AB7-88C0-FA056CA736A1}"
EndProject
Project("{9A19103F-16F7-4668-BE54-9A1E7A4F7556}") = "CodeGenerationCore", "CodeGenerationCore\CodeGenerationCore.csproj", "{C9200A82-18C6-45BC-833A-4C11F211C7D5}"
EndProject
Project("{9A19103F-16F7-4668-BE54-9A1E7A4F7556}") = "HangFireDatabaseGenerator", "DatabaseGenerators\HangFireDatabaseGenerator\HangFireDatabaseGenerator.csproj", "{9CE430A9-546C-414A-8F32-2C3DB859A20C}"
EndProject
Project("{FAE04EC0-301F-11D3-BF4B-00C04F79EFBC}") = "Foundation.Web", "FoundationCore.Web\Foundation.Web.csproj", "{1BE9055D-C4D7-470E-BA58-34CF94A81CB2}"
EndProject
Project("{2150E333-8FDC-42A3-9474-1A3956D46DE8}") = "Libraries", "Libraries", "{2A337194-9B49-45D1-AF1E-3EE7E96E3DDB}"
EndProject
Project("{2150E333-8FDC-42A3-9474-1A3956D46DE8}") = "Foundation Admin", "Foundation Admin", "{46CC22F7-E000-498C-AABE-DD80911BCAB5}"
EndProject
Project("{54A90642-561A-4BB1-A94E-469ADEE60C69}") = "Foundation.Client", "Foundation\Foundation.Client\Foundation.Client.esproj", "{489C606B-81BD-CEEC-579B-839FEFB45559}"
EndProject
Project("{FAE04EC0-301F-11D3-BF4B-00C04F79EFBC}") = "Foundation.Server", "Foundation\Foundation.Server\Foundation.Server.csproj", "{6024D085-B019-FE82-84CE-4118B8032038}"
EndProject
Project("{FAE04EC0-301F-11D3-BF4B-00C04F79EFBC}") = "FoundationTools", "FoundationCoreTools\FoundationTools.csproj", "{31A25911-ED7D-C151-5A06-DA374935BCEA}"
EndProject
Project("{2150E333-8FDC-42A3-9474-1A3956D46DE8}") = "Scheduler Projects", "Scheduler Projects", "{EB29D575-8E81-4EFA-815A-0EF90A290E4A}"
EndProject
Project("{FAE04EC0-301F-11D3-BF4B-00C04F79EFBC}") = "SchedulerDatabaseGenerator", "SchedulerDatabaseGenerator\SchedulerDatabaseGenerator.csproj", "{DB91A499-933A-5733-84F8-D7FCF2B3E94B}"
EndProject
Project("{FAE04EC0-301F-11D3-BF4B-00C04F79EFBC}") = "SchedulerTools", "SchedulerTools\SchedulerTools.csproj", "{14BAE193-665F-8974-18B9-9670E04BE371}"
EndProject
Project("{FAE04EC0-301F-11D3-BF4B-00C04F79EFBC}") = "SchedulerDatabase", "SchedulerDatabase\SchedulerDatabase.csproj", "{9A7D5E03-EC39-CA4A-7EAC-8306350A5871}"
EndProject
Project("{FAE04EC0-301F-11D3-BF4B-00C04F79EFBC}") = "Scheduler.Server", "Scheduler\Scheduler.Server\Scheduler.Server.csproj", "{11023117-A037-FD4F-2819-1BEC9A8BCDA3}"
EndProject
Project("{54A90642-561A-4BB1-A94E-469ADEE60C69}") = "Scheduler.Client", "Scheduler\Scheduler.Client\Scheduler.Client.esproj", "{36FB74FE-D204-2083-BD77-99B922ACF033}"
EndProject
Project("{FAE04EC0-301F-11D3-BF4B-00C04F79EFBC}") = "SchedulerServices", "SchedulerServices\SchedulerServices.csproj", "{2B0F6017-F070-4C86-9640-DAD5D346E91E}"
EndProject
Global
	GlobalSection(SolutionConfigurationPlatforms) = preSolution
		Debug|Any CPU = Debug|Any CPU
		Debug|x64 = Debug|x64
		Debug|x86 = Debug|x86
		Release|Any CPU = Release|Any CPU
		Release|x64 = Release|x64
		Release|x86 = Release|x86
	EndGlobalSection
	GlobalSection(ProjectConfigurationPlatforms) = postSolution
		{2C069A97-B297-45B7-B12E-EB701CF75079}.Debug|Any CPU.ActiveCfg = Debug|Any CPU
		{2C069A97-B297-45B7-B12E-EB701CF75079}.Debug|Any CPU.Build.0 = Debug|Any CPU
		{2C069A97-B297-45B7-B12E-EB701CF75079}.Debug|x64.ActiveCfg = Debug|Any CPU
		{2C069A97-B297-45B7-B12E-EB701CF75079}.Debug|x64.Build.0 = Debug|Any CPU
		{2C069A97-B297-45B7-B12E-EB701CF75079}.Debug|x86.ActiveCfg = Debug|Any CPU
		{2C069A97-B297-45B7-B12E-EB701CF75079}.Debug|x86.Build.0 = Debug|Any CPU
		{2C069A97-B297-45B7-B12E-EB701CF75079}.Release|Any CPU.ActiveCfg = Release|Any CPU
		{2C069A97-B297-45B7-B12E-EB701CF75079}.Release|Any CPU.Build.0 = Release|Any CPU
		{2C069A97-B297-45B7-B12E-EB701CF75079}.Release|x64.ActiveCfg = Release|Any CPU
		{2C069A97-B297-45B7-B12E-EB701CF75079}.Release|x64.Build.0 = Release|Any CPU
		{2C069A97-B297-45B7-B12E-EB701CF75079}.Release|x86.ActiveCfg = Release|Any CPU
		{2C069A97-B297-45B7-B12E-EB701CF75079}.Release|x86.Build.0 = Release|Any CPU
		{8DC6EFB3-D16F-4195-A30B-9D3167173334}.Debug|Any CPU.ActiveCfg = Debug|Any CPU
		{8DC6EFB3-D16F-4195-A30B-9D3167173334}.Debug|Any CPU.Build.0 = Debug|Any CPU
		{8DC6EFB3-D16F-4195-A30B-9D3167173334}.Debug|x64.ActiveCfg = Debug|Any CPU
		{8DC6EFB3-D16F-4195-A30B-9D3167173334}.Debug|x64.Build.0 = Debug|Any CPU
		{8DC6EFB3-D16F-4195-A30B-9D3167173334}.Debug|x86.ActiveCfg = Debug|Any CPU
		{8DC6EFB3-D16F-4195-A30B-9D3167173334}.Debug|x86.Build.0 = Debug|Any CPU
		{8DC6EFB3-D16F-4195-A30B-9D3167173334}.Release|Any CPU.ActiveCfg = Release|Any CPU
		{8DC6EFB3-D16F-4195-A30B-9D3167173334}.Release|Any CPU.Build.0 = Release|Any CPU
		{8DC6EFB3-D16F-4195-A30B-9D3167173334}.Release|x64.ActiveCfg = Release|Any CPU
		{8DC6EFB3-D16F-4195-A30B-9D3167173334}.Release|x64.Build.0 = Release|Any CPU
		{8DC6EFB3-D16F-4195-A30B-9D3167173334}.Release|x86.ActiveCfg = Release|Any CPU
		{8DC6EFB3-D16F-4195-A30B-9D3167173334}.Release|x86.Build.0 = Release|Any CPU
		{E98C2CD1-26CB-4953-811D-497C3BCF593B}.Debug|Any CPU.ActiveCfg = Debug|Any CPU
		{E98C2CD1-26CB-4953-811D-497C3BCF593B}.Debug|Any CPU.Build.0 = Debug|Any CPU
		{E98C2CD1-26CB-4953-811D-497C3BCF593B}.Debug|Any CPU.Deploy.0 = Debug|Any CPU
		{E98C2CD1-26CB-4953-811D-497C3BCF593B}.Debug|x64.ActiveCfg = Debug|Any CPU
		{E98C2CD1-26CB-4953-811D-497C3BCF593B}.Debug|x64.Build.0 = Debug|Any CPU
		{E98C2CD1-26CB-4953-811D-497C3BCF593B}.Debug|x86.ActiveCfg = Debug|Any CPU
		{E98C2CD1-26CB-4953-811D-497C3BCF593B}.Debug|x86.Build.0 = Debug|Any CPU
		{E98C2CD1-26CB-4953-811D-497C3BCF593B}.Release|Any CPU.ActiveCfg = Release|Any CPU
		{E98C2CD1-26CB-4953-811D-497C3BCF593B}.Release|Any CPU.Build.0 = Release|Any CPU
		{E98C2CD1-26CB-4953-811D-497C3BCF593B}.Release|Any CPU.Deploy.0 = Release|Any CPU
		{E98C2CD1-26CB-4953-811D-497C3BCF593B}.Release|x64.ActiveCfg = Release|Any CPU
		{E98C2CD1-26CB-4953-811D-497C3BCF593B}.Release|x64.Build.0 = Release|Any CPU
		{E98C2CD1-26CB-4953-811D-497C3BCF593B}.Release|x86.ActiveCfg = Release|Any CPU
		{E98C2CD1-26CB-4953-811D-497C3BCF593B}.Release|x86.Build.0 = Release|Any CPU
		{356984FA-9B41-4CF9-A949-EFF40E87A3BA}.Debug|Any CPU.ActiveCfg = Debug|Any CPU
		{356984FA-9B41-4CF9-A949-EFF40E87A3BA}.Debug|Any CPU.Build.0 = Debug|Any CPU
		{356984FA-9B41-4CF9-A949-EFF40E87A3BA}.Debug|x64.ActiveCfg = Debug|Any CPU
		{356984FA-9B41-4CF9-A949-EFF40E87A3BA}.Debug|x64.Build.0 = Debug|Any CPU
		{356984FA-9B41-4CF9-A949-EFF40E87A3BA}.Debug|x86.ActiveCfg = Debug|Any CPU
		{356984FA-9B41-4CF9-A949-EFF40E87A3BA}.Debug|x86.Build.0 = Debug|Any CPU
		{356984FA-9B41-4CF9-A949-EFF40E87A3BA}.Release|Any CPU.ActiveCfg = Release|Any CPU
		{356984FA-9B41-4CF9-A949-EFF40E87A3BA}.Release|Any CPU.Build.0 = Release|Any CPU
		{356984FA-9B41-4CF9-A949-EFF40E87A3BA}.Release|x64.ActiveCfg = Release|Any CPU
		{356984FA-9B41-4CF9-A949-EFF40E87A3BA}.Release|x64.Build.0 = Release|Any CPU
		{356984FA-9B41-4CF9-A949-EFF40E87A3BA}.Release|x86.ActiveCfg = Release|Any CPU
		{356984FA-9B41-4CF9-A949-EFF40E87A3BA}.Release|x86.Build.0 = Release|Any CPU
		{CA528DBD-57B1-46C3-8A77-5C6570091310}.Debug|Any CPU.ActiveCfg = Debug|Any CPU
		{CA528DBD-57B1-46C3-8A77-5C6570091310}.Debug|Any CPU.Build.0 = Debug|Any CPU
		{CA528DBD-57B1-46C3-8A77-5C6570091310}.Debug|x64.ActiveCfg = Debug|Any CPU
		{CA528DBD-57B1-46C3-8A77-5C6570091310}.Debug|x64.Build.0 = Debug|Any CPU
		{CA528DBD-57B1-46C3-8A77-5C6570091310}.Debug|x86.ActiveCfg = Debug|Any CPU
		{CA528DBD-57B1-46C3-8A77-5C6570091310}.Debug|x86.Build.0 = Debug|Any CPU
		{CA528DBD-57B1-46C3-8A77-5C6570091310}.Release|Any CPU.ActiveCfg = Release|Any CPU
		{CA528DBD-57B1-46C3-8A77-5C6570091310}.Release|Any CPU.Build.0 = Release|Any CPU
		{CA528DBD-57B1-46C3-8A77-5C6570091310}.Release|x64.ActiveCfg = Release|Any CPU
		{CA528DBD-57B1-46C3-8A77-5C6570091310}.Release|x64.Build.0 = Release|Any CPU
		{CA528DBD-57B1-46C3-8A77-5C6570091310}.Release|x86.ActiveCfg = Release|Any CPU
		{CA528DBD-57B1-46C3-8A77-5C6570091310}.Release|x86.Build.0 = Release|Any CPU
		{7E526589-0AEF-4FB0-A06B-A376460373D7}.Debug|Any CPU.ActiveCfg = Debug|Any CPU
		{7E526589-0AEF-4FB0-A06B-A376460373D7}.Debug|Any CPU.Build.0 = Debug|Any CPU
		{7E526589-0AEF-4FB0-A06B-A376460373D7}.Debug|x64.ActiveCfg = Debug|Any CPU
		{7E526589-0AEF-4FB0-A06B-A376460373D7}.Debug|x64.Build.0 = Debug|Any CPU
		{7E526589-0AEF-4FB0-A06B-A376460373D7}.Debug|x86.ActiveCfg = Debug|Any CPU
		{7E526589-0AEF-4FB0-A06B-A376460373D7}.Debug|x86.Build.0 = Debug|Any CPU
		{7E526589-0AEF-4FB0-A06B-A376460373D7}.Release|Any CPU.ActiveCfg = Release|Any CPU
		{7E526589-0AEF-4FB0-A06B-A376460373D7}.Release|Any CPU.Build.0 = Release|Any CPU
		{7E526589-0AEF-4FB0-A06B-A376460373D7}.Release|x64.ActiveCfg = Release|Any CPU
		{7E526589-0AEF-4FB0-A06B-A376460373D7}.Release|x64.Build.0 = Release|Any CPU
		{7E526589-0AEF-4FB0-A06B-A376460373D7}.Release|x86.ActiveCfg = Release|Any CPU
		{7E526589-0AEF-4FB0-A06B-A376460373D7}.Release|x86.Build.0 = Release|Any CPU
		{5D0EEDC4-B12F-456E-9FFE-5CF877CCDA10}.Debug|Any CPU.ActiveCfg = Debug|Any CPU
		{5D0EEDC4-B12F-456E-9FFE-5CF877CCDA10}.Debug|Any CPU.Build.0 = Debug|Any CPU
		{5D0EEDC4-B12F-456E-9FFE-5CF877CCDA10}.Debug|x64.ActiveCfg = Debug|Any CPU
		{5D0EEDC4-B12F-456E-9FFE-5CF877CCDA10}.Debug|x64.Build.0 = Debug|Any CPU
		{5D0EEDC4-B12F-456E-9FFE-5CF877CCDA10}.Debug|x86.ActiveCfg = Debug|Any CPU
		{5D0EEDC4-B12F-456E-9FFE-5CF877CCDA10}.Debug|x86.Build.0 = Debug|Any CPU
		{5D0EEDC4-B12F-456E-9FFE-5CF877CCDA10}.Release|Any CPU.ActiveCfg = Release|Any CPU
		{5D0EEDC4-B12F-456E-9FFE-5CF877CCDA10}.Release|Any CPU.Build.0 = Release|Any CPU
		{5D0EEDC4-B12F-456E-9FFE-5CF877CCDA10}.Release|x64.ActiveCfg = Release|Any CPU
		{5D0EEDC4-B12F-456E-9FFE-5CF877CCDA10}.Release|x64.Build.0 = Release|Any CPU
		{5D0EEDC4-B12F-456E-9FFE-5CF877CCDA10}.Release|x86.ActiveCfg = Release|Any CPU
		{5D0EEDC4-B12F-456E-9FFE-5CF877CCDA10}.Release|x86.Build.0 = Release|Any CPU
		{794E82EF-349A-4D77-898B-F493DAD8B6CD}.Debug|Any CPU.ActiveCfg = Debug|Any CPU
		{794E82EF-349A-4D77-898B-F493DAD8B6CD}.Debug|Any CPU.Build.0 = Debug|Any CPU
		{794E82EF-349A-4D77-898B-F493DAD8B6CD}.Debug|x64.ActiveCfg = Debug|Any CPU
		{794E82EF-349A-4D77-898B-F493DAD8B6CD}.Debug|x64.Build.0 = Debug|Any CPU
		{794E82EF-349A-4D77-898B-F493DAD8B6CD}.Debug|x86.ActiveCfg = Debug|Any CPU
		{794E82EF-349A-4D77-898B-F493DAD8B6CD}.Debug|x86.Build.0 = Debug|Any CPU
		{794E82EF-349A-4D77-898B-F493DAD8B6CD}.Release|Any CPU.ActiveCfg = Release|Any CPU
		{794E82EF-349A-4D77-898B-F493DAD8B6CD}.Release|Any CPU.Build.0 = Release|Any CPU
		{794E82EF-349A-4D77-898B-F493DAD8B6CD}.Release|x64.ActiveCfg = Release|Any CPU
		{794E82EF-349A-4D77-898B-F493DAD8B6CD}.Release|x64.Build.0 = Release|Any CPU
		{794E82EF-349A-4D77-898B-F493DAD8B6CD}.Release|x86.ActiveCfg = Release|Any CPU
		{794E82EF-349A-4D77-898B-F493DAD8B6CD}.Release|x86.Build.0 = Release|Any CPU
		{1592CF3C-8C3C-43E5-AD1C-323E11FCEBE7}.Debug|Any CPU.ActiveCfg = Debug|Any CPU
		{1592CF3C-8C3C-43E5-AD1C-323E11FCEBE7}.Debug|Any CPU.Build.0 = Debug|Any CPU
		{1592CF3C-8C3C-43E5-AD1C-323E11FCEBE7}.Debug|x64.ActiveCfg = Debug|Any CPU
		{1592CF3C-8C3C-43E5-AD1C-323E11FCEBE7}.Debug|x64.Build.0 = Debug|Any CPU
		{1592CF3C-8C3C-43E5-AD1C-323E11FCEBE7}.Debug|x86.ActiveCfg = Debug|Any CPU
		{1592CF3C-8C3C-43E5-AD1C-323E11FCEBE7}.Debug|x86.Build.0 = Debug|Any CPU
		{1592CF3C-8C3C-43E5-AD1C-323E11FCEBE7}.Release|Any CPU.ActiveCfg = Release|Any CPU
		{1592CF3C-8C3C-43E5-AD1C-323E11FCEBE7}.Release|Any CPU.Build.0 = Release|Any CPU
		{1592CF3C-8C3C-43E5-AD1C-323E11FCEBE7}.Release|x64.ActiveCfg = Release|Any CPU
		{1592CF3C-8C3C-43E5-AD1C-323E11FCEBE7}.Release|x64.Build.0 = Release|Any CPU
		{1592CF3C-8C3C-43E5-AD1C-323E11FCEBE7}.Release|x86.ActiveCfg = Release|Any CPU
		{1592CF3C-8C3C-43E5-AD1C-323E11FCEBE7}.Release|x86.Build.0 = Release|Any CPU
		{A2E42FBD-E194-43C8-943B-83A451F79A74}.Debug|Any CPU.ActiveCfg = Debug|Any CPU
		{A2E42FBD-E194-43C8-943B-83A451F79A74}.Debug|Any CPU.Build.0 = Debug|Any CPU
		{A2E42FBD-E194-43C8-943B-83A451F79A74}.Debug|x64.ActiveCfg = Debug|Any CPU
		{A2E42FBD-E194-43C8-943B-83A451F79A74}.Debug|x64.Build.0 = Debug|Any CPU
		{A2E42FBD-E194-43C8-943B-83A451F79A74}.Debug|x86.ActiveCfg = Debug|Any CPU
		{A2E42FBD-E194-43C8-943B-83A451F79A74}.Debug|x86.Build.0 = Debug|Any CPU
		{A2E42FBD-E194-43C8-943B-83A451F79A74}.Release|Any CPU.ActiveCfg = Release|Any CPU
		{A2E42FBD-E194-43C8-943B-83A451F79A74}.Release|Any CPU.Build.0 = Release|Any CPU
		{A2E42FBD-E194-43C8-943B-83A451F79A74}.Release|x64.ActiveCfg = Release|Any CPU
		{A2E42FBD-E194-43C8-943B-83A451F79A74}.Release|x64.Build.0 = Release|Any CPU
		{A2E42FBD-E194-43C8-943B-83A451F79A74}.Release|x86.ActiveCfg = Release|Any CPU
		{A2E42FBD-E194-43C8-943B-83A451F79A74}.Release|x86.Build.0 = Release|Any CPU
		{9FB5B09F-CCD7-4100-9281-72019A436F4C}.Debug|Any CPU.ActiveCfg = Debug|Any CPU
		{9FB5B09F-CCD7-4100-9281-72019A436F4C}.Debug|Any CPU.Build.0 = Debug|Any CPU
		{9FB5B09F-CCD7-4100-9281-72019A436F4C}.Debug|x64.ActiveCfg = Debug|Any CPU
		{9FB5B09F-CCD7-4100-9281-72019A436F4C}.Debug|x64.Build.0 = Debug|Any CPU
		{9FB5B09F-CCD7-4100-9281-72019A436F4C}.Debug|x86.ActiveCfg = Debug|Any CPU
		{9FB5B09F-CCD7-4100-9281-72019A436F4C}.Debug|x86.Build.0 = Debug|Any CPU
		{9FB5B09F-CCD7-4100-9281-72019A436F4C}.Release|Any CPU.ActiveCfg = Release|Any CPU
		{9FB5B09F-CCD7-4100-9281-72019A436F4C}.Release|Any CPU.Build.0 = Release|Any CPU
		{9FB5B09F-CCD7-4100-9281-72019A436F4C}.Release|x64.ActiveCfg = Release|Any CPU
		{9FB5B09F-CCD7-4100-9281-72019A436F4C}.Release|x64.Build.0 = Release|Any CPU
		{9FB5B09F-CCD7-4100-9281-72019A436F4C}.Release|x86.ActiveCfg = Release|Any CPU
		{9FB5B09F-CCD7-4100-9281-72019A436F4C}.Release|x86.Build.0 = Release|Any CPU
		{6D5FEDEF-ABDE-4997-AF9B-F518248A1D54}.Debug|Any CPU.ActiveCfg = Debug|Any CPU
		{6D5FEDEF-ABDE-4997-AF9B-F518248A1D54}.Debug|Any CPU.Build.0 = Debug|Any CPU
		{6D5FEDEF-ABDE-4997-AF9B-F518248A1D54}.Debug|x64.ActiveCfg = Debug|Any CPU
		{6D5FEDEF-ABDE-4997-AF9B-F518248A1D54}.Debug|x64.Build.0 = Debug|Any CPU
		{6D5FEDEF-ABDE-4997-AF9B-F518248A1D54}.Debug|x86.ActiveCfg = Debug|Any CPU
		{6D5FEDEF-ABDE-4997-AF9B-F518248A1D54}.Debug|x86.Build.0 = Debug|Any CPU
		{6D5FEDEF-ABDE-4997-AF9B-F518248A1D54}.Release|Any CPU.ActiveCfg = Release|Any CPU
		{6D5FEDEF-ABDE-4997-AF9B-F518248A1D54}.Release|Any CPU.Build.0 = Release|Any CPU
		{6D5FEDEF-ABDE-4997-AF9B-F518248A1D54}.Release|x64.ActiveCfg = Release|Any CPU
		{6D5FEDEF-ABDE-4997-AF9B-F518248A1D54}.Release|x64.Build.0 = Release|Any CPU
		{6D5FEDEF-ABDE-4997-AF9B-F518248A1D54}.Release|x86.ActiveCfg = Release|Any CPU
		{6D5FEDEF-ABDE-4997-AF9B-F518248A1D54}.Release|x86.Build.0 = Release|Any CPU
		{6AE2A488-D3E2-49E4-9BA0-0C6CDF0CCF37}.Debug|Any CPU.ActiveCfg = Debug|Any CPU
		{6AE2A488-D3E2-49E4-9BA0-0C6CDF0CCF37}.Debug|Any CPU.Build.0 = Debug|Any CPU
		{6AE2A488-D3E2-49E4-9BA0-0C6CDF0CCF37}.Debug|x64.ActiveCfg = Debug|Any CPU
		{6AE2A488-D3E2-49E4-9BA0-0C6CDF0CCF37}.Debug|x64.Build.0 = Debug|Any CPU
		{6AE2A488-D3E2-49E4-9BA0-0C6CDF0CCF37}.Debug|x86.ActiveCfg = Debug|Any CPU
		{6AE2A488-D3E2-49E4-9BA0-0C6CDF0CCF37}.Debug|x86.Build.0 = Debug|Any CPU
		{6AE2A488-D3E2-49E4-9BA0-0C6CDF0CCF37}.Release|Any CPU.ActiveCfg = Release|Any CPU
		{6AE2A488-D3E2-49E4-9BA0-0C6CDF0CCF37}.Release|Any CPU.Build.0 = Release|Any CPU
		{6AE2A488-D3E2-49E4-9BA0-0C6CDF0CCF37}.Release|x64.ActiveCfg = Release|Any CPU
		{6AE2A488-D3E2-49E4-9BA0-0C6CDF0CCF37}.Release|x64.Build.0 = Release|Any CPU
		{6AE2A488-D3E2-49E4-9BA0-0C6CDF0CCF37}.Release|x86.ActiveCfg = Release|Any CPU
		{6AE2A488-D3E2-49E4-9BA0-0C6CDF0CCF37}.Release|x86.Build.0 = Release|Any CPU
		{2B3FD36D-7018-4C0E-86B8-9B1A0E2FDEAB}.Debug|Any CPU.ActiveCfg = Debug|Any CPU
		{2B3FD36D-7018-4C0E-86B8-9B1A0E2FDEAB}.Debug|Any CPU.Build.0 = Debug|Any CPU
		{2B3FD36D-7018-4C0E-86B8-9B1A0E2FDEAB}.Debug|x64.ActiveCfg = Debug|Any CPU
		{2B3FD36D-7018-4C0E-86B8-9B1A0E2FDEAB}.Debug|x64.Build.0 = Debug|Any CPU
		{2B3FD36D-7018-4C0E-86B8-9B1A0E2FDEAB}.Debug|x86.ActiveCfg = Debug|Any CPU
		{2B3FD36D-7018-4C0E-86B8-9B1A0E2FDEAB}.Debug|x86.Build.0 = Debug|Any CPU
		{2B3FD36D-7018-4C0E-86B8-9B1A0E2FDEAB}.Release|Any CPU.ActiveCfg = Release|Any CPU
		{2B3FD36D-7018-4C0E-86B8-9B1A0E2FDEAB}.Release|Any CPU.Build.0 = Release|Any CPU
		{2B3FD36D-7018-4C0E-86B8-9B1A0E2FDEAB}.Release|x64.ActiveCfg = Release|Any CPU
		{2B3FD36D-7018-4C0E-86B8-9B1A0E2FDEAB}.Release|x64.Build.0 = Release|Any CPU
		{2B3FD36D-7018-4C0E-86B8-9B1A0E2FDEAB}.Release|x86.ActiveCfg = Release|Any CPU
		{2B3FD36D-7018-4C0E-86B8-9B1A0E2FDEAB}.Release|x86.Build.0 = Release|Any CPU
		{C9200A82-18C6-45BC-833A-4C11F211C7D5}.Debug|Any CPU.ActiveCfg = Debug|Any CPU
		{C9200A82-18C6-45BC-833A-4C11F211C7D5}.Debug|Any CPU.Build.0 = Debug|Any CPU
		{C9200A82-18C6-45BC-833A-4C11F211C7D5}.Debug|x64.ActiveCfg = Debug|Any CPU
		{C9200A82-18C6-45BC-833A-4C11F211C7D5}.Debug|x64.Build.0 = Debug|Any CPU
		{C9200A82-18C6-45BC-833A-4C11F211C7D5}.Debug|x86.ActiveCfg = Debug|Any CPU
		{C9200A82-18C6-45BC-833A-4C11F211C7D5}.Debug|x86.Build.0 = Debug|Any CPU
		{C9200A82-18C6-45BC-833A-4C11F211C7D5}.Release|Any CPU.ActiveCfg = Release|Any CPU
		{C9200A82-18C6-45BC-833A-4C11F211C7D5}.Release|Any CPU.Build.0 = Release|Any CPU
		{C9200A82-18C6-45BC-833A-4C11F211C7D5}.Release|x64.ActiveCfg = Release|Any CPU
		{C9200A82-18C6-45BC-833A-4C11F211C7D5}.Release|x64.Build.0 = Release|Any CPU
		{C9200A82-18C6-45BC-833A-4C11F211C7D5}.Release|x86.ActiveCfg = Release|Any CPU
		{C9200A82-18C6-45BC-833A-4C11F211C7D5}.Release|x86.Build.0 = Release|Any CPU
		{9CE430A9-546C-414A-8F32-2C3DB859A20C}.Debug|Any CPU.ActiveCfg = Debug|Any CPU
		{9CE430A9-546C-414A-8F32-2C3DB859A20C}.Debug|Any CPU.Build.0 = Debug|Any CPU
		{9CE430A9-546C-414A-8F32-2C3DB859A20C}.Debug|x64.ActiveCfg = Debug|Any CPU
		{9CE430A9-546C-414A-8F32-2C3DB859A20C}.Debug|x64.Build.0 = Debug|Any CPU
		{9CE430A9-546C-414A-8F32-2C3DB859A20C}.Debug|x86.ActiveCfg = Debug|Any CPU
		{9CE430A9-546C-414A-8F32-2C3DB859A20C}.Debug|x86.Build.0 = Debug|Any CPU
		{9CE430A9-546C-414A-8F32-2C3DB859A20C}.Release|Any CPU.ActiveCfg = Release|Any CPU
		{9CE430A9-546C-414A-8F32-2C3DB859A20C}.Release|Any CPU.Build.0 = Release|Any CPU
		{9CE430A9-546C-414A-8F32-2C3DB859A20C}.Release|x64.ActiveCfg = Release|Any CPU
		{9CE430A9-546C-414A-8F32-2C3DB859A20C}.Release|x64.Build.0 = Release|Any CPU
		{9CE430A9-546C-414A-8F32-2C3DB859A20C}.Release|x86.ActiveCfg = Release|Any CPU
		{9CE430A9-546C-414A-8F32-2C3DB859A20C}.Release|x86.Build.0 = Release|Any CPU
		{4ACFB966-0500-4D1B-94A9-15FA02F3B031}.Debug|Any CPU.ActiveCfg = Debug|Any CPU
		{4ACFB966-0500-4D1B-94A9-15FA02F3B031}.Debug|Any CPU.Build.0 = Debug|Any CPU
		{4ACFB966-0500-4D1B-94A9-15FA02F3B031}.Debug|Any CPU.Deploy.0 = Debug|Any CPU
		{4ACFB966-0500-4D1B-94A9-15FA02F3B031}.Debug|x64.ActiveCfg = Debug|Any CPU
		{4ACFB966-0500-4D1B-94A9-15FA02F3B031}.Debug|x64.Build.0 = Debug|Any CPU
		{4ACFB966-0500-4D1B-94A9-15FA02F3B031}.Debug|x64.Deploy.0 = Debug|Any CPU
		{4ACFB966-0500-4D1B-94A9-15FA02F3B031}.Debug|x86.ActiveCfg = Debug|Any CPU
		{4ACFB966-0500-4D1B-94A9-15FA02F3B031}.Debug|x86.Build.0 = Debug|Any CPU
		{4ACFB966-0500-4D1B-94A9-15FA02F3B031}.Debug|x86.Deploy.0 = Debug|Any CPU
		{4ACFB966-0500-4D1B-94A9-15FA02F3B031}.Release|Any CPU.ActiveCfg = Release|Any CPU
		{4ACFB966-0500-4D1B-94A9-15FA02F3B031}.Release|Any CPU.Build.0 = Release|Any CPU
		{4ACFB966-0500-4D1B-94A9-15FA02F3B031}.Release|Any CPU.Deploy.0 = Release|Any CPU
		{4ACFB966-0500-4D1B-94A9-15FA02F3B031}.Release|x64.ActiveCfg = Release|Any CPU
		{4ACFB966-0500-4D1B-94A9-15FA02F3B031}.Release|x64.Build.0 = Release|Any CPU
		{4ACFB966-0500-4D1B-94A9-15FA02F3B031}.Release|x64.Deploy.0 = Release|Any CPU
		{4ACFB966-0500-4D1B-94A9-15FA02F3B031}.Release|x86.ActiveCfg = Release|Any CPU
		{4ACFB966-0500-4D1B-94A9-15FA02F3B031}.Release|x86.Build.0 = Release|Any CPU
		{4ACFB966-0500-4D1B-94A9-15FA02F3B031}.Release|x86.Deploy.0 = Release|Any CPU
		{F6DEC455-F76F-4606-AB94-686A8C67CBFB}.Debug|Any CPU.ActiveCfg = Debug|Any CPU
		{F6DEC455-F76F-4606-AB94-686A8C67CBFB}.Debug|Any CPU.Build.0 = Debug|Any CPU
		{F6DEC455-F76F-4606-AB94-686A8C67CBFB}.Debug|x64.ActiveCfg = Debug|Any CPU
		{F6DEC455-F76F-4606-AB94-686A8C67CBFB}.Debug|x64.Build.0 = Debug|Any CPU
		{F6DEC455-F76F-4606-AB94-686A8C67CBFB}.Debug|x86.ActiveCfg = Debug|Any CPU
		{F6DEC455-F76F-4606-AB94-686A8C67CBFB}.Debug|x86.Build.0 = Debug|Any CPU
		{F6DEC455-F76F-4606-AB94-686A8C67CBFB}.Release|Any CPU.ActiveCfg = Release|Any CPU
		{F6DEC455-F76F-4606-AB94-686A8C67CBFB}.Release|Any CPU.Build.0 = Release|Any CPU
		{F6DEC455-F76F-4606-AB94-686A8C67CBFB}.Release|x64.ActiveCfg = Release|Any CPU
		{F6DEC455-F76F-4606-AB94-686A8C67CBFB}.Release|x64.Build.0 = Release|Any CPU
		{F6DEC455-F76F-4606-AB94-686A8C67CBFB}.Release|x86.ActiveCfg = Release|Any CPU
		{F6DEC455-F76F-4606-AB94-686A8C67CBFB}.Release|x86.Build.0 = Release|Any CPU
		{7E12CDBC-8F6E-4BBD-A475-22C75E798D7B}.Debug|Any CPU.ActiveCfg = Debug|Any CPU
		{7E12CDBC-8F6E-4BBD-A475-22C75E798D7B}.Debug|Any CPU.Build.0 = Debug|Any CPU
		{7E12CDBC-8F6E-4BBD-A475-22C75E798D7B}.Debug|x64.ActiveCfg = Debug|Any CPU
		{7E12CDBC-8F6E-4BBD-A475-22C75E798D7B}.Debug|x64.Build.0 = Debug|Any CPU
		{7E12CDBC-8F6E-4BBD-A475-22C75E798D7B}.Debug|x86.ActiveCfg = Debug|Any CPU
		{7E12CDBC-8F6E-4BBD-A475-22C75E798D7B}.Debug|x86.Build.0 = Debug|Any CPU
		{7E12CDBC-8F6E-4BBD-A475-22C75E798D7B}.Release|Any CPU.ActiveCfg = Release|Any CPU
		{7E12CDBC-8F6E-4BBD-A475-22C75E798D7B}.Release|Any CPU.Build.0 = Release|Any CPU
		{7E12CDBC-8F6E-4BBD-A475-22C75E798D7B}.Release|x64.ActiveCfg = Release|Any CPU
		{7E12CDBC-8F6E-4BBD-A475-22C75E798D7B}.Release|x64.Build.0 = Release|Any CPU
		{7E12CDBC-8F6E-4BBD-A475-22C75E798D7B}.Release|x86.ActiveCfg = Release|Any CPU
		{7E12CDBC-8F6E-4BBD-A475-22C75E798D7B}.Release|x86.Build.0 = Release|Any CPU
		{B295F213-A03E-4E64-9C28-7BEBF3E3678E}.Debug|Any CPU.ActiveCfg = Debug|Any CPU
		{B295F213-A03E-4E64-9C28-7BEBF3E3678E}.Debug|Any CPU.Build.0 = Debug|Any CPU
		{B295F213-A03E-4E64-9C28-7BEBF3E3678E}.Debug|x64.ActiveCfg = Debug|Any CPU
		{B295F213-A03E-4E64-9C28-7BEBF3E3678E}.Debug|x64.Build.0 = Debug|Any CPU
		{B295F213-A03E-4E64-9C28-7BEBF3E3678E}.Debug|x86.ActiveCfg = Debug|Any CPU
		{B295F213-A03E-4E64-9C28-7BEBF3E3678E}.Debug|x86.Build.0 = Debug|Any CPU
		{B295F213-A03E-4E64-9C28-7BEBF3E3678E}.Release|Any CPU.ActiveCfg = Release|Any CPU
		{B295F213-A03E-4E64-9C28-7BEBF3E3678E}.Release|Any CPU.Build.0 = Release|Any CPU
		{B295F213-A03E-4E64-9C28-7BEBF3E3678E}.Release|x64.ActiveCfg = Release|Any CPU
		{B295F213-A03E-4E64-9C28-7BEBF3E3678E}.Release|x64.Build.0 = Release|Any CPU
		{B295F213-A03E-4E64-9C28-7BEBF3E3678E}.Release|x86.ActiveCfg = Release|Any CPU
		{B295F213-A03E-4E64-9C28-7BEBF3E3678E}.Release|x86.Build.0 = Release|Any CPU
		{C9866A7C-377A-4437-B452-1BB3CB5E07FD}.Debug|Any CPU.ActiveCfg = Debug|Any CPU
		{C9866A7C-377A-4437-B452-1BB3CB5E07FD}.Debug|Any CPU.Build.0 = Debug|Any CPU
		{C9866A7C-377A-4437-B452-1BB3CB5E07FD}.Debug|x64.ActiveCfg = Debug|Any CPU
		{C9866A7C-377A-4437-B452-1BB3CB5E07FD}.Debug|x64.Build.0 = Debug|Any CPU
		{C9866A7C-377A-4437-B452-1BB3CB5E07FD}.Debug|x86.ActiveCfg = Debug|Any CPU
		{C9866A7C-377A-4437-B452-1BB3CB5E07FD}.Debug|x86.Build.0 = Debug|Any CPU
		{C9866A7C-377A-4437-B452-1BB3CB5E07FD}.Release|Any CPU.ActiveCfg = Release|Any CPU
		{C9866A7C-377A-4437-B452-1BB3CB5E07FD}.Release|Any CPU.Build.0 = Release|Any CPU
		{C9866A7C-377A-4437-B452-1BB3CB5E07FD}.Release|x64.ActiveCfg = Release|Any CPU
		{C9866A7C-377A-4437-B452-1BB3CB5E07FD}.Release|x64.Build.0 = Release|Any CPU
		{C9866A7C-377A-4437-B452-1BB3CB5E07FD}.Release|x86.ActiveCfg = Release|Any CPU
		{C9866A7C-377A-4437-B452-1BB3CB5E07FD}.Release|x86.Build.0 = Release|Any CPU
		{03DF54EE-A18F-4A1D-916C-400E10B61031}.Debug|Any CPU.ActiveCfg = Debug|Any CPU
		{03DF54EE-A18F-4A1D-916C-400E10B61031}.Debug|Any CPU.Build.0 = Debug|Any CPU
		{03DF54EE-A18F-4A1D-916C-400E10B61031}.Debug|x64.ActiveCfg = Debug|Any CPU
		{03DF54EE-A18F-4A1D-916C-400E10B61031}.Debug|x64.Build.0 = Debug|Any CPU
		{03DF54EE-A18F-4A1D-916C-400E10B61031}.Debug|x86.ActiveCfg = Debug|Any CPU
		{03DF54EE-A18F-4A1D-916C-400E10B61031}.Debug|x86.Build.0 = Debug|Any CPU
		{03DF54EE-A18F-4A1D-916C-400E10B61031}.Release|Any CPU.ActiveCfg = Release|Any CPU
		{03DF54EE-A18F-4A1D-916C-400E10B61031}.Release|Any CPU.Build.0 = Release|Any CPU
		{03DF54EE-A18F-4A1D-916C-400E10B61031}.Release|x64.ActiveCfg = Release|Any CPU
		{03DF54EE-A18F-4A1D-916C-400E10B61031}.Release|x64.Build.0 = Release|Any CPU
		{03DF54EE-A18F-4A1D-916C-400E10B61031}.Release|x86.ActiveCfg = Release|Any CPU
		{03DF54EE-A18F-4A1D-916C-400E10B61031}.Release|x86.Build.0 = Release|Any CPU
		{33A1F310-C0E0-4900-AA80-4C1D46CB519C}.Debug|Any CPU.ActiveCfg = Debug|Any CPU
		{33A1F310-C0E0-4900-AA80-4C1D46CB519C}.Debug|Any CPU.Build.0 = Debug|Any CPU
		{33A1F310-C0E0-4900-AA80-4C1D46CB519C}.Debug|x64.ActiveCfg = Debug|Any CPU
		{33A1F310-C0E0-4900-AA80-4C1D46CB519C}.Debug|x64.Build.0 = Debug|Any CPU
		{33A1F310-C0E0-4900-AA80-4C1D46CB519C}.Debug|x86.ActiveCfg = Debug|Any CPU
		{33A1F310-C0E0-4900-AA80-4C1D46CB519C}.Debug|x86.Build.0 = Debug|Any CPU
		{33A1F310-C0E0-4900-AA80-4C1D46CB519C}.Release|Any CPU.ActiveCfg = Release|Any CPU
		{33A1F310-C0E0-4900-AA80-4C1D46CB519C}.Release|Any CPU.Build.0 = Release|Any CPU
		{33A1F310-C0E0-4900-AA80-4C1D46CB519C}.Release|x64.ActiveCfg = Release|Any CPU
		{33A1F310-C0E0-4900-AA80-4C1D46CB519C}.Release|x64.Build.0 = Release|Any CPU
		{33A1F310-C0E0-4900-AA80-4C1D46CB519C}.Release|x86.ActiveCfg = Release|Any CPU
		{33A1F310-C0E0-4900-AA80-4C1D46CB519C}.Release|x86.Build.0 = Release|Any CPU
		{C3C7A156-5D7C-4122-BA7A-FEEC6B14164C}.Debug|Any CPU.ActiveCfg = Debug|Any CPU
		{C3C7A156-5D7C-4122-BA7A-FEEC6B14164C}.Debug|Any CPU.Build.0 = Debug|Any CPU
		{C3C7A156-5D7C-4122-BA7A-FEEC6B14164C}.Debug|x64.ActiveCfg = Debug|Any CPU
		{C3C7A156-5D7C-4122-BA7A-FEEC6B14164C}.Debug|x64.Build.0 = Debug|Any CPU
		{C3C7A156-5D7C-4122-BA7A-FEEC6B14164C}.Debug|x86.ActiveCfg = Debug|Any CPU
		{C3C7A156-5D7C-4122-BA7A-FEEC6B14164C}.Debug|x86.Build.0 = Debug|Any CPU
		{C3C7A156-5D7C-4122-BA7A-FEEC6B14164C}.Release|Any CPU.ActiveCfg = Release|Any CPU
		{C3C7A156-5D7C-4122-BA7A-FEEC6B14164C}.Release|Any CPU.Build.0 = Release|Any CPU
		{C3C7A156-5D7C-4122-BA7A-FEEC6B14164C}.Release|x64.ActiveCfg = Release|Any CPU
		{C3C7A156-5D7C-4122-BA7A-FEEC6B14164C}.Release|x64.Build.0 = Release|Any CPU
		{C3C7A156-5D7C-4122-BA7A-FEEC6B14164C}.Release|x86.ActiveCfg = Release|Any CPU
		{C3C7A156-5D7C-4122-BA7A-FEEC6B14164C}.Release|x86.Build.0 = Release|Any CPU
		{8296741E-16BF-41EE-BB7E-9928E9C25D52}.Debug|Any CPU.ActiveCfg = Debug|Any CPU
		{8296741E-16BF-41EE-BB7E-9928E9C25D52}.Debug|Any CPU.Build.0 = Debug|Any CPU
		{8296741E-16BF-41EE-BB7E-9928E9C25D52}.Debug|x64.ActiveCfg = Debug|Any CPU
		{8296741E-16BF-41EE-BB7E-9928E9C25D52}.Debug|x64.Build.0 = Debug|Any CPU
		{8296741E-16BF-41EE-BB7E-9928E9C25D52}.Debug|x86.ActiveCfg = Debug|Any CPU
		{8296741E-16BF-41EE-BB7E-9928E9C25D52}.Debug|x86.Build.0 = Debug|Any CPU
		{8296741E-16BF-41EE-BB7E-9928E9C25D52}.Release|Any CPU.ActiveCfg = Release|Any CPU
		{8296741E-16BF-41EE-BB7E-9928E9C25D52}.Release|Any CPU.Build.0 = Release|Any CPU
		{8296741E-16BF-41EE-BB7E-9928E9C25D52}.Release|x64.ActiveCfg = Release|Any CPU
		{8296741E-16BF-41EE-BB7E-9928E9C25D52}.Release|x64.Build.0 = Release|Any CPU
		{8296741E-16BF-41EE-BB7E-9928E9C25D52}.Release|x86.ActiveCfg = Release|Any CPU
		{8296741E-16BF-41EE-BB7E-9928E9C25D52}.Release|x86.Build.0 = Release|Any CPU
		{8E583A43-3689-4176-BDC0-4045E75FAF3B}.Debug|Any CPU.ActiveCfg = Debug|Any CPU
		{8E583A43-3689-4176-BDC0-4045E75FAF3B}.Debug|Any CPU.Build.0 = Debug|Any CPU
		{8E583A43-3689-4176-BDC0-4045E75FAF3B}.Debug|x64.ActiveCfg = Debug|Any CPU
		{8E583A43-3689-4176-BDC0-4045E75FAF3B}.Debug|x64.Build.0 = Debug|Any CPU
		{8E583A43-3689-4176-BDC0-4045E75FAF3B}.Debug|x86.ActiveCfg = Debug|Any CPU
		{8E583A43-3689-4176-BDC0-4045E75FAF3B}.Debug|x86.Build.0 = Debug|Any CPU
		{8E583A43-3689-4176-BDC0-4045E75FAF3B}.Release|Any CPU.ActiveCfg = Release|Any CPU
		{8E583A43-3689-4176-BDC0-4045E75FAF3B}.Release|Any CPU.Build.0 = Release|Any CPU
		{8E583A43-3689-4176-BDC0-4045E75FAF3B}.Release|x64.ActiveCfg = Release|Any CPU
		{8E583A43-3689-4176-BDC0-4045E75FAF3B}.Release|x64.Build.0 = Release|Any CPU
		{8E583A43-3689-4176-BDC0-4045E75FAF3B}.Release|x86.ActiveCfg = Release|Any CPU
		{8E583A43-3689-4176-BDC0-4045E75FAF3B}.Release|x86.Build.0 = Release|Any CPU
		{B9FA5E2B-B90B-4781-BE30-CD5DE0FE4077}.Debug|Any CPU.ActiveCfg = Debug|Any CPU
		{B9FA5E2B-B90B-4781-BE30-CD5DE0FE4077}.Debug|Any CPU.Build.0 = Debug|Any CPU
		{B9FA5E2B-B90B-4781-BE30-CD5DE0FE4077}.Debug|x64.ActiveCfg = Debug|Any CPU
		{B9FA5E2B-B90B-4781-BE30-CD5DE0FE4077}.Debug|x64.Build.0 = Debug|Any CPU
		{B9FA5E2B-B90B-4781-BE30-CD5DE0FE4077}.Debug|x86.ActiveCfg = Debug|Any CPU
		{B9FA5E2B-B90B-4781-BE30-CD5DE0FE4077}.Debug|x86.Build.0 = Debug|Any CPU
		{B9FA5E2B-B90B-4781-BE30-CD5DE0FE4077}.Release|Any CPU.ActiveCfg = Release|Any CPU
		{B9FA5E2B-B90B-4781-BE30-CD5DE0FE4077}.Release|Any CPU.Build.0 = Release|Any CPU
		{B9FA5E2B-B90B-4781-BE30-CD5DE0FE4077}.Release|x64.ActiveCfg = Release|Any CPU
		{B9FA5E2B-B90B-4781-BE30-CD5DE0FE4077}.Release|x64.Build.0 = Release|Any CPU
		{B9FA5E2B-B90B-4781-BE30-CD5DE0FE4077}.Release|x86.ActiveCfg = Release|Any CPU
		{B9FA5E2B-B90B-4781-BE30-CD5DE0FE4077}.Release|x86.Build.0 = Release|Any CPU
		{CFB1DD90-926B-4D26-82A5-50A405988B2B}.Debug|Any CPU.ActiveCfg = Debug|Any CPU
		{CFB1DD90-926B-4D26-82A5-50A405988B2B}.Debug|Any CPU.Build.0 = Debug|Any CPU
		{CFB1DD90-926B-4D26-82A5-50A405988B2B}.Debug|x64.ActiveCfg = Debug|Any CPU
		{CFB1DD90-926B-4D26-82A5-50A405988B2B}.Debug|x64.Build.0 = Debug|Any CPU
		{CFB1DD90-926B-4D26-82A5-50A405988B2B}.Debug|x86.ActiveCfg = Debug|Any CPU
		{CFB1DD90-926B-4D26-82A5-50A405988B2B}.Debug|x86.Build.0 = Debug|Any CPU
		{CFB1DD90-926B-4D26-82A5-50A405988B2B}.Release|Any CPU.ActiveCfg = Release|Any CPU
		{CFB1DD90-926B-4D26-82A5-50A405988B2B}.Release|Any CPU.Build.0 = Release|Any CPU
		{CFB1DD90-926B-4D26-82A5-50A405988B2B}.Release|x64.ActiveCfg = Release|Any CPU
		{CFB1DD90-926B-4D26-82A5-50A405988B2B}.Release|x64.Build.0 = Release|Any CPU
		{CFB1DD90-926B-4D26-82A5-50A405988B2B}.Release|x86.ActiveCfg = Release|Any CPU
		{CFB1DD90-926B-4D26-82A5-50A405988B2B}.Release|x86.Build.0 = Release|Any CPU
		{C1985E7A-13A1-4026-9AA1-9D72EFD1FC47}.Debug|Any CPU.ActiveCfg = Debug|Any CPU
		{C1985E7A-13A1-4026-9AA1-9D72EFD1FC47}.Debug|Any CPU.Build.0 = Debug|Any CPU
		{C1985E7A-13A1-4026-9AA1-9D72EFD1FC47}.Debug|x64.ActiveCfg = Debug|Any CPU
		{C1985E7A-13A1-4026-9AA1-9D72EFD1FC47}.Debug|x64.Build.0 = Debug|Any CPU
		{C1985E7A-13A1-4026-9AA1-9D72EFD1FC47}.Debug|x86.ActiveCfg = Debug|Any CPU
		{C1985E7A-13A1-4026-9AA1-9D72EFD1FC47}.Debug|x86.Build.0 = Debug|Any CPU
		{C1985E7A-13A1-4026-9AA1-9D72EFD1FC47}.Release|Any CPU.ActiveCfg = Release|Any CPU
		{C1985E7A-13A1-4026-9AA1-9D72EFD1FC47}.Release|Any CPU.Build.0 = Release|Any CPU
		{C1985E7A-13A1-4026-9AA1-9D72EFD1FC47}.Release|x64.ActiveCfg = Release|Any CPU
		{C1985E7A-13A1-4026-9AA1-9D72EFD1FC47}.Release|x64.Build.0 = Release|Any CPU
		{C1985E7A-13A1-4026-9AA1-9D72EFD1FC47}.Release|x86.ActiveCfg = Release|Any CPU
		{C1985E7A-13A1-4026-9AA1-9D72EFD1FC47}.Release|x86.Build.0 = Release|Any CPU
		{E07EC20F-A62B-42B3-B6BD-614D39E82C98}.Debug|Any CPU.ActiveCfg = Debug|Any CPU
		{E07EC20F-A62B-42B3-B6BD-614D39E82C98}.Debug|Any CPU.Build.0 = Debug|Any CPU
		{E07EC20F-A62B-42B3-B6BD-614D39E82C98}.Debug|x64.ActiveCfg = Debug|Any CPU
		{E07EC20F-A62B-42B3-B6BD-614D39E82C98}.Debug|x64.Build.0 = Debug|Any CPU
		{E07EC20F-A62B-42B3-B6BD-614D39E82C98}.Debug|x86.ActiveCfg = Debug|Any CPU
		{E07EC20F-A62B-42B3-B6BD-614D39E82C98}.Debug|x86.Build.0 = Debug|Any CPU
		{E07EC20F-A62B-42B3-B6BD-614D39E82C98}.Release|Any CPU.ActiveCfg = Release|Any CPU
		{E07EC20F-A62B-42B3-B6BD-614D39E82C98}.Release|Any CPU.Build.0 = Release|Any CPU
		{E07EC20F-A62B-42B3-B6BD-614D39E82C98}.Release|x64.ActiveCfg = Release|Any CPU
		{E07EC20F-A62B-42B3-B6BD-614D39E82C98}.Release|x64.Build.0 = Release|Any CPU
		{E07EC20F-A62B-42B3-B6BD-614D39E82C98}.Release|x86.ActiveCfg = Release|Any CPU
		{E07EC20F-A62B-42B3-B6BD-614D39E82C98}.Release|x86.Build.0 = Release|Any CPU
		{7360CC13-18EF-4426-BE52-B45DC55F0FDE}.Debug|Any CPU.ActiveCfg = Debug|Any CPU
		{7360CC13-18EF-4426-BE52-B45DC55F0FDE}.Debug|Any CPU.Build.0 = Debug|Any CPU
		{7360CC13-18EF-4426-BE52-B45DC55F0FDE}.Debug|Any CPU.Deploy.0 = Debug|Any CPU
		{7360CC13-18EF-4426-BE52-B45DC55F0FDE}.Debug|x64.ActiveCfg = Debug|Any CPU
		{7360CC13-18EF-4426-BE52-B45DC55F0FDE}.Debug|x64.Build.0 = Debug|Any CPU
		{7360CC13-18EF-4426-BE52-B45DC55F0FDE}.Debug|x64.Deploy.0 = Debug|Any CPU
		{7360CC13-18EF-4426-BE52-B45DC55F0FDE}.Debug|x86.ActiveCfg = Debug|Any CPU
		{7360CC13-18EF-4426-BE52-B45DC55F0FDE}.Debug|x86.Build.0 = Debug|Any CPU
		{7360CC13-18EF-4426-BE52-B45DC55F0FDE}.Debug|x86.Deploy.0 = Debug|Any CPU
		{7360CC13-18EF-4426-BE52-B45DC55F0FDE}.Release|Any CPU.ActiveCfg = Release|Any CPU
		{7360CC13-18EF-4426-BE52-B45DC55F0FDE}.Release|Any CPU.Build.0 = Release|Any CPU
		{7360CC13-18EF-4426-BE52-B45DC55F0FDE}.Release|Any CPU.Deploy.0 = Release|Any CPU
		{7360CC13-18EF-4426-BE52-B45DC55F0FDE}.Release|x64.ActiveCfg = Release|Any CPU
		{7360CC13-18EF-4426-BE52-B45DC55F0FDE}.Release|x64.Build.0 = Release|Any CPU
		{7360CC13-18EF-4426-BE52-B45DC55F0FDE}.Release|x64.Deploy.0 = Release|Any CPU
		{7360CC13-18EF-4426-BE52-B45DC55F0FDE}.Release|x86.ActiveCfg = Release|Any CPU
		{7360CC13-18EF-4426-BE52-B45DC55F0FDE}.Release|x86.Build.0 = Release|Any CPU
		{7360CC13-18EF-4426-BE52-B45DC55F0FDE}.Release|x86.Deploy.0 = Release|Any CPU
		{5F3E529F-56F1-436E-B961-E2C01D9C910C}.Debug|Any CPU.ActiveCfg = Debug|Any CPU
		{5F3E529F-56F1-436E-B961-E2C01D9C910C}.Debug|Any CPU.Build.0 = Debug|Any CPU
		{5F3E529F-56F1-436E-B961-E2C01D9C910C}.Debug|x64.ActiveCfg = Debug|Any CPU
		{5F3E529F-56F1-436E-B961-E2C01D9C910C}.Debug|x64.Build.0 = Debug|Any CPU
		{5F3E529F-56F1-436E-B961-E2C01D9C910C}.Debug|x86.ActiveCfg = Debug|Any CPU
		{5F3E529F-56F1-436E-B961-E2C01D9C910C}.Debug|x86.Build.0 = Debug|Any CPU
		{5F3E529F-56F1-436E-B961-E2C01D9C910C}.Release|Any CPU.ActiveCfg = Release|Any CPU
		{5F3E529F-56F1-436E-B961-E2C01D9C910C}.Release|Any CPU.Build.0 = Release|Any CPU
		{5F3E529F-56F1-436E-B961-E2C01D9C910C}.Release|x64.ActiveCfg = Release|Any CPU
		{5F3E529F-56F1-436E-B961-E2C01D9C910C}.Release|x64.Build.0 = Release|Any CPU
		{5F3E529F-56F1-436E-B961-E2C01D9C910C}.Release|x86.ActiveCfg = Release|Any CPU
		{5F3E529F-56F1-436E-B961-E2C01D9C910C}.Release|x86.Build.0 = Release|Any CPU
		{5DB2F88A-E50C-486C-A161-4CAF8D97F84F}.Debug|Any CPU.ActiveCfg = Debug|Any CPU
		{5DB2F88A-E50C-486C-A161-4CAF8D97F84F}.Debug|Any CPU.Build.0 = Debug|Any CPU
		{5DB2F88A-E50C-486C-A161-4CAF8D97F84F}.Debug|x64.ActiveCfg = Debug|Any CPU
		{5DB2F88A-E50C-486C-A161-4CAF8D97F84F}.Debug|x64.Build.0 = Debug|Any CPU
		{5DB2F88A-E50C-486C-A161-4CAF8D97F84F}.Debug|x86.ActiveCfg = Debug|Any CPU
		{5DB2F88A-E50C-486C-A161-4CAF8D97F84F}.Debug|x86.Build.0 = Debug|Any CPU
		{5DB2F88A-E50C-486C-A161-4CAF8D97F84F}.Release|Any CPU.ActiveCfg = Release|Any CPU
		{5DB2F88A-E50C-486C-A161-4CAF8D97F84F}.Release|Any CPU.Build.0 = Release|Any CPU
		{5DB2F88A-E50C-486C-A161-4CAF8D97F84F}.Release|x64.ActiveCfg = Release|Any CPU
		{5DB2F88A-E50C-486C-A161-4CAF8D97F84F}.Release|x64.Build.0 = Release|Any CPU
		{5DB2F88A-E50C-486C-A161-4CAF8D97F84F}.Release|x86.ActiveCfg = Release|Any CPU
		{5DB2F88A-E50C-486C-A161-4CAF8D97F84F}.Release|x86.Build.0 = Release|Any CPU
		{E1FFF0DC-5630-4609-A7A4-D2C5B37A0403}.Debug|Any CPU.ActiveCfg = Debug|Any CPU
		{E1FFF0DC-5630-4609-A7A4-D2C5B37A0403}.Debug|Any CPU.Build.0 = Debug|Any CPU
		{E1FFF0DC-5630-4609-A7A4-D2C5B37A0403}.Debug|x64.ActiveCfg = Debug|Any CPU
		{E1FFF0DC-5630-4609-A7A4-D2C5B37A0403}.Debug|x64.Build.0 = Debug|Any CPU
		{E1FFF0DC-5630-4609-A7A4-D2C5B37A0403}.Debug|x86.ActiveCfg = Debug|Any CPU
		{E1FFF0DC-5630-4609-A7A4-D2C5B37A0403}.Debug|x86.Build.0 = Debug|Any CPU
		{E1FFF0DC-5630-4609-A7A4-D2C5B37A0403}.Release|Any CPU.ActiveCfg = Release|Any CPU
		{E1FFF0DC-5630-4609-A7A4-D2C5B37A0403}.Release|Any CPU.Build.0 = Release|Any CPU
		{E1FFF0DC-5630-4609-A7A4-D2C5B37A0403}.Release|x64.ActiveCfg = Release|Any CPU
		{E1FFF0DC-5630-4609-A7A4-D2C5B37A0403}.Release|x64.Build.0 = Release|Any CPU
		{E1FFF0DC-5630-4609-A7A4-D2C5B37A0403}.Release|x86.ActiveCfg = Release|Any CPU
		{E1FFF0DC-5630-4609-A7A4-D2C5B37A0403}.Release|x86.Build.0 = Release|Any CPU
		{1BE9055D-C4D7-470E-BA58-34CF94A81CB2}.Debug|Any CPU.ActiveCfg = Debug|Any CPU
		{1BE9055D-C4D7-470E-BA58-34CF94A81CB2}.Debug|Any CPU.Build.0 = Debug|Any CPU
		{1BE9055D-C4D7-470E-BA58-34CF94A81CB2}.Debug|x64.ActiveCfg = Debug|Any CPU
		{1BE9055D-C4D7-470E-BA58-34CF94A81CB2}.Debug|x64.Build.0 = Debug|Any CPU
		{1BE9055D-C4D7-470E-BA58-34CF94A81CB2}.Debug|x86.ActiveCfg = Debug|Any CPU
		{1BE9055D-C4D7-470E-BA58-34CF94A81CB2}.Debug|x86.Build.0 = Debug|Any CPU
		{1BE9055D-C4D7-470E-BA58-34CF94A81CB2}.Release|Any CPU.ActiveCfg = Release|Any CPU
		{1BE9055D-C4D7-470E-BA58-34CF94A81CB2}.Release|Any CPU.Build.0 = Release|Any CPU
		{1BE9055D-C4D7-470E-BA58-34CF94A81CB2}.Release|x64.ActiveCfg = Release|Any CPU
		{1BE9055D-C4D7-470E-BA58-34CF94A81CB2}.Release|x64.Build.0 = Release|Any CPU
		{1BE9055D-C4D7-470E-BA58-34CF94A81CB2}.Release|x86.ActiveCfg = Release|Any CPU
		{1BE9055D-C4D7-470E-BA58-34CF94A81CB2}.Release|x86.Build.0 = Release|Any CPU
		{3F6DB598-E78E-416A-A835-B6D4EBBDCF78}.Debug|Any CPU.ActiveCfg = Debug|Any CPU
		{3F6DB598-E78E-416A-A835-B6D4EBBDCF78}.Debug|Any CPU.Build.0 = Debug|Any CPU
		{3F6DB598-E78E-416A-A835-B6D4EBBDCF78}.Debug|x64.ActiveCfg = Debug|Any CPU
		{3F6DB598-E78E-416A-A835-B6D4EBBDCF78}.Debug|x64.Build.0 = Debug|Any CPU
		{3F6DB598-E78E-416A-A835-B6D4EBBDCF78}.Debug|x86.ActiveCfg = Debug|Any CPU
		{3F6DB598-E78E-416A-A835-B6D4EBBDCF78}.Debug|x86.Build.0 = Debug|Any CPU
		{3F6DB598-E78E-416A-A835-B6D4EBBDCF78}.Release|Any CPU.ActiveCfg = Release|Any CPU
		{3F6DB598-E78E-416A-A835-B6D4EBBDCF78}.Release|Any CPU.Build.0 = Release|Any CPU
		{3F6DB598-E78E-416A-A835-B6D4EBBDCF78}.Release|x64.ActiveCfg = Release|Any CPU
		{3F6DB598-E78E-416A-A835-B6D4EBBDCF78}.Release|x64.Build.0 = Release|Any CPU
		{3F6DB598-E78E-416A-A835-B6D4EBBDCF78}.Release|x86.ActiveCfg = Release|Any CPU
		{3F6DB598-E78E-416A-A835-B6D4EBBDCF78}.Release|x86.Build.0 = Release|Any CPU
		{6628183F-530D-4B81-A07B-DEAD3652E7EB}.Debug|Any CPU.ActiveCfg = Debug|Any CPU
		{6628183F-530D-4B81-A07B-DEAD3652E7EB}.Debug|Any CPU.Build.0 = Debug|Any CPU
		{6628183F-530D-4B81-A07B-DEAD3652E7EB}.Debug|x64.ActiveCfg = Debug|Any CPU
		{6628183F-530D-4B81-A07B-DEAD3652E7EB}.Debug|x64.Build.0 = Debug|Any CPU
		{6628183F-530D-4B81-A07B-DEAD3652E7EB}.Debug|x86.ActiveCfg = Debug|Any CPU
		{6628183F-530D-4B81-A07B-DEAD3652E7EB}.Debug|x86.Build.0 = Debug|Any CPU
		{6628183F-530D-4B81-A07B-DEAD3652E7EB}.Release|Any CPU.ActiveCfg = Release|Any CPU
		{6628183F-530D-4B81-A07B-DEAD3652E7EB}.Release|Any CPU.Build.0 = Release|Any CPU
		{6628183F-530D-4B81-A07B-DEAD3652E7EB}.Release|x64.ActiveCfg = Release|Any CPU
		{6628183F-530D-4B81-A07B-DEAD3652E7EB}.Release|x64.Build.0 = Release|Any CPU
		{6628183F-530D-4B81-A07B-DEAD3652E7EB}.Release|x86.ActiveCfg = Release|Any CPU
		{6628183F-530D-4B81-A07B-DEAD3652E7EB}.Release|x86.Build.0 = Release|Any CPU
		{F7CC284C-E008-4981-89E0-38C5CA6DE457}.Debug|Any CPU.ActiveCfg = Debug|Any CPU
		{F7CC284C-E008-4981-89E0-38C5CA6DE457}.Debug|Any CPU.Build.0 = Debug|Any CPU
		{F7CC284C-E008-4981-89E0-38C5CA6DE457}.Debug|x64.ActiveCfg = Debug|Any CPU
		{F7CC284C-E008-4981-89E0-38C5CA6DE457}.Debug|x64.Build.0 = Debug|Any CPU
		{F7CC284C-E008-4981-89E0-38C5CA6DE457}.Debug|x86.ActiveCfg = Debug|Any CPU
		{F7CC284C-E008-4981-89E0-38C5CA6DE457}.Debug|x86.Build.0 = Debug|Any CPU
		{F7CC284C-E008-4981-89E0-38C5CA6DE457}.Release|Any CPU.ActiveCfg = Release|Any CPU
		{F7CC284C-E008-4981-89E0-38C5CA6DE457}.Release|Any CPU.Build.0 = Release|Any CPU
		{F7CC284C-E008-4981-89E0-38C5CA6DE457}.Release|x64.ActiveCfg = Release|Any CPU
		{F7CC284C-E008-4981-89E0-38C5CA6DE457}.Release|x64.Build.0 = Release|Any CPU
		{F7CC284C-E008-4981-89E0-38C5CA6DE457}.Release|x86.ActiveCfg = Release|Any CPU
		{F7CC284C-E008-4981-89E0-38C5CA6DE457}.Release|x86.Build.0 = Release|Any CPU
		{7832A229-654E-42BF-8BC9-B6DE0447B34C}.Debug|Any CPU.ActiveCfg = Debug|Any CPU
		{7832A229-654E-42BF-8BC9-B6DE0447B34C}.Debug|Any CPU.Build.0 = Debug|Any CPU
		{7832A229-654E-42BF-8BC9-B6DE0447B34C}.Debug|x64.ActiveCfg = Debug|Any CPU
		{7832A229-654E-42BF-8BC9-B6DE0447B34C}.Debug|x64.Build.0 = Debug|Any CPU
		{7832A229-654E-42BF-8BC9-B6DE0447B34C}.Debug|x86.ActiveCfg = Debug|Any CPU
		{7832A229-654E-42BF-8BC9-B6DE0447B34C}.Debug|x86.Build.0 = Debug|Any CPU
		{7832A229-654E-42BF-8BC9-B6DE0447B34C}.Release|Any CPU.ActiveCfg = Release|Any CPU
		{7832A229-654E-42BF-8BC9-B6DE0447B34C}.Release|Any CPU.Build.0 = Release|Any CPU
		{7832A229-654E-42BF-8BC9-B6DE0447B34C}.Release|x64.ActiveCfg = Release|Any CPU
		{7832A229-654E-42BF-8BC9-B6DE0447B34C}.Release|x64.Build.0 = Release|Any CPU
		{7832A229-654E-42BF-8BC9-B6DE0447B34C}.Release|x86.ActiveCfg = Release|Any CPU
		{7832A229-654E-42BF-8BC9-B6DE0447B34C}.Release|x86.Build.0 = Release|Any CPU
		{2EA9901A-84E6-438A-B914-2E9D6FA7A88A}.Debug|Any CPU.ActiveCfg = Debug|Any CPU
		{2EA9901A-84E6-438A-B914-2E9D6FA7A88A}.Debug|Any CPU.Build.0 = Debug|Any CPU
		{2EA9901A-84E6-438A-B914-2E9D6FA7A88A}.Debug|x64.ActiveCfg = Debug|Any CPU
		{2EA9901A-84E6-438A-B914-2E9D6FA7A88A}.Debug|x64.Build.0 = Debug|Any CPU
		{2EA9901A-84E6-438A-B914-2E9D6FA7A88A}.Debug|x86.ActiveCfg = Debug|Any CPU
		{2EA9901A-84E6-438A-B914-2E9D6FA7A88A}.Debug|x86.Build.0 = Debug|Any CPU
		{2EA9901A-84E6-438A-B914-2E9D6FA7A88A}.Release|Any CPU.ActiveCfg = Release|Any CPU
		{2EA9901A-84E6-438A-B914-2E9D6FA7A88A}.Release|Any CPU.Build.0 = Release|Any CPU
		{2EA9901A-84E6-438A-B914-2E9D6FA7A88A}.Release|x64.ActiveCfg = Release|Any CPU
		{2EA9901A-84E6-438A-B914-2E9D6FA7A88A}.Release|x64.Build.0 = Release|Any CPU
		{2EA9901A-84E6-438A-B914-2E9D6FA7A88A}.Release|x86.ActiveCfg = Release|Any CPU
		{2EA9901A-84E6-438A-B914-2E9D6FA7A88A}.Release|x86.Build.0 = Release|Any CPU
		{86A86ACB-9455-7F7B-0AD0-96E9D7E08433}.Debug|Any CPU.ActiveCfg = Debug|Any CPU
		{86A86ACB-9455-7F7B-0AD0-96E9D7E08433}.Debug|Any CPU.Build.0 = Debug|Any CPU
		{86A86ACB-9455-7F7B-0AD0-96E9D7E08433}.Debug|x64.ActiveCfg = Debug|Any CPU
		{86A86ACB-9455-7F7B-0AD0-96E9D7E08433}.Debug|x64.Build.0 = Debug|Any CPU
		{86A86ACB-9455-7F7B-0AD0-96E9D7E08433}.Debug|x86.ActiveCfg = Debug|Any CPU
		{86A86ACB-9455-7F7B-0AD0-96E9D7E08433}.Debug|x86.Build.0 = Debug|Any CPU
		{86A86ACB-9455-7F7B-0AD0-96E9D7E08433}.Release|Any CPU.ActiveCfg = Release|Any CPU
		{86A86ACB-9455-7F7B-0AD0-96E9D7E08433}.Release|Any CPU.Build.0 = Release|Any CPU
		{86A86ACB-9455-7F7B-0AD0-96E9D7E08433}.Release|x64.ActiveCfg = Release|Any CPU
		{86A86ACB-9455-7F7B-0AD0-96E9D7E08433}.Release|x64.Build.0 = Release|Any CPU
		{86A86ACB-9455-7F7B-0AD0-96E9D7E08433}.Release|x86.ActiveCfg = Release|Any CPU
		{86A86ACB-9455-7F7B-0AD0-96E9D7E08433}.Release|x86.Build.0 = Release|Any CPU
		{B1683B7B-2D76-434B-A282-7ECBF5775FA6}.Debug|Any CPU.ActiveCfg = Debug|Any CPU
		{B1683B7B-2D76-434B-A282-7ECBF5775FA6}.Debug|Any CPU.Build.0 = Debug|Any CPU
		{B1683B7B-2D76-434B-A282-7ECBF5775FA6}.Debug|x64.ActiveCfg = Debug|Any CPU
		{B1683B7B-2D76-434B-A282-7ECBF5775FA6}.Debug|x64.Build.0 = Debug|Any CPU
		{B1683B7B-2D76-434B-A282-7ECBF5775FA6}.Debug|x86.ActiveCfg = Debug|Any CPU
		{B1683B7B-2D76-434B-A282-7ECBF5775FA6}.Debug|x86.Build.0 = Debug|Any CPU
		{B1683B7B-2D76-434B-A282-7ECBF5775FA6}.Release|Any CPU.ActiveCfg = Release|Any CPU
		{B1683B7B-2D76-434B-A282-7ECBF5775FA6}.Release|Any CPU.Build.0 = Release|Any CPU
		{B1683B7B-2D76-434B-A282-7ECBF5775FA6}.Release|x64.ActiveCfg = Release|Any CPU
		{B1683B7B-2D76-434B-A282-7ECBF5775FA6}.Release|x64.Build.0 = Release|Any CPU
		{B1683B7B-2D76-434B-A282-7ECBF5775FA6}.Release|x86.ActiveCfg = Release|Any CPU
		{B1683B7B-2D76-434B-A282-7ECBF5775FA6}.Release|x86.Build.0 = Release|Any CPU
		{3A623A02-A273-4810-95FA-A06E50B4CE69}.Debug|Any CPU.ActiveCfg = Debug|Any CPU
		{3A623A02-A273-4810-95FA-A06E50B4CE69}.Debug|Any CPU.Build.0 = Debug|Any CPU
		{3A623A02-A273-4810-95FA-A06E50B4CE69}.Debug|x64.ActiveCfg = Debug|Any CPU
		{3A623A02-A273-4810-95FA-A06E50B4CE69}.Debug|x64.Build.0 = Debug|Any CPU
		{3A623A02-A273-4810-95FA-A06E50B4CE69}.Debug|x86.ActiveCfg = Debug|Any CPU
		{3A623A02-A273-4810-95FA-A06E50B4CE69}.Debug|x86.Build.0 = Debug|Any CPU
		{3A623A02-A273-4810-95FA-A06E50B4CE69}.Release|Any CPU.ActiveCfg = Release|Any CPU
		{3A623A02-A273-4810-95FA-A06E50B4CE69}.Release|Any CPU.Build.0 = Release|Any CPU
		{3A623A02-A273-4810-95FA-A06E50B4CE69}.Release|x64.ActiveCfg = Release|Any CPU
		{3A623A02-A273-4810-95FA-A06E50B4CE69}.Release|x64.Build.0 = Release|Any CPU
		{3A623A02-A273-4810-95FA-A06E50B4CE69}.Release|x86.ActiveCfg = Release|Any CPU
		{3A623A02-A273-4810-95FA-A06E50B4CE69}.Release|x86.Build.0 = Release|Any CPU
		{1D3F95F2-1686-3CA4-C2A7-417923FAE332}.Debug|Any CPU.ActiveCfg = Debug|Any CPU
		{1D3F95F2-1686-3CA4-C2A7-417923FAE332}.Debug|Any CPU.Build.0 = Debug|Any CPU
		{1D3F95F2-1686-3CA4-C2A7-417923FAE332}.Debug|x64.ActiveCfg = Debug|Any CPU
		{1D3F95F2-1686-3CA4-C2A7-417923FAE332}.Debug|x64.Build.0 = Debug|Any CPU
		{1D3F95F2-1686-3CA4-C2A7-417923FAE332}.Debug|x86.ActiveCfg = Debug|Any CPU
		{1D3F95F2-1686-3CA4-C2A7-417923FAE332}.Debug|x86.Build.0 = Debug|Any CPU
		{1D3F95F2-1686-3CA4-C2A7-417923FAE332}.Release|Any CPU.ActiveCfg = Release|Any CPU
		{1D3F95F2-1686-3CA4-C2A7-417923FAE332}.Release|Any CPU.Build.0 = Release|Any CPU
		{1D3F95F2-1686-3CA4-C2A7-417923FAE332}.Release|x64.ActiveCfg = Release|Any CPU
		{1D3F95F2-1686-3CA4-C2A7-417923FAE332}.Release|x64.Build.0 = Release|Any CPU
		{1D3F95F2-1686-3CA4-C2A7-417923FAE332}.Release|x86.ActiveCfg = Release|Any CPU
		{1D3F95F2-1686-3CA4-C2A7-417923FAE332}.Release|x86.Build.0 = Release|Any CPU
		{F4A8855B-1C42-52F2-3585-B73BF6F203DC}.Debug|Any CPU.ActiveCfg = Debug|Any CPU
		{F4A8855B-1C42-52F2-3585-B73BF6F203DC}.Debug|Any CPU.Build.0 = Debug|Any CPU
		{F4A8855B-1C42-52F2-3585-B73BF6F203DC}.Debug|x64.ActiveCfg = Debug|Any CPU
		{F4A8855B-1C42-52F2-3585-B73BF6F203DC}.Debug|x64.Build.0 = Debug|Any CPU
		{F4A8855B-1C42-52F2-3585-B73BF6F203DC}.Debug|x86.ActiveCfg = Debug|Any CPU
		{F4A8855B-1C42-52F2-3585-B73BF6F203DC}.Debug|x86.Build.0 = Debug|Any CPU
		{F4A8855B-1C42-52F2-3585-B73BF6F203DC}.Release|Any CPU.ActiveCfg = Release|Any CPU
		{F4A8855B-1C42-52F2-3585-B73BF6F203DC}.Release|Any CPU.Build.0 = Release|Any CPU
		{F4A8855B-1C42-52F2-3585-B73BF6F203DC}.Release|x64.ActiveCfg = Release|Any CPU
		{F4A8855B-1C42-52F2-3585-B73BF6F203DC}.Release|x64.Build.0 = Release|Any CPU
		{F4A8855B-1C42-52F2-3585-B73BF6F203DC}.Release|x86.ActiveCfg = Release|Any CPU
		{F4A8855B-1C42-52F2-3585-B73BF6F203DC}.Release|x86.Build.0 = Release|Any CPU
		{F31890EA-1EBC-F7BB-93C6-A7A4027892E9}.Debug|Any CPU.ActiveCfg = Debug|Any CPU
		{F31890EA-1EBC-F7BB-93C6-A7A4027892E9}.Debug|Any CPU.Build.0 = Debug|Any CPU
		{F31890EA-1EBC-F7BB-93C6-A7A4027892E9}.Debug|x64.ActiveCfg = Debug|Any CPU
		{F31890EA-1EBC-F7BB-93C6-A7A4027892E9}.Debug|x64.Build.0 = Debug|Any CPU
		{F31890EA-1EBC-F7BB-93C6-A7A4027892E9}.Debug|x86.ActiveCfg = Debug|Any CPU
		{F31890EA-1EBC-F7BB-93C6-A7A4027892E9}.Debug|x86.Build.0 = Debug|Any CPU
		{F31890EA-1EBC-F7BB-93C6-A7A4027892E9}.Release|Any CPU.ActiveCfg = Release|Any CPU
		{F31890EA-1EBC-F7BB-93C6-A7A4027892E9}.Release|Any CPU.Build.0 = Release|Any CPU
		{F31890EA-1EBC-F7BB-93C6-A7A4027892E9}.Release|x64.ActiveCfg = Release|Any CPU
		{F31890EA-1EBC-F7BB-93C6-A7A4027892E9}.Release|x64.Build.0 = Release|Any CPU
		{F31890EA-1EBC-F7BB-93C6-A7A4027892E9}.Release|x86.ActiveCfg = Release|Any CPU
		{F31890EA-1EBC-F7BB-93C6-A7A4027892E9}.Release|x86.Build.0 = Release|Any CPU
		{D18AD593-330E-1AB3-C204-024C8DBA7E67}.Debug|Any CPU.ActiveCfg = Debug|Any CPU
		{D18AD593-330E-1AB3-C204-024C8DBA7E67}.Debug|Any CPU.Build.0 = Debug|Any CPU
		{D18AD593-330E-1AB3-C204-024C8DBA7E67}.Debug|x64.ActiveCfg = Debug|Any CPU
		{D18AD593-330E-1AB3-C204-024C8DBA7E67}.Debug|x64.Build.0 = Debug|Any CPU
		{D18AD593-330E-1AB3-C204-024C8DBA7E67}.Debug|x86.ActiveCfg = Debug|Any CPU
		{D18AD593-330E-1AB3-C204-024C8DBA7E67}.Debug|x86.Build.0 = Debug|Any CPU
		{D18AD593-330E-1AB3-C204-024C8DBA7E67}.Release|Any CPU.ActiveCfg = Release|Any CPU
		{D18AD593-330E-1AB3-C204-024C8DBA7E67}.Release|Any CPU.Build.0 = Release|Any CPU
		{D18AD593-330E-1AB3-C204-024C8DBA7E67}.Release|x64.ActiveCfg = Release|Any CPU
		{D18AD593-330E-1AB3-C204-024C8DBA7E67}.Release|x64.Build.0 = Release|Any CPU
		{D18AD593-330E-1AB3-C204-024C8DBA7E67}.Release|x86.ActiveCfg = Release|Any CPU
		{D18AD593-330E-1AB3-C204-024C8DBA7E67}.Release|x86.Build.0 = Release|Any CPU
		{5060E62F-EF73-BEBD-9571-2BC02ECF7D39}.Debug|Any CPU.ActiveCfg = Debug|Any CPU
		{5060E62F-EF73-BEBD-9571-2BC02ECF7D39}.Debug|Any CPU.Build.0 = Debug|Any CPU
		{5060E62F-EF73-BEBD-9571-2BC02ECF7D39}.Debug|x64.ActiveCfg = Debug|Any CPU
		{5060E62F-EF73-BEBD-9571-2BC02ECF7D39}.Debug|x64.Build.0 = Debug|Any CPU
		{5060E62F-EF73-BEBD-9571-2BC02ECF7D39}.Debug|x86.ActiveCfg = Debug|Any CPU
		{5060E62F-EF73-BEBD-9571-2BC02ECF7D39}.Debug|x86.Build.0 = Debug|Any CPU
		{5060E62F-EF73-BEBD-9571-2BC02ECF7D39}.Release|Any CPU.ActiveCfg = Release|Any CPU
		{5060E62F-EF73-BEBD-9571-2BC02ECF7D39}.Release|Any CPU.Build.0 = Release|Any CPU
		{5060E62F-EF73-BEBD-9571-2BC02ECF7D39}.Release|x64.ActiveCfg = Release|Any CPU
		{5060E62F-EF73-BEBD-9571-2BC02ECF7D39}.Release|x64.Build.0 = Release|Any CPU
		{5060E62F-EF73-BEBD-9571-2BC02ECF7D39}.Release|x86.ActiveCfg = Release|Any CPU
		{5060E62F-EF73-BEBD-9571-2BC02ECF7D39}.Release|x86.Build.0 = Release|Any CPU
		{88086361-60D6-0DAC-BE8E-98811B4BB710}.Debug|Any CPU.ActiveCfg = Debug|Any CPU
		{88086361-60D6-0DAC-BE8E-98811B4BB710}.Debug|Any CPU.Build.0 = Debug|Any CPU
		{88086361-60D6-0DAC-BE8E-98811B4BB710}.Debug|x64.ActiveCfg = Debug|Any CPU
		{88086361-60D6-0DAC-BE8E-98811B4BB710}.Debug|x64.Build.0 = Debug|Any CPU
		{88086361-60D6-0DAC-BE8E-98811B4BB710}.Debug|x86.ActiveCfg = Debug|Any CPU
		{88086361-60D6-0DAC-BE8E-98811B4BB710}.Debug|x86.Build.0 = Debug|Any CPU
		{88086361-60D6-0DAC-BE8E-98811B4BB710}.Release|Any CPU.ActiveCfg = Release|Any CPU
		{88086361-60D6-0DAC-BE8E-98811B4BB710}.Release|Any CPU.Build.0 = Release|Any CPU
		{88086361-60D6-0DAC-BE8E-98811B4BB710}.Release|x64.ActiveCfg = Release|Any CPU
		{88086361-60D6-0DAC-BE8E-98811B4BB710}.Release|x64.Build.0 = Release|Any CPU
		{88086361-60D6-0DAC-BE8E-98811B4BB710}.Release|x86.ActiveCfg = Release|Any CPU
		{88086361-60D6-0DAC-BE8E-98811B4BB710}.Release|x86.Build.0 = Release|Any CPU
		{0E89A44E-EBBB-807B-80B3-1C4A65972E8C}.Debug|Any CPU.ActiveCfg = Debug|Any CPU
		{0E89A44E-EBBB-807B-80B3-1C4A65972E8C}.Debug|Any CPU.Build.0 = Debug|Any CPU
		{0E89A44E-EBBB-807B-80B3-1C4A65972E8C}.Debug|x64.ActiveCfg = Debug|Any CPU
		{0E89A44E-EBBB-807B-80B3-1C4A65972E8C}.Debug|x64.Build.0 = Debug|Any CPU
		{0E89A44E-EBBB-807B-80B3-1C4A65972E8C}.Debug|x86.ActiveCfg = Debug|Any CPU
		{0E89A44E-EBBB-807B-80B3-1C4A65972E8C}.Debug|x86.Build.0 = Debug|Any CPU
		{0E89A44E-EBBB-807B-80B3-1C4A65972E8C}.Release|Any CPU.ActiveCfg = Release|Any CPU
		{0E89A44E-EBBB-807B-80B3-1C4A65972E8C}.Release|Any CPU.Build.0 = Release|Any CPU
		{0E89A44E-EBBB-807B-80B3-1C4A65972E8C}.Release|x64.ActiveCfg = Release|Any CPU
		{0E89A44E-EBBB-807B-80B3-1C4A65972E8C}.Release|x64.Build.0 = Release|Any CPU
		{0E89A44E-EBBB-807B-80B3-1C4A65972E8C}.Release|x86.ActiveCfg = Release|Any CPU
		{0E89A44E-EBBB-807B-80B3-1C4A65972E8C}.Release|x86.Build.0 = Release|Any CPU
		{617CE44F-4CF5-4800-951E-FB030D5600FF}.Debug|Any CPU.ActiveCfg = Debug|Any CPU
		{617CE44F-4CF5-4800-951E-FB030D5600FF}.Debug|Any CPU.Build.0 = Debug|Any CPU
		{617CE44F-4CF5-4800-951E-FB030D5600FF}.Debug|x64.ActiveCfg = Debug|Any CPU
		{617CE44F-4CF5-4800-951E-FB030D5600FF}.Debug|x64.Build.0 = Debug|Any CPU
		{617CE44F-4CF5-4800-951E-FB030D5600FF}.Debug|x86.ActiveCfg = Debug|Any CPU
		{617CE44F-4CF5-4800-951E-FB030D5600FF}.Debug|x86.Build.0 = Debug|Any CPU
		{617CE44F-4CF5-4800-951E-FB030D5600FF}.Release|Any CPU.ActiveCfg = Release|Any CPU
		{617CE44F-4CF5-4800-951E-FB030D5600FF}.Release|Any CPU.Build.0 = Release|Any CPU
		{617CE44F-4CF5-4800-951E-FB030D5600FF}.Release|x64.ActiveCfg = Release|Any CPU
		{617CE44F-4CF5-4800-951E-FB030D5600FF}.Release|x64.Build.0 = Release|Any CPU
		{617CE44F-4CF5-4800-951E-FB030D5600FF}.Release|x86.ActiveCfg = Release|Any CPU
		{617CE44F-4CF5-4800-951E-FB030D5600FF}.Release|x86.Build.0 = Release|Any CPU
		{6CAD5924-49DC-4F53-BE0E-F567DFB4967D}.Debug|Any CPU.ActiveCfg = Debug|Any CPU
		{6CAD5924-49DC-4F53-BE0E-F567DFB4967D}.Debug|Any CPU.Build.0 = Debug|Any CPU
		{6CAD5924-49DC-4F53-BE0E-F567DFB4967D}.Debug|x64.ActiveCfg = Debug|Any CPU
		{6CAD5924-49DC-4F53-BE0E-F567DFB4967D}.Debug|x64.Build.0 = Debug|Any CPU
		{6CAD5924-49DC-4F53-BE0E-F567DFB4967D}.Debug|x86.ActiveCfg = Debug|Any CPU
		{6CAD5924-49DC-4F53-BE0E-F567DFB4967D}.Debug|x86.Build.0 = Debug|Any CPU
		{6CAD5924-49DC-4F53-BE0E-F567DFB4967D}.Release|Any CPU.ActiveCfg = Release|Any CPU
		{6CAD5924-49DC-4F53-BE0E-F567DFB4967D}.Release|Any CPU.Build.0 = Release|Any CPU
		{6CAD5924-49DC-4F53-BE0E-F567DFB4967D}.Release|x64.ActiveCfg = Release|Any CPU
		{6CAD5924-49DC-4F53-BE0E-F567DFB4967D}.Release|x64.Build.0 = Release|Any CPU
		{6CAD5924-49DC-4F53-BE0E-F567DFB4967D}.Release|x86.ActiveCfg = Release|Any CPU
		{6CAD5924-49DC-4F53-BE0E-F567DFB4967D}.Release|x86.Build.0 = Release|Any CPU
		{A58ED6C4-EF9B-480C-89DE-C8C7F3D9D780}.Debug|Any CPU.ActiveCfg = Debug|Any CPU
		{A58ED6C4-EF9B-480C-89DE-C8C7F3D9D780}.Debug|Any CPU.Build.0 = Debug|Any CPU
		{A58ED6C4-EF9B-480C-89DE-C8C7F3D9D780}.Debug|x64.ActiveCfg = Debug|Any CPU
		{A58ED6C4-EF9B-480C-89DE-C8C7F3D9D780}.Debug|x64.Build.0 = Debug|Any CPU
		{A58ED6C4-EF9B-480C-89DE-C8C7F3D9D780}.Debug|x86.ActiveCfg = Debug|Any CPU
		{A58ED6C4-EF9B-480C-89DE-C8C7F3D9D780}.Debug|x86.Build.0 = Debug|Any CPU
		{A58ED6C4-EF9B-480C-89DE-C8C7F3D9D780}.Release|Any CPU.ActiveCfg = Release|Any CPU
		{A58ED6C4-EF9B-480C-89DE-C8C7F3D9D780}.Release|Any CPU.Build.0 = Release|Any CPU
		{A58ED6C4-EF9B-480C-89DE-C8C7F3D9D780}.Release|x64.ActiveCfg = Release|Any CPU
		{A58ED6C4-EF9B-480C-89DE-C8C7F3D9D780}.Release|x64.Build.0 = Release|Any CPU
		{A58ED6C4-EF9B-480C-89DE-C8C7F3D9D780}.Release|x86.ActiveCfg = Release|Any CPU
		{A58ED6C4-EF9B-480C-89DE-C8C7F3D9D780}.Release|x86.Build.0 = Release|Any CPU
		{D9AD0030-A89F-4C76-9AE9-6F90FBFC2BAD}.Debug|Any CPU.ActiveCfg = Debug|Any CPU
		{D9AD0030-A89F-4C76-9AE9-6F90FBFC2BAD}.Debug|Any CPU.Build.0 = Debug|Any CPU
		{D9AD0030-A89F-4C76-9AE9-6F90FBFC2BAD}.Debug|x64.ActiveCfg = Debug|Any CPU
		{D9AD0030-A89F-4C76-9AE9-6F90FBFC2BAD}.Debug|x64.Build.0 = Debug|Any CPU
		{D9AD0030-A89F-4C76-9AE9-6F90FBFC2BAD}.Debug|x86.ActiveCfg = Debug|Any CPU
		{D9AD0030-A89F-4C76-9AE9-6F90FBFC2BAD}.Debug|x86.Build.0 = Debug|Any CPU
		{D9AD0030-A89F-4C76-9AE9-6F90FBFC2BAD}.Release|Any CPU.ActiveCfg = Release|Any CPU
		{D9AD0030-A89F-4C76-9AE9-6F90FBFC2BAD}.Release|Any CPU.Build.0 = Release|Any CPU
		{D9AD0030-A89F-4C76-9AE9-6F90FBFC2BAD}.Release|x64.ActiveCfg = Release|Any CPU
		{D9AD0030-A89F-4C76-9AE9-6F90FBFC2BAD}.Release|x64.Build.0 = Release|Any CPU
		{D9AD0030-A89F-4C76-9AE9-6F90FBFC2BAD}.Release|x86.ActiveCfg = Release|Any CPU
		{D9AD0030-A89F-4C76-9AE9-6F90FBFC2BAD}.Release|x86.Build.0 = Release|Any CPU
		{A00C872D-76D1-BEF0-7CE7-F956D2063873}.Debug|Any CPU.ActiveCfg = Debug|Any CPU
		{A00C872D-76D1-BEF0-7CE7-F956D2063873}.Debug|Any CPU.Build.0 = Debug|Any CPU
		{A00C872D-76D1-BEF0-7CE7-F956D2063873}.Debug|x64.ActiveCfg = Debug|Any CPU
		{A00C872D-76D1-BEF0-7CE7-F956D2063873}.Debug|x64.Build.0 = Debug|Any CPU
		{A00C872D-76D1-BEF0-7CE7-F956D2063873}.Debug|x86.ActiveCfg = Debug|Any CPU
		{A00C872D-76D1-BEF0-7CE7-F956D2063873}.Debug|x86.Build.0 = Debug|Any CPU
		{A00C872D-76D1-BEF0-7CE7-F956D2063873}.Release|Any CPU.ActiveCfg = Release|Any CPU
		{A00C872D-76D1-BEF0-7CE7-F956D2063873}.Release|Any CPU.Build.0 = Release|Any CPU
		{A00C872D-76D1-BEF0-7CE7-F956D2063873}.Release|x64.ActiveCfg = Release|Any CPU
		{A00C872D-76D1-BEF0-7CE7-F956D2063873}.Release|x64.Build.0 = Release|Any CPU
		{A00C872D-76D1-BEF0-7CE7-F956D2063873}.Release|x86.ActiveCfg = Release|Any CPU
		{A00C872D-76D1-BEF0-7CE7-F956D2063873}.Release|x86.Build.0 = Release|Any CPU
		{EE065681-A0E8-8CB3-B951-380B97452DE4}.Debug|Any CPU.ActiveCfg = Debug|Any CPU
		{EE065681-A0E8-8CB3-B951-380B97452DE4}.Debug|Any CPU.Build.0 = Debug|Any CPU
		{EE065681-A0E8-8CB3-B951-380B97452DE4}.Debug|x64.ActiveCfg = Debug|Any CPU
		{EE065681-A0E8-8CB3-B951-380B97452DE4}.Debug|x64.Build.0 = Debug|Any CPU
		{EE065681-A0E8-8CB3-B951-380B97452DE4}.Debug|x86.ActiveCfg = Debug|Any CPU
		{EE065681-A0E8-8CB3-B951-380B97452DE4}.Debug|x86.Build.0 = Debug|Any CPU
		{EE065681-A0E8-8CB3-B951-380B97452DE4}.Release|Any CPU.ActiveCfg = Release|Any CPU
		{EE065681-A0E8-8CB3-B951-380B97452DE4}.Release|Any CPU.Build.0 = Release|Any CPU
		{EE065681-A0E8-8CB3-B951-380B97452DE4}.Release|x64.ActiveCfg = Release|Any CPU
		{EE065681-A0E8-8CB3-B951-380B97452DE4}.Release|x64.Build.0 = Release|Any CPU
		{EE065681-A0E8-8CB3-B951-380B97452DE4}.Release|x86.ActiveCfg = Release|Any CPU
		{EE065681-A0E8-8CB3-B951-380B97452DE4}.Release|x86.Build.0 = Release|Any CPU
		{5C674C8A-D3E1-E483-7C66-DF9FAE2C76F8}.Debug|Any CPU.ActiveCfg = Debug|Any CPU
		{5C674C8A-D3E1-E483-7C66-DF9FAE2C76F8}.Debug|Any CPU.Build.0 = Debug|Any CPU
		{5C674C8A-D3E1-E483-7C66-DF9FAE2C76F8}.Debug|x64.ActiveCfg = Debug|Any CPU
		{5C674C8A-D3E1-E483-7C66-DF9FAE2C76F8}.Debug|x64.Build.0 = Debug|Any CPU
		{5C674C8A-D3E1-E483-7C66-DF9FAE2C76F8}.Debug|x86.ActiveCfg = Debug|Any CPU
		{5C674C8A-D3E1-E483-7C66-DF9FAE2C76F8}.Debug|x86.Build.0 = Debug|Any CPU
		{5C674C8A-D3E1-E483-7C66-DF9FAE2C76F8}.Release|Any CPU.ActiveCfg = Release|Any CPU
		{5C674C8A-D3E1-E483-7C66-DF9FAE2C76F8}.Release|Any CPU.Build.0 = Release|Any CPU
		{5C674C8A-D3E1-E483-7C66-DF9FAE2C76F8}.Release|x64.ActiveCfg = Release|Any CPU
		{5C674C8A-D3E1-E483-7C66-DF9FAE2C76F8}.Release|x64.Build.0 = Release|Any CPU
		{5C674C8A-D3E1-E483-7C66-DF9FAE2C76F8}.Release|x86.ActiveCfg = Release|Any CPU
		{5C674C8A-D3E1-E483-7C66-DF9FAE2C76F8}.Release|x86.Build.0 = Release|Any CPU
		{E513AF6C-87FE-40D9-8368-0ACD2B168DEA}.Debug|Any CPU.ActiveCfg = Debug|Any CPU
		{E513AF6C-87FE-40D9-8368-0ACD2B168DEA}.Debug|Any CPU.Build.0 = Debug|Any CPU
		{E513AF6C-87FE-40D9-8368-0ACD2B168DEA}.Debug|Any CPU.Deploy.0 = Debug|Any CPU
		{E513AF6C-87FE-40D9-8368-0ACD2B168DEA}.Debug|x64.ActiveCfg = Debug|Any CPU
		{E513AF6C-87FE-40D9-8368-0ACD2B168DEA}.Debug|x64.Build.0 = Debug|Any CPU
		{E513AF6C-87FE-40D9-8368-0ACD2B168DEA}.Debug|x86.ActiveCfg = Debug|Any CPU
		{E513AF6C-87FE-40D9-8368-0ACD2B168DEA}.Debug|x86.Build.0 = Debug|Any CPU
		{E513AF6C-87FE-40D9-8368-0ACD2B168DEA}.Release|Any CPU.ActiveCfg = Release|Any CPU
		{E513AF6C-87FE-40D9-8368-0ACD2B168DEA}.Release|Any CPU.Build.0 = Release|Any CPU
		{E513AF6C-87FE-40D9-8368-0ACD2B168DEA}.Release|Any CPU.Deploy.0 = Release|Any CPU
		{E513AF6C-87FE-40D9-8368-0ACD2B168DEA}.Release|x64.ActiveCfg = Release|Any CPU
		{E513AF6C-87FE-40D9-8368-0ACD2B168DEA}.Release|x64.Build.0 = Release|Any CPU
		{E513AF6C-87FE-40D9-8368-0ACD2B168DEA}.Release|x86.ActiveCfg = Release|Any CPU
		{E513AF6C-87FE-40D9-8368-0ACD2B168DEA}.Release|x86.Build.0 = Release|Any CPU
		{E594AF13-977F-14F7-C1DE-9FBF0C1C64DB}.Debug|Any CPU.ActiveCfg = Debug|Any CPU
		{E594AF13-977F-14F7-C1DE-9FBF0C1C64DB}.Debug|Any CPU.Build.0 = Debug|Any CPU
		{E594AF13-977F-14F7-C1DE-9FBF0C1C64DB}.Debug|x64.ActiveCfg = Debug|Any CPU
		{E594AF13-977F-14F7-C1DE-9FBF0C1C64DB}.Debug|x64.Build.0 = Debug|Any CPU
		{E594AF13-977F-14F7-C1DE-9FBF0C1C64DB}.Debug|x86.ActiveCfg = Debug|Any CPU
		{E594AF13-977F-14F7-C1DE-9FBF0C1C64DB}.Debug|x86.Build.0 = Debug|Any CPU
		{E594AF13-977F-14F7-C1DE-9FBF0C1C64DB}.Release|Any CPU.ActiveCfg = Release|Any CPU
		{E594AF13-977F-14F7-C1DE-9FBF0C1C64DB}.Release|Any CPU.Build.0 = Release|Any CPU
		{E594AF13-977F-14F7-C1DE-9FBF0C1C64DB}.Release|x64.ActiveCfg = Release|Any CPU
		{E594AF13-977F-14F7-C1DE-9FBF0C1C64DB}.Release|x64.Build.0 = Release|Any CPU
		{E594AF13-977F-14F7-C1DE-9FBF0C1C64DB}.Release|x86.ActiveCfg = Release|Any CPU
		{E594AF13-977F-14F7-C1DE-9FBF0C1C64DB}.Release|x86.Build.0 = Release|Any CPU
		{BD1F8E1D-51CF-B006-D8FB-EE16F7E5B9B2}.Debug|Any CPU.ActiveCfg = Debug|Any CPU
		{BD1F8E1D-51CF-B006-D8FB-EE16F7E5B9B2}.Debug|Any CPU.Build.0 = Debug|Any CPU
		{BD1F8E1D-51CF-B006-D8FB-EE16F7E5B9B2}.Debug|x64.ActiveCfg = Debug|Any CPU
		{BD1F8E1D-51CF-B006-D8FB-EE16F7E5B9B2}.Debug|x64.Build.0 = Debug|Any CPU
		{BD1F8E1D-51CF-B006-D8FB-EE16F7E5B9B2}.Debug|x86.ActiveCfg = Debug|Any CPU
		{BD1F8E1D-51CF-B006-D8FB-EE16F7E5B9B2}.Debug|x86.Build.0 = Debug|Any CPU
		{BD1F8E1D-51CF-B006-D8FB-EE16F7E5B9B2}.Release|Any CPU.ActiveCfg = Release|Any CPU
		{BD1F8E1D-51CF-B006-D8FB-EE16F7E5B9B2}.Release|Any CPU.Build.0 = Release|Any CPU
		{BD1F8E1D-51CF-B006-D8FB-EE16F7E5B9B2}.Release|x64.ActiveCfg = Release|Any CPU
		{BD1F8E1D-51CF-B006-D8FB-EE16F7E5B9B2}.Release|x64.Build.0 = Release|Any CPU
		{BD1F8E1D-51CF-B006-D8FB-EE16F7E5B9B2}.Release|x86.ActiveCfg = Release|Any CPU
		{BD1F8E1D-51CF-B006-D8FB-EE16F7E5B9B2}.Release|x86.Build.0 = Release|Any CPU
		{C0A05B98-E39B-146C-64CE-CDD3690E5626}.Debug|Any CPU.ActiveCfg = Debug|Any CPU
		{C0A05B98-E39B-146C-64CE-CDD3690E5626}.Debug|Any CPU.Build.0 = Debug|Any CPU
		{C0A05B98-E39B-146C-64CE-CDD3690E5626}.Debug|x64.ActiveCfg = Debug|Any CPU
		{C0A05B98-E39B-146C-64CE-CDD3690E5626}.Debug|x64.Build.0 = Debug|Any CPU
		{C0A05B98-E39B-146C-64CE-CDD3690E5626}.Debug|x86.ActiveCfg = Debug|Any CPU
		{C0A05B98-E39B-146C-64CE-CDD3690E5626}.Debug|x86.Build.0 = Debug|Any CPU
		{C0A05B98-E39B-146C-64CE-CDD3690E5626}.Release|Any CPU.ActiveCfg = Release|Any CPU
		{C0A05B98-E39B-146C-64CE-CDD3690E5626}.Release|Any CPU.Build.0 = Release|Any CPU
		{C0A05B98-E39B-146C-64CE-CDD3690E5626}.Release|x64.ActiveCfg = Release|Any CPU
		{C0A05B98-E39B-146C-64CE-CDD3690E5626}.Release|x64.Build.0 = Release|Any CPU
		{C0A05B98-E39B-146C-64CE-CDD3690E5626}.Release|x86.ActiveCfg = Release|Any CPU
		{C0A05B98-E39B-146C-64CE-CDD3690E5626}.Release|x86.Build.0 = Release|Any CPU
		{0958216F-92D8-8B50-CCAA-498313EBB9F3}.Debug|Any CPU.ActiveCfg = Debug|Any CPU
		{0958216F-92D8-8B50-CCAA-498313EBB9F3}.Debug|Any CPU.Build.0 = Debug|Any CPU
		{0958216F-92D8-8B50-CCAA-498313EBB9F3}.Debug|x64.ActiveCfg = Debug|Any CPU
		{0958216F-92D8-8B50-CCAA-498313EBB9F3}.Debug|x64.Build.0 = Debug|Any CPU
		{0958216F-92D8-8B50-CCAA-498313EBB9F3}.Debug|x86.ActiveCfg = Debug|Any CPU
		{0958216F-92D8-8B50-CCAA-498313EBB9F3}.Debug|x86.Build.0 = Debug|Any CPU
		{0958216F-92D8-8B50-CCAA-498313EBB9F3}.Release|Any CPU.ActiveCfg = Release|Any CPU
		{0958216F-92D8-8B50-CCAA-498313EBB9F3}.Release|Any CPU.Build.0 = Release|Any CPU
		{0958216F-92D8-8B50-CCAA-498313EBB9F3}.Release|x64.ActiveCfg = Release|Any CPU
		{0958216F-92D8-8B50-CCAA-498313EBB9F3}.Release|x64.Build.0 = Release|Any CPU
		{0958216F-92D8-8B50-CCAA-498313EBB9F3}.Release|x86.ActiveCfg = Release|Any CPU
		{0958216F-92D8-8B50-CCAA-498313EBB9F3}.Release|x86.Build.0 = Release|Any CPU
		{C36DAD5F-84FA-56BA-F276-69FE42A05DFD}.Debug|Any CPU.ActiveCfg = Debug|Any CPU
		{C36DAD5F-84FA-56BA-F276-69FE42A05DFD}.Debug|Any CPU.Build.0 = Debug|Any CPU
		{C36DAD5F-84FA-56BA-F276-69FE42A05DFD}.Debug|x64.ActiveCfg = Debug|Any CPU
		{C36DAD5F-84FA-56BA-F276-69FE42A05DFD}.Debug|x64.Build.0 = Debug|Any CPU
		{C36DAD5F-84FA-56BA-F276-69FE42A05DFD}.Debug|x86.ActiveCfg = Debug|Any CPU
		{C36DAD5F-84FA-56BA-F276-69FE42A05DFD}.Debug|x86.Build.0 = Debug|Any CPU
		{C36DAD5F-84FA-56BA-F276-69FE42A05DFD}.Release|Any CPU.ActiveCfg = Release|Any CPU
		{C36DAD5F-84FA-56BA-F276-69FE42A05DFD}.Release|Any CPU.Build.0 = Release|Any CPU
		{C36DAD5F-84FA-56BA-F276-69FE42A05DFD}.Release|x64.ActiveCfg = Release|Any CPU
		{C36DAD5F-84FA-56BA-F276-69FE42A05DFD}.Release|x64.Build.0 = Release|Any CPU
		{C36DAD5F-84FA-56BA-F276-69FE42A05DFD}.Release|x86.ActiveCfg = Release|Any CPU
		{C36DAD5F-84FA-56BA-F276-69FE42A05DFD}.Release|x86.Build.0 = Release|Any CPU
		{489C606B-81BD-CEEC-579B-839FEFB45559}.Debug|Any CPU.ActiveCfg = Debug|Any CPU
		{489C606B-81BD-CEEC-579B-839FEFB45559}.Debug|Any CPU.Build.0 = Debug|Any CPU
		{489C606B-81BD-CEEC-579B-839FEFB45559}.Debug|Any CPU.Deploy.0 = Debug|Any CPU
		{489C606B-81BD-CEEC-579B-839FEFB45559}.Debug|x64.ActiveCfg = Debug|Any CPU
		{489C606B-81BD-CEEC-579B-839FEFB45559}.Debug|x64.Build.0 = Debug|Any CPU
		{489C606B-81BD-CEEC-579B-839FEFB45559}.Debug|x64.Deploy.0 = Debug|Any CPU
		{489C606B-81BD-CEEC-579B-839FEFB45559}.Debug|x86.ActiveCfg = Debug|Any CPU
		{489C606B-81BD-CEEC-579B-839FEFB45559}.Debug|x86.Build.0 = Debug|Any CPU
		{489C606B-81BD-CEEC-579B-839FEFB45559}.Debug|x86.Deploy.0 = Debug|Any CPU
		{489C606B-81BD-CEEC-579B-839FEFB45559}.Release|Any CPU.ActiveCfg = Release|Any CPU
		{489C606B-81BD-CEEC-579B-839FEFB45559}.Release|Any CPU.Build.0 = Release|Any CPU
		{489C606B-81BD-CEEC-579B-839FEFB45559}.Release|Any CPU.Deploy.0 = Release|Any CPU
		{489C606B-81BD-CEEC-579B-839FEFB45559}.Release|x64.ActiveCfg = Release|Any CPU
		{489C606B-81BD-CEEC-579B-839FEFB45559}.Release|x64.Build.0 = Release|Any CPU
		{489C606B-81BD-CEEC-579B-839FEFB45559}.Release|x64.Deploy.0 = Release|Any CPU
		{489C606B-81BD-CEEC-579B-839FEFB45559}.Release|x86.ActiveCfg = Release|Any CPU
		{489C606B-81BD-CEEC-579B-839FEFB45559}.Release|x86.Build.0 = Release|Any CPU
		{489C606B-81BD-CEEC-579B-839FEFB45559}.Release|x86.Deploy.0 = Release|Any CPU
		{6024D085-B019-FE82-84CE-4118B8032038}.Debug|Any CPU.ActiveCfg = Debug|Any CPU
		{6024D085-B019-FE82-84CE-4118B8032038}.Debug|Any CPU.Build.0 = Debug|Any CPU
		{6024D085-B019-FE82-84CE-4118B8032038}.Debug|x64.ActiveCfg = Debug|Any CPU
		{6024D085-B019-FE82-84CE-4118B8032038}.Debug|x64.Build.0 = Debug|Any CPU
		{6024D085-B019-FE82-84CE-4118B8032038}.Debug|x86.ActiveCfg = Debug|Any CPU
		{6024D085-B019-FE82-84CE-4118B8032038}.Debug|x86.Build.0 = Debug|Any CPU
		{6024D085-B019-FE82-84CE-4118B8032038}.Release|Any CPU.ActiveCfg = Release|Any CPU
		{6024D085-B019-FE82-84CE-4118B8032038}.Release|Any CPU.Build.0 = Release|Any CPU
		{6024D085-B019-FE82-84CE-4118B8032038}.Release|x64.ActiveCfg = Release|Any CPU
		{6024D085-B019-FE82-84CE-4118B8032038}.Release|x64.Build.0 = Release|Any CPU
		{6024D085-B019-FE82-84CE-4118B8032038}.Release|x86.ActiveCfg = Release|Any CPU
		{6024D085-B019-FE82-84CE-4118B8032038}.Release|x86.Build.0 = Release|Any CPU
		{31A25911-ED7D-C151-5A06-DA374935BCEA}.Debug|Any CPU.ActiveCfg = Debug|Any CPU
		{31A25911-ED7D-C151-5A06-DA374935BCEA}.Debug|Any CPU.Build.0 = Debug|Any CPU
		{31A25911-ED7D-C151-5A06-DA374935BCEA}.Debug|x64.ActiveCfg = Debug|Any CPU
		{31A25911-ED7D-C151-5A06-DA374935BCEA}.Debug|x64.Build.0 = Debug|Any CPU
		{31A25911-ED7D-C151-5A06-DA374935BCEA}.Debug|x86.ActiveCfg = Debug|Any CPU
		{31A25911-ED7D-C151-5A06-DA374935BCEA}.Debug|x86.Build.0 = Debug|Any CPU
		{31A25911-ED7D-C151-5A06-DA374935BCEA}.Release|Any CPU.ActiveCfg = Release|Any CPU
		{31A25911-ED7D-C151-5A06-DA374935BCEA}.Release|Any CPU.Build.0 = Release|Any CPU
		{31A25911-ED7D-C151-5A06-DA374935BCEA}.Release|x64.ActiveCfg = Release|Any CPU
		{31A25911-ED7D-C151-5A06-DA374935BCEA}.Release|x64.Build.0 = Release|Any CPU
		{31A25911-ED7D-C151-5A06-DA374935BCEA}.Release|x86.ActiveCfg = Release|Any CPU
		{31A25911-ED7D-C151-5A06-DA374935BCEA}.Release|x86.Build.0 = Release|Any CPU
		{DB91A499-933A-5733-84F8-D7FCF2B3E94B}.Debug|Any CPU.ActiveCfg = Debug|Any CPU
		{DB91A499-933A-5733-84F8-D7FCF2B3E94B}.Debug|Any CPU.Build.0 = Debug|Any CPU
		{DB91A499-933A-5733-84F8-D7FCF2B3E94B}.Debug|x64.ActiveCfg = Debug|Any CPU
		{DB91A499-933A-5733-84F8-D7FCF2B3E94B}.Debug|x64.Build.0 = Debug|Any CPU
		{DB91A499-933A-5733-84F8-D7FCF2B3E94B}.Debug|x86.ActiveCfg = Debug|Any CPU
		{DB91A499-933A-5733-84F8-D7FCF2B3E94B}.Debug|x86.Build.0 = Debug|Any CPU
		{DB91A499-933A-5733-84F8-D7FCF2B3E94B}.Release|Any CPU.ActiveCfg = Release|Any CPU
		{DB91A499-933A-5733-84F8-D7FCF2B3E94B}.Release|Any CPU.Build.0 = Release|Any CPU
		{DB91A499-933A-5733-84F8-D7FCF2B3E94B}.Release|x64.ActiveCfg = Release|Any CPU
		{DB91A499-933A-5733-84F8-D7FCF2B3E94B}.Release|x64.Build.0 = Release|Any CPU
		{DB91A499-933A-5733-84F8-D7FCF2B3E94B}.Release|x86.ActiveCfg = Release|Any CPU
		{DB91A499-933A-5733-84F8-D7FCF2B3E94B}.Release|x86.Build.0 = Release|Any CPU
		{14BAE193-665F-8974-18B9-9670E04BE371}.Debug|Any CPU.ActiveCfg = Debug|Any CPU
		{14BAE193-665F-8974-18B9-9670E04BE371}.Debug|Any CPU.Build.0 = Debug|Any CPU
		{14BAE193-665F-8974-18B9-9670E04BE371}.Debug|x64.ActiveCfg = Debug|Any CPU
		{14BAE193-665F-8974-18B9-9670E04BE371}.Debug|x64.Build.0 = Debug|Any CPU
		{14BAE193-665F-8974-18B9-9670E04BE371}.Debug|x86.ActiveCfg = Debug|Any CPU
		{14BAE193-665F-8974-18B9-9670E04BE371}.Debug|x86.Build.0 = Debug|Any CPU
		{14BAE193-665F-8974-18B9-9670E04BE371}.Release|Any CPU.ActiveCfg = Release|Any CPU
		{14BAE193-665F-8974-18B9-9670E04BE371}.Release|Any CPU.Build.0 = Release|Any CPU
		{14BAE193-665F-8974-18B9-9670E04BE371}.Release|x64.ActiveCfg = Release|Any CPU
		{14BAE193-665F-8974-18B9-9670E04BE371}.Release|x64.Build.0 = Release|Any CPU
		{14BAE193-665F-8974-18B9-9670E04BE371}.Release|x86.ActiveCfg = Release|Any CPU
		{14BAE193-665F-8974-18B9-9670E04BE371}.Release|x86.Build.0 = Release|Any CPU
		{9A7D5E03-EC39-CA4A-7EAC-8306350A5871}.Debug|Any CPU.ActiveCfg = Debug|Any CPU
		{9A7D5E03-EC39-CA4A-7EAC-8306350A5871}.Debug|Any CPU.Build.0 = Debug|Any CPU
		{9A7D5E03-EC39-CA4A-7EAC-8306350A5871}.Debug|x64.ActiveCfg = Debug|Any CPU
		{9A7D5E03-EC39-CA4A-7EAC-8306350A5871}.Debug|x64.Build.0 = Debug|Any CPU
		{9A7D5E03-EC39-CA4A-7EAC-8306350A5871}.Debug|x86.ActiveCfg = Debug|Any CPU
		{9A7D5E03-EC39-CA4A-7EAC-8306350A5871}.Debug|x86.Build.0 = Debug|Any CPU
		{9A7D5E03-EC39-CA4A-7EAC-8306350A5871}.Release|Any CPU.ActiveCfg = Release|Any CPU
		{9A7D5E03-EC39-CA4A-7EAC-8306350A5871}.Release|Any CPU.Build.0 = Release|Any CPU
		{9A7D5E03-EC39-CA4A-7EAC-8306350A5871}.Release|x64.ActiveCfg = Release|Any CPU
		{9A7D5E03-EC39-CA4A-7EAC-8306350A5871}.Release|x64.Build.0 = Release|Any CPU
		{9A7D5E03-EC39-CA4A-7EAC-8306350A5871}.Release|x86.ActiveCfg = Release|Any CPU
		{9A7D5E03-EC39-CA4A-7EAC-8306350A5871}.Release|x86.Build.0 = Release|Any CPU
		{11023117-A037-FD4F-2819-1BEC9A8BCDA3}.Debug|Any CPU.ActiveCfg = Debug|Any CPU
		{11023117-A037-FD4F-2819-1BEC9A8BCDA3}.Debug|Any CPU.Build.0 = Debug|Any CPU
		{11023117-A037-FD4F-2819-1BEC9A8BCDA3}.Debug|x64.ActiveCfg = Debug|Any CPU
		{11023117-A037-FD4F-2819-1BEC9A8BCDA3}.Debug|x64.Build.0 = Debug|Any CPU
		{11023117-A037-FD4F-2819-1BEC9A8BCDA3}.Debug|x86.ActiveCfg = Debug|Any CPU
		{11023117-A037-FD4F-2819-1BEC9A8BCDA3}.Debug|x86.Build.0 = Debug|Any CPU
		{11023117-A037-FD4F-2819-1BEC9A8BCDA3}.Release|Any CPU.ActiveCfg = Release|Any CPU
		{11023117-A037-FD4F-2819-1BEC9A8BCDA3}.Release|Any CPU.Build.0 = Release|Any CPU
		{11023117-A037-FD4F-2819-1BEC9A8BCDA3}.Release|x64.ActiveCfg = Release|Any CPU
		{11023117-A037-FD4F-2819-1BEC9A8BCDA3}.Release|x64.Build.0 = Release|Any CPU
		{11023117-A037-FD4F-2819-1BEC9A8BCDA3}.Release|x86.ActiveCfg = Release|Any CPU
		{11023117-A037-FD4F-2819-1BEC9A8BCDA3}.Release|x86.Build.0 = Release|Any CPU
		{36FB74FE-D204-2083-BD77-99B922ACF033}.Debug|Any CPU.ActiveCfg = Debug|Any CPU
		{36FB74FE-D204-2083-BD77-99B922ACF033}.Debug|Any CPU.Build.0 = Debug|Any CPU
		{36FB74FE-D204-2083-BD77-99B922ACF033}.Debug|Any CPU.Deploy.0 = Debug|Any CPU
		{36FB74FE-D204-2083-BD77-99B922ACF033}.Debug|x64.ActiveCfg = Debug|Any CPU
		{36FB74FE-D204-2083-BD77-99B922ACF033}.Debug|x64.Build.0 = Debug|Any CPU
		{36FB74FE-D204-2083-BD77-99B922ACF033}.Debug|x64.Deploy.0 = Debug|Any CPU
		{36FB74FE-D204-2083-BD77-99B922ACF033}.Debug|x86.ActiveCfg = Debug|Any CPU
		{36FB74FE-D204-2083-BD77-99B922ACF033}.Debug|x86.Build.0 = Debug|Any CPU
		{36FB74FE-D204-2083-BD77-99B922ACF033}.Debug|x86.Deploy.0 = Debug|Any CPU
		{36FB74FE-D204-2083-BD77-99B922ACF033}.Release|Any CPU.ActiveCfg = Release|Any CPU
		{36FB74FE-D204-2083-BD77-99B922ACF033}.Release|Any CPU.Build.0 = Release|Any CPU
		{36FB74FE-D204-2083-BD77-99B922ACF033}.Release|Any CPU.Deploy.0 = Release|Any CPU
		{36FB74FE-D204-2083-BD77-99B922ACF033}.Release|x64.ActiveCfg = Release|Any CPU
		{36FB74FE-D204-2083-BD77-99B922ACF033}.Release|x64.Build.0 = Release|Any CPU
		{36FB74FE-D204-2083-BD77-99B922ACF033}.Release|x64.Deploy.0 = Release|Any CPU
		{36FB74FE-D204-2083-BD77-99B922ACF033}.Release|x86.ActiveCfg = Release|Any CPU
		{36FB74FE-D204-2083-BD77-99B922ACF033}.Release|x86.Build.0 = Release|Any CPU
		{36FB74FE-D204-2083-BD77-99B922ACF033}.Release|x86.Deploy.0 = Release|Any CPU
		{2B0F6017-F070-4C86-9640-DAD5D346E91E}.Debug|Any CPU.ActiveCfg = Debug|Any CPU
		{2B0F6017-F070-4C86-9640-DAD5D346E91E}.Debug|Any CPU.Build.0 = Debug|Any CPU
		{2B0F6017-F070-4C86-9640-DAD5D346E91E}.Debug|x64.ActiveCfg = Debug|Any CPU
		{2B0F6017-F070-4C86-9640-DAD5D346E91E}.Debug|x64.Build.0 = Debug|Any CPU
		{2B0F6017-F070-4C86-9640-DAD5D346E91E}.Debug|x86.ActiveCfg = Debug|Any CPU
		{2B0F6017-F070-4C86-9640-DAD5D346E91E}.Debug|x86.Build.0 = Debug|Any CPU
		{2B0F6017-F070-4C86-9640-DAD5D346E91E}.Release|Any CPU.ActiveCfg = Release|Any CPU
		{2B0F6017-F070-4C86-9640-DAD5D346E91E}.Release|Any CPU.Build.0 = Release|Any CPU
		{2B0F6017-F070-4C86-9640-DAD5D346E91E}.Release|x64.ActiveCfg = Release|Any CPU
		{2B0F6017-F070-4C86-9640-DAD5D346E91E}.Release|x64.Build.0 = Release|Any CPU
		{2B0F6017-F070-4C86-9640-DAD5D346E91E}.Release|x86.ActiveCfg = Release|Any CPU
		{2B0F6017-F070-4C86-9640-DAD5D346E91E}.Release|x86.Build.0 = Release|Any CPU
	EndGlobalSection
	GlobalSection(SolutionProperties) = preSolution
		HideSolutionNode = FALSE
	EndGlobalSection
	GlobalSection(NestedProjects) = preSolution
		{2C069A97-B297-45B7-B12E-EB701CF75079} = {02EA681E-C7D8-13C7-8484-4AC65E1B71E8}
		{8DC6EFB3-D16F-4195-A30B-9D3167173334} = {7BFB2A93-A2B0-46CD-9F91-75C9AD02BC2C}
		{E98C2CD1-26CB-4953-811D-497C3BCF593B} = {02EA681E-C7D8-13C7-8484-4AC65E1B71E8}
		{356984FA-9B41-4CF9-A949-EFF40E87A3BA} = {02EA681E-C7D8-13C7-8484-4AC65E1B71E8}
		{CA528DBD-57B1-46C3-8A77-5C6570091310} = {7BFB2A93-A2B0-46CD-9F91-75C9AD02BC2C}
		{7E526589-0AEF-4FB0-A06B-A376460373D7} = {88E06BD8-7F92-4F37-862D-6E7A3937870F}
		{5D0EEDC4-B12F-456E-9FFE-5CF877CCDA10} = {7BFB2A93-A2B0-46CD-9F91-75C9AD02BC2C}
		{794E82EF-349A-4D77-898B-F493DAD8B6CD} = {2A337194-9B49-45D1-AF1E-3EE7E96E3DDB}
		{1592CF3C-8C3C-43E5-AD1C-323E11FCEBE7} = {2A337194-9B49-45D1-AF1E-3EE7E96E3DDB}
		{34736B3C-2F68-4D5B-A861-CB7841CC2D33} = {588B8AE4-0A65-4ADD-A0F1-5F608420F380}
		{A2E42FBD-E194-43C8-943B-83A451F79A74} = {34736B3C-2F68-4D5B-A861-CB7841CC2D33}
		{9FB5B09F-CCD7-4100-9281-72019A436F4C} = {34736B3C-2F68-4D5B-A861-CB7841CC2D33}
		{6D5FEDEF-ABDE-4997-AF9B-F518248A1D54} = {B2DA0B4B-C331-4892-8F65-97836D640C18}
		{6AE2A488-D3E2-49E4-9BA0-0C6CDF0CCF37} = {EE5B590F-7EE8-47E5-A1D2-51FC9B65CBF3}
		{2B3FD36D-7018-4C0E-86B8-9B1A0E2FDEAB} = {FD4178C7-EF21-4AB7-88C0-FA056CA736A1}
		{FD4178C7-EF21-4AB7-88C0-FA056CA736A1} = {588B8AE4-0A65-4ADD-A0F1-5F608420F380}
		{C9200A82-18C6-45BC-833A-4C11F211C7D5} = {FD4178C7-EF21-4AB7-88C0-FA056CA736A1}
		{9CE430A9-546C-414A-8F32-2C3DB859A20C} = {34736B3C-2F68-4D5B-A861-CB7841CC2D33}
		{4ACFB966-0500-4D1B-94A9-15FA02F3B031} = {EE5B590F-7EE8-47E5-A1D2-51FC9B65CBF3}
		{F6DEC455-F76F-4606-AB94-686A8C67CBFB} = {EE5B590F-7EE8-47E5-A1D2-51FC9B65CBF3}
		{7E12CDBC-8F6E-4BBD-A475-22C75E798D7B} = {F3864FD1-A95F-4693-BA3C-975F86A0006D}
		{B295F213-A03E-4E64-9C28-7BEBF3E3678E} = {B2DA0B4B-C331-4892-8F65-97836D640C18}
		{C9866A7C-377A-4437-B452-1BB3CB5E07FD} = {EE5B590F-7EE8-47E5-A1D2-51FC9B65CBF3}
		{03DF54EE-A18F-4A1D-916C-400E10B61031} = {EE5B590F-7EE8-47E5-A1D2-51FC9B65CBF3}
		{33A1F310-C0E0-4900-AA80-4C1D46CB519C} = {88E06BD8-7F92-4F37-862D-6E7A3937870F}
		{C3C7A156-5D7C-4122-BA7A-FEEC6B14164C} = {88E06BD8-7F92-4F37-862D-6E7A3937870F}
		{8296741E-16BF-41EE-BB7E-9928E9C25D52} = {88E06BD8-7F92-4F37-862D-6E7A3937870F}
		{8E583A43-3689-4176-BDC0-4045E75FAF3B} = {E103A06A-C6AE-4F91-8AF5-70E4DC14CAF1}
		{B9FA5E2B-B90B-4781-BE30-CD5DE0FE4077} = {B2DA0B4B-C331-4892-8F65-97836D640C18}
		{CFB1DD90-926B-4D26-82A5-50A405988B2B} = {7BFB2A93-A2B0-46CD-9F91-75C9AD02BC2C}
		{C1985E7A-13A1-4026-9AA1-9D72EFD1FC47} = {F3864FD1-A95F-4693-BA3C-975F86A0006D}
		{E07EC20F-A62B-42B3-B6BD-614D39E82C98} = {B2DA0B4B-C331-4892-8F65-97836D640C18}
		{7360CC13-18EF-4426-BE52-B45DC55F0FDE} = {B2DA0B4B-C331-4892-8F65-97836D640C18}
		{5F3E529F-56F1-436E-B961-E2C01D9C910C} = {B2DA0B4B-C331-4892-8F65-97836D640C18}
		{5DB2F88A-E50C-486C-A161-4CAF8D97F84F} = {B2DA0B4B-C331-4892-8F65-97836D640C18}
		{E1FFF0DC-5630-4609-A7A4-D2C5B37A0403} = {B2DA0B4B-C331-4892-8F65-97836D640C18}
		{1BE9055D-C4D7-470E-BA58-34CF94A81CB2} = {2A337194-9B49-45D1-AF1E-3EE7E96E3DDB}
		{3F6DB598-E78E-416A-A835-B6D4EBBDCF78} = {B2DA0B4B-C331-4892-8F65-97836D640C18}
		{6628183F-530D-4B81-A07B-DEAD3652E7EB} = {EE5B590F-7EE8-47E5-A1D2-51FC9B65CBF3}
		{F7CC284C-E008-4981-89E0-38C5CA6DE457} = {7BFB2A93-A2B0-46CD-9F91-75C9AD02BC2C}
		{7832A229-654E-42BF-8BC9-B6DE0447B34C} = {F3864FD1-A95F-4693-BA3C-975F86A0006D}
		{2EA9901A-84E6-438A-B914-2E9D6FA7A88A} = {7BFB2A93-A2B0-46CD-9F91-75C9AD02BC2C}
		{86A86ACB-9455-7F7B-0AD0-96E9D7E08433} = {7BFB2A93-A2B0-46CD-9F91-75C9AD02BC2C}
		{B1683B7B-2D76-434B-A282-7ECBF5775FA6} = {7BFB2A93-A2B0-46CD-9F91-75C9AD02BC2C}
		{3A623A02-A273-4810-95FA-A06E50B4CE69} = {EE5B590F-7EE8-47E5-A1D2-51FC9B65CBF3}
		{1D3F95F2-1686-3CA4-C2A7-417923FAE332} = {7BFB2A93-A2B0-46CD-9F91-75C9AD02BC2C}
		{F4A8855B-1C42-52F2-3585-B73BF6F203DC} = {E103A06A-C6AE-4F91-8AF5-70E4DC14CAF1}
		{F31890EA-1EBC-F7BB-93C6-A7A4027892E9} = {E103A06A-C6AE-4F91-8AF5-70E4DC14CAF1}
		{D18AD593-330E-1AB3-C204-024C8DBA7E67} = {E103A06A-C6AE-4F91-8AF5-70E4DC14CAF1}
		{5060E62F-EF73-BEBD-9571-2BC02ECF7D39} = {7BFB2A93-A2B0-46CD-9F91-75C9AD02BC2C}
		{88086361-60D6-0DAC-BE8E-98811B4BB710} = {F3864FD1-A95F-4693-BA3C-975F86A0006D}
		{0E89A44E-EBBB-807B-80B3-1C4A65972E8C} = {98457A4D-8943-4197-A947-4155D50F535D}
		{617CE44F-4CF5-4800-951E-FB030D5600FF} = {F3864FD1-A95F-4693-BA3C-975F86A0006D}
		{6CAD5924-49DC-4F53-BE0E-F567DFB4967D} = {98457A4D-8943-4197-A947-4155D50F535D}
		{A58ED6C4-EF9B-480C-89DE-C8C7F3D9D780} = {98457A4D-8943-4197-A947-4155D50F535D}
		{D9AD0030-A89F-4C76-9AE9-6F90FBFC2BAD} = {98457A4D-8943-4197-A947-4155D50F535D}
		{A00C872D-76D1-BEF0-7CE7-F956D2063873} = {EE5B590F-7EE8-47E5-A1D2-51FC9B65CBF3}
		{EE065681-A0E8-8CB3-B951-380B97452DE4} = {F3864FD1-A95F-4693-BA3C-975F86A0006D}
		{5C674C8A-D3E1-E483-7C66-DF9FAE2C76F8} = {F3864FD1-A95F-4693-BA3C-975F86A0006D}
		{E594AF13-977F-14F7-C1DE-9FBF0C1C64DB} = {369DD809-2B5D-4336-8765-FE2C837A7B72}
		{BD1F8E1D-51CF-B006-D8FB-EE16F7E5B9B2} = {369DD809-2B5D-4336-8765-FE2C837A7B72}
		{C0A05B98-E39B-146C-64CE-CDD3690E5626} = {369DD809-2B5D-4336-8765-FE2C837A7B72}
		{0958216F-92D8-8B50-CCAA-498313EBB9F3} = {369DD809-2B5D-4336-8765-FE2C837A7B72}
		{C36DAD5F-84FA-56BA-F276-69FE42A05DFD} = {369DD809-2B5D-4336-8765-FE2C837A7B72}
		{2A337194-9B49-45D1-AF1E-3EE7E96E3DDB} = {588B8AE4-0A65-4ADD-A0F1-5F608420F380}
		{46CC22F7-E000-498C-AABE-DD80911BCAB5} = {588B8AE4-0A65-4ADD-A0F1-5F608420F380}
		{489C606B-81BD-CEEC-579B-839FEFB45559} = {46CC22F7-E000-498C-AABE-DD80911BCAB5}
		{6024D085-B019-FE82-84CE-4118B8032038} = {46CC22F7-E000-498C-AABE-DD80911BCAB5}
		{31A25911-ED7D-C151-5A06-DA374935BCEA} = {46CC22F7-E000-498C-AABE-DD80911BCAB5}
		{EB29D575-8E81-4EFA-815A-0EF90A290E4A} = {588B8AE4-0A65-4ADD-A0F1-5F608420F380}
		{DB91A499-933A-5733-84F8-D7FCF2B3E94B} = {EB29D575-8E81-4EFA-815A-0EF90A290E4A}
		{14BAE193-665F-8974-18B9-9670E04BE371} = {EB29D575-8E81-4EFA-815A-0EF90A290E4A}
		{9A7D5E03-EC39-CA4A-7EAC-8306350A5871} = {EB29D575-8E81-4EFA-815A-0EF90A290E4A}
		{11023117-A037-FD4F-2819-1BEC9A8BCDA3} = {EB29D575-8E81-4EFA-815A-0EF90A290E4A}
		{36FB74FE-D204-2083-BD77-99B922ACF033} = {EB29D575-8E81-4EFA-815A-0EF90A290E4A}
		{2B0F6017-F070-4C86-9640-DAD5D346E91E} = {EB29D575-8E81-4EFA-815A-0EF90A290E4A}
	EndGlobalSection
	GlobalSection(ExtensibilityGlobals) = postSolution
		SolutionGuid = {64464076-9137-4F9B-A685-E1FC99778638}
	EndGlobalSection
EndGlobal
